
Microsoft Visual Studio Solution File, Format Version 12.00
# Visual Studio Version 17
VisualStudioVersion = 17.0.31919.166
MinimumVisualStudioVersion = 10.0.40219.1
Project("{9A19103F-16F7-4668-BE54-9A1E7A4F7556}") = "CommunityToolkit.Labs.WinUI.ProjectTemplate", "src\CommunityToolkit.Labs.WinUI.ProjectTemplate.csproj", "{2AB4591A-6877-487A-9733-0F06771832FF}"
EndProject
Project("{FAE04EC0-301F-11D3-BF4B-00C04F79EFBC}") = "ProjectTemplate.Uwp", "samples\ProjectTemplate.Uwp\ProjectTemplate.Uwp.csproj", "{3BAAC2DA-7124-460E-A9A9-13138843CD57}"
EndProject
Project("{9A19103F-16F7-4668-BE54-9A1E7A4F7556}") = "ProjectTemplate.Wasm", "samples\ProjectTemplate.Wasm\ProjectTemplate.Wasm.csproj", "{6DC6B31C-D03C-4E53-A1A5-CAF51227440B}"
EndProject
Project("{9A19103F-16F7-4668-BE54-9A1E7A4F7556}") = "ProjectTemplate.Sample", "samples\ProjectTemplate.Sample\ProjectTemplate.Sample.csproj", "{E648080E-263D-4920-9B3D-2F6BF541586C}"
EndProject
Project("{2150E333-8FDC-42A3-9474-1A3956D46DE8}") = "Platforms", "Platforms", "{ACD20BEE-45EF-4CAB-BA06-40F38A0C98EA}"
EndProject
Project("{9A19103F-16F7-4668-BE54-9A1E7A4F7556}") = "ProjectTemplate.WinAppSdk", "samples\ProjectTemplate.WinAppSdk\ProjectTemplate.WinAppSdk.csproj", "{70DF1194-D158-473E-B350-F630231FB328}"
EndProject
Project("{9A19103F-16F7-4668-BE54-9A1E7A4F7556}") = "CommunityToolkit.Labs.Core.SourceGenerators", "..\..\common\CommunityToolkit.Labs.Core.SourceGenerators\CommunityToolkit.Labs.Core.SourceGenerators.csproj", "{42FC292E-5028-4BA9-839C-0450A34BDEC6}"
EndProject
Project("{9A19103F-16F7-4668-BE54-9A1E7A4F7556}") = "CommunityToolkit.Labs.Core.SourceGenerators.XamlNamedPropertyRelay", "..\..\common\CommunityToolkit.Labs.Core.SourceGenerators.XamlNamedPropertyRelay\CommunityToolkit.Labs.Core.SourceGenerators.XamlNamedPropertyRelay.csproj", "{B3090946-9399-43C6-AF7C-2E21F5C93935}"
EndProject
Project("{2150E333-8FDC-42A3-9474-1A3956D46DE8}") = "Tests", "Tests", "{7F03DDE8-FC53-451D-B0A4-E852EC44C0E9}"
EndProject
Project("{D954291E-2A0B-460D-934E-DC6B0785DB48}") = "ProjectTemplate.Tests", "tests\ProjectTemplate.Tests\ProjectTemplate.Tests.shproj", "{19AC7A6A-B001-45AA-ACBE-0536F688DB74}"
EndProject
Project("{9A19103F-16F7-4668-BE54-9A1E7A4F7556}") = "ProjectTemplate.UnitTests.WinAppSdk", "tests\ProjectTemplate.UnitTests.WinAppSdk\ProjectTemplate.UnitTests.WinAppSdk.csproj", "{FE390707-A244-460A-BC1C-5559038A1975}"
EndProject
Project("{FAE04EC0-301F-11D3-BF4B-00C04F79EFBC}") = "ProjectTemplate.UnitTests.Uwp", "tests\ProjectTemplate.UnitTests.Uwp\ProjectTemplate.UnitTests.Uwp.csproj", "{7134BD2E-0A74-4345-868A-E425FC452A89}"
EndProject
Project("{2150E333-8FDC-42A3-9474-1A3956D46DE8}") = "Labs Dependencies", "Labs Dependencies", "{D4DCFA4B-63B3-4D93-8C91-FBEE3B92E5A0}"
EndProject
Global
	GlobalSection(SharedMSBuildProjectFiles) = preSolution
		tests\ProjectTemplate.Tests\ProjectTemplate.Tests.projitems*{19AC7A6A-B001-45AA-ACBE-0536F688DB74}*SharedItemsImports = 13
		..\..\common\CommunityToolkit.Labs.Shared\CommunityToolkit.Labs.Shared.projitems*{3baac2da-7124-460e-a9a9-13138843cd57}*SharedItemsImports = 4
		tests\ProjectTemplate.Tests\ProjectTemplate.Tests.projitems*{FE390707-A244-460A-BC1C-5559038A1975}*SharedItemsImports = 5
		tests\ProjectTemplate.Tests\ProjectTemplate.Tests.projitems*{7134BD2E-0A74-4345-868A-E425FC452A89}*SharedItemsImports = 4
	EndGlobalSection
	GlobalSection(SolutionConfigurationPlatforms) = preSolution
		Debug|Any CPU = Debug|Any CPU
		Debug|ARM = Debug|ARM
		Debug|ARM64 = Debug|ARM64
		Debug|x64 = Debug|x64
		Debug|x86 = Debug|x86
		Release|Any CPU = Release|Any CPU
		Release|ARM = Release|ARM
		Release|ARM64 = Release|ARM64
		Release|x64 = Release|x64
		Release|x86 = Release|x86
	EndGlobalSection
	GlobalSection(ProjectConfigurationPlatforms) = postSolution
		{2AB4591A-6877-487A-9733-0F06771832FF}.Debug|Any CPU.ActiveCfg = Debug|Any CPU
		{2AB4591A-6877-487A-9733-0F06771832FF}.Debug|Any CPU.Build.0 = Debug|Any CPU
		{2AB4591A-6877-487A-9733-0F06771832FF}.Debug|ARM.ActiveCfg = Debug|Any CPU
		{2AB4591A-6877-487A-9733-0F06771832FF}.Debug|ARM.Build.0 = Debug|Any CPU
		{2AB4591A-6877-487A-9733-0F06771832FF}.Debug|ARM64.ActiveCfg = Debug|Any CPU
		{2AB4591A-6877-487A-9733-0F06771832FF}.Debug|ARM64.Build.0 = Debug|Any CPU
		{2AB4591A-6877-487A-9733-0F06771832FF}.Debug|x64.ActiveCfg = Debug|Any CPU
		{2AB4591A-6877-487A-9733-0F06771832FF}.Debug|x64.Build.0 = Debug|Any CPU
		{2AB4591A-6877-487A-9733-0F06771832FF}.Debug|x86.ActiveCfg = Debug|Any CPU
		{2AB4591A-6877-487A-9733-0F06771832FF}.Debug|x86.Build.0 = Debug|Any CPU
		{2AB4591A-6877-487A-9733-0F06771832FF}.Release|Any CPU.ActiveCfg = Release|Any CPU
		{2AB4591A-6877-487A-9733-0F06771832FF}.Release|Any CPU.Build.0 = Release|Any CPU
		{2AB4591A-6877-487A-9733-0F06771832FF}.Release|ARM.ActiveCfg = Release|Any CPU
		{2AB4591A-6877-487A-9733-0F06771832FF}.Release|ARM.Build.0 = Release|Any CPU
		{2AB4591A-6877-487A-9733-0F06771832FF}.Release|ARM64.ActiveCfg = Release|Any CPU
		{2AB4591A-6877-487A-9733-0F06771832FF}.Release|ARM64.Build.0 = Release|Any CPU
		{2AB4591A-6877-487A-9733-0F06771832FF}.Release|x64.ActiveCfg = Release|Any CPU
		{2AB4591A-6877-487A-9733-0F06771832FF}.Release|x64.Build.0 = Release|Any CPU
		{2AB4591A-6877-487A-9733-0F06771832FF}.Release|x86.ActiveCfg = Release|Any CPU
		{2AB4591A-6877-487A-9733-0F06771832FF}.Release|x86.Build.0 = Release|Any CPU
		{3BAAC2DA-7124-460E-A9A9-13138843CD57}.Debug|Any CPU.ActiveCfg = Debug|x64
		{3BAAC2DA-7124-460E-A9A9-13138843CD57}.Debug|Any CPU.Build.0 = Debug|x64
		{3BAAC2DA-7124-460E-A9A9-13138843CD57}.Debug|Any CPU.Deploy.0 = Debug|x64
		{3BAAC2DA-7124-460E-A9A9-13138843CD57}.Debug|ARM.ActiveCfg = Debug|ARM
		{3BAAC2DA-7124-460E-A9A9-13138843CD57}.Debug|ARM.Build.0 = Debug|ARM
		{3BAAC2DA-7124-460E-A9A9-13138843CD57}.Debug|ARM.Deploy.0 = Debug|ARM
		{3BAAC2DA-7124-460E-A9A9-13138843CD57}.Debug|ARM64.ActiveCfg = Debug|ARM64
		{3BAAC2DA-7124-460E-A9A9-13138843CD57}.Debug|ARM64.Build.0 = Debug|ARM64
		{3BAAC2DA-7124-460E-A9A9-13138843CD57}.Debug|ARM64.Deploy.0 = Debug|ARM64
		{3BAAC2DA-7124-460E-A9A9-13138843CD57}.Debug|x64.ActiveCfg = Debug|x64
		{3BAAC2DA-7124-460E-A9A9-13138843CD57}.Debug|x64.Build.0 = Debug|x64
		{3BAAC2DA-7124-460E-A9A9-13138843CD57}.Debug|x64.Deploy.0 = Debug|x64
		{3BAAC2DA-7124-460E-A9A9-13138843CD57}.Debug|x86.ActiveCfg = Debug|x86
		{3BAAC2DA-7124-460E-A9A9-13138843CD57}.Debug|x86.Build.0 = Debug|x86
		{3BAAC2DA-7124-460E-A9A9-13138843CD57}.Debug|x86.Deploy.0 = Debug|x86
		{3BAAC2DA-7124-460E-A9A9-13138843CD57}.Release|Any CPU.ActiveCfg = Release|x64
		{3BAAC2DA-7124-460E-A9A9-13138843CD57}.Release|Any CPU.Build.0 = Release|x64
		{3BAAC2DA-7124-460E-A9A9-13138843CD57}.Release|Any CPU.Deploy.0 = Release|x64
		{3BAAC2DA-7124-460E-A9A9-13138843CD57}.Release|ARM.ActiveCfg = Release|ARM
		{3BAAC2DA-7124-460E-A9A9-13138843CD57}.Release|ARM.Build.0 = Release|ARM
		{3BAAC2DA-7124-460E-A9A9-13138843CD57}.Release|ARM.Deploy.0 = Release|ARM
		{3BAAC2DA-7124-460E-A9A9-13138843CD57}.Release|ARM64.ActiveCfg = Release|ARM64
		{3BAAC2DA-7124-460E-A9A9-13138843CD57}.Release|ARM64.Build.0 = Release|ARM64
		{3BAAC2DA-7124-460E-A9A9-13138843CD57}.Release|ARM64.Deploy.0 = Release|ARM64
		{3BAAC2DA-7124-460E-A9A9-13138843CD57}.Release|x64.ActiveCfg = Release|x64
		{3BAAC2DA-7124-460E-A9A9-13138843CD57}.Release|x64.Build.0 = Release|x64
		{3BAAC2DA-7124-460E-A9A9-13138843CD57}.Release|x64.Deploy.0 = Release|x64
		{3BAAC2DA-7124-460E-A9A9-13138843CD57}.Release|x86.ActiveCfg = Release|x86
		{3BAAC2DA-7124-460E-A9A9-13138843CD57}.Release|x86.Build.0 = Release|x86
		{3BAAC2DA-7124-460E-A9A9-13138843CD57}.Release|x86.Deploy.0 = Release|x86
		{6DC6B31C-D03C-4E53-A1A5-CAF51227440B}.Debug|Any CPU.ActiveCfg = Debug|Any CPU
		{6DC6B31C-D03C-4E53-A1A5-CAF51227440B}.Debug|Any CPU.Build.0 = Debug|Any CPU
		{6DC6B31C-D03C-4E53-A1A5-CAF51227440B}.Debug|ARM.ActiveCfg = Debug|Any CPU
		{6DC6B31C-D03C-4E53-A1A5-CAF51227440B}.Debug|ARM.Build.0 = Debug|Any CPU
		{6DC6B31C-D03C-4E53-A1A5-CAF51227440B}.Debug|ARM64.ActiveCfg = Debug|Any CPU
		{6DC6B31C-D03C-4E53-A1A5-CAF51227440B}.Debug|ARM64.Build.0 = Debug|Any CPU
		{6DC6B31C-D03C-4E53-A1A5-CAF51227440B}.Debug|x64.ActiveCfg = Debug|Any CPU
		{6DC6B31C-D03C-4E53-A1A5-CAF51227440B}.Debug|x64.Build.0 = Debug|Any CPU
		{6DC6B31C-D03C-4E53-A1A5-CAF51227440B}.Debug|x86.ActiveCfg = Debug|Any CPU
		{6DC6B31C-D03C-4E53-A1A5-CAF51227440B}.Debug|x86.Build.0 = Debug|Any CPU
		{6DC6B31C-D03C-4E53-A1A5-CAF51227440B}.Release|Any CPU.ActiveCfg = Release|Any CPU
		{6DC6B31C-D03C-4E53-A1A5-CAF51227440B}.Release|Any CPU.Build.0 = Release|Any CPU
		{6DC6B31C-D03C-4E53-A1A5-CAF51227440B}.Release|ARM.ActiveCfg = Release|Any CPU
		{6DC6B31C-D03C-4E53-A1A5-CAF51227440B}.Release|ARM.Build.0 = Release|Any CPU
		{6DC6B31C-D03C-4E53-A1A5-CAF51227440B}.Release|ARM64.ActiveCfg = Release|Any CPU
		{6DC6B31C-D03C-4E53-A1A5-CAF51227440B}.Release|ARM64.Build.0 = Release|Any CPU
		{6DC6B31C-D03C-4E53-A1A5-CAF51227440B}.Release|x64.ActiveCfg = Release|Any CPU
		{6DC6B31C-D03C-4E53-A1A5-CAF51227440B}.Release|x64.Build.0 = Release|Any CPU
		{6DC6B31C-D03C-4E53-A1A5-CAF51227440B}.Release|x86.ActiveCfg = Release|Any CPU
		{6DC6B31C-D03C-4E53-A1A5-CAF51227440B}.Release|x86.Build.0 = Release|Any CPU
		{E648080E-263D-4920-9B3D-2F6BF541586C}.Debug|Any CPU.ActiveCfg = Debug|Any CPU
		{E648080E-263D-4920-9B3D-2F6BF541586C}.Debug|Any CPU.Build.0 = Debug|Any CPU
		{E648080E-263D-4920-9B3D-2F6BF541586C}.Debug|ARM.ActiveCfg = Debug|Any CPU
		{E648080E-263D-4920-9B3D-2F6BF541586C}.Debug|ARM.Build.0 = Debug|Any CPU
		{E648080E-263D-4920-9B3D-2F6BF541586C}.Debug|ARM64.ActiveCfg = Debug|Any CPU
		{E648080E-263D-4920-9B3D-2F6BF541586C}.Debug|ARM64.Build.0 = Debug|Any CPU
		{E648080E-263D-4920-9B3D-2F6BF541586C}.Debug|x64.ActiveCfg = Debug|Any CPU
		{E648080E-263D-4920-9B3D-2F6BF541586C}.Debug|x64.Build.0 = Debug|Any CPU
		{E648080E-263D-4920-9B3D-2F6BF541586C}.Debug|x86.ActiveCfg = Debug|Any CPU
		{E648080E-263D-4920-9B3D-2F6BF541586C}.Debug|x86.Build.0 = Debug|Any CPU
		{E648080E-263D-4920-9B3D-2F6BF541586C}.Release|Any CPU.ActiveCfg = Release|Any CPU
		{E648080E-263D-4920-9B3D-2F6BF541586C}.Release|Any CPU.Build.0 = Release|Any CPU
		{E648080E-263D-4920-9B3D-2F6BF541586C}.Release|ARM.ActiveCfg = Release|Any CPU
		{E648080E-263D-4920-9B3D-2F6BF541586C}.Release|ARM.Build.0 = Release|Any CPU
		{E648080E-263D-4920-9B3D-2F6BF541586C}.Release|ARM64.ActiveCfg = Release|Any CPU
		{E648080E-263D-4920-9B3D-2F6BF541586C}.Release|ARM64.Build.0 = Release|Any CPU
		{E648080E-263D-4920-9B3D-2F6BF541586C}.Release|x64.ActiveCfg = Release|Any CPU
		{E648080E-263D-4920-9B3D-2F6BF541586C}.Release|x64.Build.0 = Release|Any CPU
		{E648080E-263D-4920-9B3D-2F6BF541586C}.Release|x86.ActiveCfg = Release|Any CPU
		{E648080E-263D-4920-9B3D-2F6BF541586C}.Release|x86.Build.0 = Release|Any CPU
		{70DF1194-D158-473E-B350-F630231FB328}.Debug|Any CPU.ActiveCfg = Debug|x64
		{70DF1194-D158-473E-B350-F630231FB328}.Debug|Any CPU.Build.0 = Debug|x64
		{70DF1194-D158-473E-B350-F630231FB328}.Debug|Any CPU.Deploy.0 = Debug|x64
		{70DF1194-D158-473E-B350-F630231FB328}.Debug|ARM.ActiveCfg = Debug|x64
		{70DF1194-D158-473E-B350-F630231FB328}.Debug|ARM.Build.0 = Debug|x64
		{70DF1194-D158-473E-B350-F630231FB328}.Debug|ARM.Deploy.0 = Debug|x64
		{70DF1194-D158-473E-B350-F630231FB328}.Debug|ARM64.ActiveCfg = Debug|arm64
		{70DF1194-D158-473E-B350-F630231FB328}.Debug|ARM64.Build.0 = Debug|arm64
		{70DF1194-D158-473E-B350-F630231FB328}.Debug|ARM64.Deploy.0 = Debug|arm64
		{70DF1194-D158-473E-B350-F630231FB328}.Debug|x64.ActiveCfg = Debug|x64
		{70DF1194-D158-473E-B350-F630231FB328}.Debug|x64.Build.0 = Debug|x64
		{70DF1194-D158-473E-B350-F630231FB328}.Debug|x64.Deploy.0 = Debug|x64
		{70DF1194-D158-473E-B350-F630231FB328}.Debug|x86.ActiveCfg = Debug|x86
		{70DF1194-D158-473E-B350-F630231FB328}.Debug|x86.Build.0 = Debug|x86
		{70DF1194-D158-473E-B350-F630231FB328}.Debug|x86.Deploy.0 = Debug|x86
		{70DF1194-D158-473E-B350-F630231FB328}.Release|Any CPU.ActiveCfg = Release|x64
		{70DF1194-D158-473E-B350-F630231FB328}.Release|Any CPU.Build.0 = Release|x64
		{70DF1194-D158-473E-B350-F630231FB328}.Release|Any CPU.Deploy.0 = Release|x64
		{70DF1194-D158-473E-B350-F630231FB328}.Release|ARM.ActiveCfg = Release|x64
		{70DF1194-D158-473E-B350-F630231FB328}.Release|ARM.Build.0 = Release|x64
		{70DF1194-D158-473E-B350-F630231FB328}.Release|ARM.Deploy.0 = Release|x64
		{70DF1194-D158-473E-B350-F630231FB328}.Release|ARM64.ActiveCfg = Release|arm64
		{70DF1194-D158-473E-B350-F630231FB328}.Release|ARM64.Build.0 = Release|arm64
		{70DF1194-D158-473E-B350-F630231FB328}.Release|ARM64.Deploy.0 = Release|arm64
		{70DF1194-D158-473E-B350-F630231FB328}.Release|x64.ActiveCfg = Release|x64
		{70DF1194-D158-473E-B350-F630231FB328}.Release|x64.Build.0 = Release|x64
		{70DF1194-D158-473E-B350-F630231FB328}.Release|x64.Deploy.0 = Release|x64
		{70DF1194-D158-473E-B350-F630231FB328}.Release|x86.ActiveCfg = Release|x86
		{70DF1194-D158-473E-B350-F630231FB328}.Release|x86.Build.0 = Release|x86
		{70DF1194-D158-473E-B350-F630231FB328}.Release|x86.Deploy.0 = Release|x86
		{42FC292E-5028-4BA9-839C-0450A34BDEC6}.Debug|Any CPU.ActiveCfg = Debug|Any CPU
		{42FC292E-5028-4BA9-839C-0450A34BDEC6}.Debug|Any CPU.Build.0 = Debug|Any CPU
		{42FC292E-5028-4BA9-839C-0450A34BDEC6}.Debug|ARM.ActiveCfg = Debug|Any CPU
		{42FC292E-5028-4BA9-839C-0450A34BDEC6}.Debug|ARM.Build.0 = Debug|Any CPU
		{42FC292E-5028-4BA9-839C-0450A34BDEC6}.Debug|ARM64.ActiveCfg = Debug|Any CPU
		{42FC292E-5028-4BA9-839C-0450A34BDEC6}.Debug|ARM64.Build.0 = Debug|Any CPU
		{42FC292E-5028-4BA9-839C-0450A34BDEC6}.Debug|x64.ActiveCfg = Debug|Any CPU
		{42FC292E-5028-4BA9-839C-0450A34BDEC6}.Debug|x64.Build.0 = Debug|Any CPU
		{42FC292E-5028-4BA9-839C-0450A34BDEC6}.Debug|x86.ActiveCfg = Debug|Any CPU
		{42FC292E-5028-4BA9-839C-0450A34BDEC6}.Debug|x86.Build.0 = Debug|Any CPU
		{42FC292E-5028-4BA9-839C-0450A34BDEC6}.Release|Any CPU.ActiveCfg = Release|Any CPU
		{42FC292E-5028-4BA9-839C-0450A34BDEC6}.Release|Any CPU.Build.0 = Release|Any CPU
		{42FC292E-5028-4BA9-839C-0450A34BDEC6}.Release|ARM.ActiveCfg = Release|Any CPU
		{42FC292E-5028-4BA9-839C-0450A34BDEC6}.Release|ARM.Build.0 = Release|Any CPU
		{42FC292E-5028-4BA9-839C-0450A34BDEC6}.Release|ARM64.ActiveCfg = Release|Any CPU
		{42FC292E-5028-4BA9-839C-0450A34BDEC6}.Release|ARM64.Build.0 = Release|Any CPU
		{42FC292E-5028-4BA9-839C-0450A34BDEC6}.Release|x64.ActiveCfg = Release|Any CPU
		{42FC292E-5028-4BA9-839C-0450A34BDEC6}.Release|x64.Build.0 = Release|Any CPU
		{42FC292E-5028-4BA9-839C-0450A34BDEC6}.Release|x86.ActiveCfg = Release|Any CPU
		{42FC292E-5028-4BA9-839C-0450A34BDEC6}.Release|x86.Build.0 = Release|Any CPU
		{B3090946-9399-43C6-AF7C-2E21F5C93935}.Debug|Any CPU.ActiveCfg = Debug|Any CPU
		{B3090946-9399-43C6-AF7C-2E21F5C93935}.Debug|Any CPU.Build.0 = Debug|Any CPU
		{B3090946-9399-43C6-AF7C-2E21F5C93935}.Debug|ARM.ActiveCfg = Debug|Any CPU
		{B3090946-9399-43C6-AF7C-2E21F5C93935}.Debug|ARM.Build.0 = Debug|Any CPU
		{B3090946-9399-43C6-AF7C-2E21F5C93935}.Debug|ARM64.ActiveCfg = Debug|Any CPU
		{B3090946-9399-43C6-AF7C-2E21F5C93935}.Debug|ARM64.Build.0 = Debug|Any CPU
		{B3090946-9399-43C6-AF7C-2E21F5C93935}.Debug|x64.ActiveCfg = Debug|Any CPU
		{B3090946-9399-43C6-AF7C-2E21F5C93935}.Debug|x64.Build.0 = Debug|Any CPU
		{B3090946-9399-43C6-AF7C-2E21F5C93935}.Debug|x86.ActiveCfg = Debug|Any CPU
		{B3090946-9399-43C6-AF7C-2E21F5C93935}.Debug|x86.Build.0 = Debug|Any CPU
		{B3090946-9399-43C6-AF7C-2E21F5C93935}.Release|Any CPU.ActiveCfg = Release|Any CPU
		{B3090946-9399-43C6-AF7C-2E21F5C93935}.Release|Any CPU.Build.0 = Release|Any CPU
		{B3090946-9399-43C6-AF7C-2E21F5C93935}.Release|ARM.ActiveCfg = Release|Any CPU
		{B3090946-9399-43C6-AF7C-2E21F5C93935}.Release|ARM.Build.0 = Release|Any CPU
		{B3090946-9399-43C6-AF7C-2E21F5C93935}.Release|ARM64.ActiveCfg = Release|Any CPU
		{B3090946-9399-43C6-AF7C-2E21F5C93935}.Release|ARM64.Build.0 = Release|Any CPU
		{B3090946-9399-43C6-AF7C-2E21F5C93935}.Release|x64.ActiveCfg = Release|Any CPU
		{B3090946-9399-43C6-AF7C-2E21F5C93935}.Release|x64.Build.0 = Release|Any CPU
		{B3090946-9399-43C6-AF7C-2E21F5C93935}.Release|x86.ActiveCfg = Release|Any CPU
		{B3090946-9399-43C6-AF7C-2E21F5C93935}.Release|x86.Build.0 = Release|Any CPU
		{FE390707-A244-460A-BC1C-5559038A1975}.Debug|Any CPU.ActiveCfg = Debug|x64
		{FE390707-A244-460A-BC1C-5559038A1975}.Debug|Any CPU.Build.0 = Debug|x64
		{FE390707-A244-460A-BC1C-5559038A1975}.Debug|Any CPU.Deploy.0 = Debug|x64
		{FE390707-A244-460A-BC1C-5559038A1975}.Debug|ARM.ActiveCfg = Debug|x64
		{FE390707-A244-460A-BC1C-5559038A1975}.Debug|ARM.Build.0 = Debug|x64
		{FE390707-A244-460A-BC1C-5559038A1975}.Debug|ARM.Deploy.0 = Debug|x64
		{FE390707-A244-460A-BC1C-5559038A1975}.Debug|ARM64.ActiveCfg = Debug|arm64
		{FE390707-A244-460A-BC1C-5559038A1975}.Debug|ARM64.Build.0 = Debug|arm64
		{FE390707-A244-460A-BC1C-5559038A1975}.Debug|ARM64.Deploy.0 = Debug|arm64
		{FE390707-A244-460A-BC1C-5559038A1975}.Debug|x64.ActiveCfg = Debug|x64
		{FE390707-A244-460A-BC1C-5559038A1975}.Debug|x64.Build.0 = Debug|x64
		{FE390707-A244-460A-BC1C-5559038A1975}.Debug|x64.Deploy.0 = Debug|x64
		{FE390707-A244-460A-BC1C-5559038A1975}.Debug|x86.ActiveCfg = Debug|x86
		{FE390707-A244-460A-BC1C-5559038A1975}.Debug|x86.Build.0 = Debug|x86
		{FE390707-A244-460A-BC1C-5559038A1975}.Debug|x86.Deploy.0 = Debug|x86
		{FE390707-A244-460A-BC1C-5559038A1975}.Release|Any CPU.ActiveCfg = Release|x64
		{FE390707-A244-460A-BC1C-5559038A1975}.Release|Any CPU.Build.0 = Release|x64
		{FE390707-A244-460A-BC1C-5559038A1975}.Release|Any CPU.Deploy.0 = Release|x64
		{FE390707-A244-460A-BC1C-5559038A1975}.Release|ARM.ActiveCfg = Release|x64
		{FE390707-A244-460A-BC1C-5559038A1975}.Release|ARM.Build.0 = Release|x64
		{FE390707-A244-460A-BC1C-5559038A1975}.Release|ARM.Deploy.0 = Release|x64
		{FE390707-A244-460A-BC1C-5559038A1975}.Release|ARM64.ActiveCfg = Release|arm64
		{FE390707-A244-460A-BC1C-5559038A1975}.Release|ARM64.Build.0 = Release|arm64
		{FE390707-A244-460A-BC1C-5559038A1975}.Release|ARM64.Deploy.0 = Release|arm64
		{FE390707-A244-460A-BC1C-5559038A1975}.Release|x64.ActiveCfg = Release|x64
		{FE390707-A244-460A-BC1C-5559038A1975}.Release|x64.Build.0 = Release|x64
		{FE390707-A244-460A-BC1C-5559038A1975}.Release|x64.Deploy.0 = Release|x64
		{FE390707-A244-460A-BC1C-5559038A1975}.Release|x86.ActiveCfg = Release|x86
		{FE390707-A244-460A-BC1C-5559038A1975}.Release|x86.Build.0 = Release|x86
		{FE390707-A244-460A-BC1C-5559038A1975}.Release|x86.Deploy.0 = Release|x86
		{7134BD2E-0A74-4345-868A-E425FC452A89}.Debug|Any CPU.ActiveCfg = Debug|x64
		{7134BD2E-0A74-4345-868A-E425FC452A89}.Debug|Any CPU.Build.0 = Debug|x64
		{7134BD2E-0A74-4345-868A-E425FC452A89}.Debug|Any CPU.Deploy.0 = Debug|x64
		{7134BD2E-0A74-4345-868A-E425FC452A89}.Debug|ARM.ActiveCfg = Debug|ARM
		{7134BD2E-0A74-4345-868A-E425FC452A89}.Debug|ARM.Build.0 = Debug|ARM
		{7134BD2E-0A74-4345-868A-E425FC452A89}.Debug|ARM.Deploy.0 = Debug|ARM
		{7134BD2E-0A74-4345-868A-E425FC452A89}.Debug|ARM64.ActiveCfg = Debug|ARM64
		{7134BD2E-0A74-4345-868A-E425FC452A89}.Debug|ARM64.Build.0 = Debug|ARM64
		{7134BD2E-0A74-4345-868A-E425FC452A89}.Debug|ARM64.Deploy.0 = Debug|ARM64
		{7134BD2E-0A74-4345-868A-E425FC452A89}.Debug|x64.ActiveCfg = Debug|x64
		{7134BD2E-0A74-4345-868A-E425FC452A89}.Debug|x64.Build.0 = Debug|x64
		{7134BD2E-0A74-4345-868A-E425FC452A89}.Debug|x64.Deploy.0 = Debug|x64
		{7134BD2E-0A74-4345-868A-E425FC452A89}.Debug|x86.ActiveCfg = Debug|x86
		{7134BD2E-0A74-4345-868A-E425FC452A89}.Debug|x86.Build.0 = Debug|x86
		{7134BD2E-0A74-4345-868A-E425FC452A89}.Debug|x86.Deploy.0 = Debug|x86
		{7134BD2E-0A74-4345-868A-E425FC452A89}.Release|Any CPU.ActiveCfg = Release|x64
		{7134BD2E-0A74-4345-868A-E425FC452A89}.Release|Any CPU.Build.0 = Release|x64
		{7134BD2E-0A74-4345-868A-E425FC452A89}.Release|Any CPU.Deploy.0 = Release|x64
		{7134BD2E-0A74-4345-868A-E425FC452A89}.Release|ARM.ActiveCfg = Release|ARM
		{7134BD2E-0A74-4345-868A-E425FC452A89}.Release|ARM.Build.0 = Release|ARM
		{7134BD2E-0A74-4345-868A-E425FC452A89}.Release|ARM.Deploy.0 = Release|ARM
		{7134BD2E-0A74-4345-868A-E425FC452A89}.Release|ARM64.ActiveCfg = Release|ARM64
		{7134BD2E-0A74-4345-868A-E425FC452A89}.Release|ARM64.Build.0 = Release|ARM64
		{7134BD2E-0A74-4345-868A-E425FC452A89}.Release|ARM64.Deploy.0 = Release|ARM64
		{7134BD2E-0A74-4345-868A-E425FC452A89}.Release|x64.ActiveCfg = Release|x64
		{7134BD2E-0A74-4345-868A-E425FC452A89}.Release|x64.Build.0 = Release|x64
		{7134BD2E-0A74-4345-868A-E425FC452A89}.Release|x64.Deploy.0 = Release|x64
		{7134BD2E-0A74-4345-868A-E425FC452A89}.Release|x86.ActiveCfg = Release|x86
		{7134BD2E-0A74-4345-868A-E425FC452A89}.Release|x86.Build.0 = Release|x86
		{7134BD2E-0A74-4345-868A-E425FC452A89}.Release|x86.Deploy.0 = Release|x86
	EndGlobalSection
	GlobalSection(SolutionProperties) = preSolution
		HideSolutionNode = FALSE
	EndGlobalSection
	GlobalSection(NestedProjects) = preSolution
		{3BAAC2DA-7124-460E-A9A9-13138843CD57} = {ACD20BEE-45EF-4CAB-BA06-40F38A0C98EA}
		{6DC6B31C-D03C-4E53-A1A5-CAF51227440B} = {ACD20BEE-45EF-4CAB-BA06-40F38A0C98EA}
		{70DF1194-D158-473E-B350-F630231FB328} = {ACD20BEE-45EF-4CAB-BA06-40F38A0C98EA}
		{42FC292E-5028-4BA9-839C-0450A34BDEC6} = {D4DCFA4B-63B3-4D93-8C91-FBEE3B92E5A0}
		{B3090946-9399-43C6-AF7C-2E21F5C93935} = {D4DCFA4B-63B3-4D93-8C91-FBEE3B92E5A0}
		{19AC7A6A-B001-45AA-ACBE-0536F688DB74} = {7F03DDE8-FC53-451D-B0A4-E852EC44C0E9}
		{FE390707-A244-460A-BC1C-5559038A1975} = {7F03DDE8-FC53-451D-B0A4-E852EC44C0E9}
		{7134BD2E-0A74-4345-868A-E425FC452A89} = {7F03DDE8-FC53-451D-B0A4-E852EC44C0E9}
	EndGlobalSection
	GlobalSection(ExtensibilityGlobals) = postSolution
		SolutionGuid = {6D11723C-7575-40DF-9BC9-300A09554B5D}
	EndGlobalSection
EndGlobal
