
Microsoft Visual Studio Solution File, Format Version 12.00
# Visual Studio Version 17
VisualStudioVersion = 17.0.31903.59
MinimumVisualStudioVersion = 10.0.40219.1
Project("{2150E333-8FDC-42A3-9474-1A3956D46DE8}") = "Documentation", "Documentation", "{3D695A5F-0860-46E0-B52F-5C80F692617A}"
	ProjectSection(SolutionItems) = preProject
		..\..\License.md = ..\..\License.md
		ProjectTemplate.md = ProjectTemplate.md
		README.md = README.md
	EndProjectSection
EndProject
Project("{FAE04EC0-301F-11D3-BF4B-00C04F79EFBC}") = "ProjectTemplate.Library", "ProjectTemplate.Library\ProjectTemplate.Library.csproj", "{D2755C85-0ACA-47DD-8FA5-EAA2AD5E98EC}"
EndProject
Project("{FAE04EC0-301F-11D3-BF4B-00C04F79EFBC}") = "ProjectTemplate.Samples", "ProjectTemplate.Samples\ProjectTemplate.Samples.csproj", "{1F1C8D9D-E1C4-4F4F-8A13-6C2B3CB73A30}"
EndProject
Project("{FAE04EC0-301F-11D3-BF4B-00C04F79EFBC}") = "ProjectTemplate.UnitTests", "ProjectTemplate.UnitTests\ProjectTemplate.UnitTests.csproj", "{2CA8F93B-A2E1-4FB6-A14E-AE5945257EBB}"
EndProject
Project("{FAE04EC0-301F-11D3-BF4B-00C04F79EFBC}") = "ProjectTemplate.UITests", "ProjectTemplate.UITests\ProjectTemplate.UITests.csproj", "{FA8469B2-AE01-4079-9623-18554304039F}"
EndProject
Global
	GlobalSection(SolutionConfigurationPlatforms) = preSolution
		Debug|Any CPU = Debug|Any CPU
		Debug|ARM = Debug|ARM
		Debug|ARM64 = Debug|ARM64
		Debug|x64 = Debug|x64
		Debug|x86 = Debug|x86
		Release|Any CPU = Release|Any CPU
		Release|ARM = Release|ARM
		Release|ARM64 = Release|ARM64
		Release|x64 = Release|x64
		Release|x86 = Release|x86
	EndGlobalSection
	GlobalSection(ProjectConfigurationPlatforms) = postSolution
		{D2755C85-0ACA-47DD-8FA5-EAA2AD5E98EC}.Debug|Any CPU.ActiveCfg = Debug|Any CPU
		{D2755C85-0ACA-47DD-8FA5-EAA2AD5E98EC}.Debug|Any CPU.Build.0 = Debug|Any CPU
		{D2755C85-0ACA-47DD-8FA5-EAA2AD5E98EC}.Debug|ARM.ActiveCfg = Debug|ARM
		{D2755C85-0ACA-47DD-8FA5-EAA2AD5E98EC}.Debug|ARM.Build.0 = Debug|ARM
		{D2755C85-0ACA-47DD-8FA5-EAA2AD5E98EC}.Debug|ARM64.ActiveCfg = Debug|ARM64
		{D2755C85-0ACA-47DD-8FA5-EAA2AD5E98EC}.Debug|ARM64.Build.0 = Debug|ARM64
		{D2755C85-0ACA-47DD-8FA5-EAA2AD5E98EC}.Debug|x64.ActiveCfg = Debug|x64
		{D2755C85-0ACA-47DD-8FA5-EAA2AD5E98EC}.Debug|x64.Build.0 = Debug|x64
		{D2755C85-0ACA-47DD-8FA5-EAA2AD5E98EC}.Debug|x86.ActiveCfg = Debug|x86
		{D2755C85-0ACA-47DD-8FA5-EAA2AD5E98EC}.Debug|x86.Build.0 = Debug|x86
		{D2755C85-0ACA-47DD-8FA5-EAA2AD5E98EC}.Release|Any CPU.ActiveCfg = Release|Any CPU
		{D2755C85-0ACA-47DD-8FA5-EAA2AD5E98EC}.Release|Any CPU.Build.0 = Release|Any CPU
		{D2755C85-0ACA-47DD-8FA5-EAA2AD5E98EC}.Release|ARM.ActiveCfg = Release|ARM
		{D2755C85-0ACA-47DD-8FA5-EAA2AD5E98EC}.Release|ARM.Build.0 = Release|ARM
		{D2755C85-0ACA-47DD-8FA5-EAA2AD5E98EC}.Release|ARM64.ActiveCfg = Release|ARM64
		{D2755C85-0ACA-47DD-8FA5-EAA2AD5E98EC}.Release|ARM64.Build.0 = Release|ARM64
		{D2755C85-0ACA-47DD-8FA5-EAA2AD5E98EC}.Release|x64.ActiveCfg = Release|x64
		{D2755C85-0ACA-47DD-8FA5-EAA2AD5E98EC}.Release|x64.Build.0 = Release|x64
		{D2755C85-0ACA-47DD-8FA5-EAA2AD5E98EC}.Release|x86.ActiveCfg = Release|x86
		{D2755C85-0ACA-47DD-8FA5-EAA2AD5E98EC}.Release|x86.Build.0 = Release|x86
		{1F1C8D9D-E1C4-4F4F-8A13-6C2B3CB73A30}.Debug|Any CPU.ActiveCfg = Debug|x64
		{1F1C8D9D-E1C4-4F4F-8A13-6C2B3CB73A30}.Debug|Any CPU.Build.0 = Debug|x64
		{1F1C8D9D-E1C4-4F4F-8A13-6C2B3CB73A30}.Debug|Any CPU.Deploy.0 = Debug|x64
		{1F1C8D9D-E1C4-4F4F-8A13-6C2B3CB73A30}.Debug|ARM.ActiveCfg = Debug|ARM
		{1F1C8D9D-E1C4-4F4F-8A13-6C2B3CB73A30}.Debug|ARM.Build.0 = Debug|ARM
		{1F1C8D9D-E1C4-4F4F-8A13-6C2B3CB73A30}.Debug|ARM.Deploy.0 = Debug|ARM
		{1F1C8D9D-E1C4-4F4F-8A13-6C2B3CB73A30}.Debug|ARM64.ActiveCfg = Debug|ARM64
		{1F1C8D9D-E1C4-4F4F-8A13-6C2B3CB73A30}.Debug|ARM64.Build.0 = Debug|ARM64
		{1F1C8D9D-E1C4-4F4F-8A13-6C2B3CB73A30}.Debug|ARM64.Deploy.0 = Debug|ARM64
		{1F1C8D9D-E1C4-4F4F-8A13-6C2B3CB73A30}.Debug|x64.ActiveCfg = Debug|x64
		{1F1C8D9D-E1C4-4F4F-8A13-6C2B3CB73A30}.Debug|x64.Build.0 = Debug|x64
		{1F1C8D9D-E1C4-4F4F-8A13-6C2B3CB73A30}.Debug|x64.Deploy.0 = Debug|x64
		{1F1C8D9D-E1C4-4F4F-8A13-6C2B3CB73A30}.Debug|x86.ActiveCfg = Debug|x86
		{1F1C8D9D-E1C4-4F4F-8A13-6C2B3CB73A30}.Debug|x86.Build.0 = Debug|x86
		{1F1C8D9D-E1C4-4F4F-8A13-6C2B3CB73A30}.Debug|x86.Deploy.0 = Debug|x86
		{1F1C8D9D-E1C4-4F4F-8A13-6C2B3CB73A30}.Release|Any CPU.ActiveCfg = Release|x64
		{1F1C8D9D-E1C4-4F4F-8A13-6C2B3CB73A30}.Release|Any CPU.Build.0 = Release|x64
		{1F1C8D9D-E1C4-4F4F-8A13-6C2B3CB73A30}.Release|Any CPU.Deploy.0 = Release|x64
		{1F1C8D9D-E1C4-4F4F-8A13-6C2B3CB73A30}.Release|ARM.ActiveCfg = Release|ARM
		{1F1C8D9D-E1C4-4F4F-8A13-6C2B3CB73A30}.Release|ARM.Build.0 = Release|ARM
		{1F1C8D9D-E1C4-4F4F-8A13-6C2B3CB73A30}.Release|ARM.Deploy.0 = Release|ARM
		{1F1C8D9D-E1C4-4F4F-8A13-6C2B3CB73A30}.Release|ARM64.ActiveCfg = Release|ARM64
		{1F1C8D9D-E1C4-4F4F-8A13-6C2B3CB73A30}.Release|ARM64.Build.0 = Release|ARM64
		{1F1C8D9D-E1C4-4F4F-8A13-6C2B3CB73A30}.Release|ARM64.Deploy.0 = Release|ARM64
		{1F1C8D9D-E1C4-4F4F-8A13-6C2B3CB73A30}.Release|x64.ActiveCfg = Release|x64
		{1F1C8D9D-E1C4-4F4F-8A13-6C2B3CB73A30}.Release|x64.Build.0 = Release|x64
		{1F1C8D9D-E1C4-4F4F-8A13-6C2B3CB73A30}.Release|x64.Deploy.0 = Release|x64
		{1F1C8D9D-E1C4-4F4F-8A13-6C2B3CB73A30}.Release|x86.ActiveCfg = Release|x86
		{1F1C8D9D-E1C4-4F4F-8A13-6C2B3CB73A30}.Release|x86.Build.0 = Release|x86
		{1F1C8D9D-E1C4-4F4F-8A13-6C2B3CB73A30}.Release|x86.Deploy.0 = Release|x86
		{2CA8F93B-A2E1-4FB6-A14E-AE5945257EBB}.Debug|Any CPU.ActiveCfg = Debug|x64
		{2CA8F93B-A2E1-4FB6-A14E-AE5945257EBB}.Debug|Any CPU.Build.0 = Debug|x64
		{2CA8F93B-A2E1-4FB6-A14E-AE5945257EBB}.Debug|Any CPU.Deploy.0 = Debug|x64
		{2CA8F93B-A2E1-4FB6-A14E-AE5945257EBB}.Debug|ARM.ActiveCfg = Debug|ARM
		{2CA8F93B-A2E1-4FB6-A14E-AE5945257EBB}.Debug|ARM.Build.0 = Debug|ARM
		{2CA8F93B-A2E1-4FB6-A14E-AE5945257EBB}.Debug|ARM.Deploy.0 = Debug|ARM
		{2CA8F93B-A2E1-4FB6-A14E-AE5945257EBB}.Debug|ARM64.ActiveCfg = Debug|ARM64
		{2CA8F93B-A2E1-4FB6-A14E-AE5945257EBB}.Debug|ARM64.Build.0 = Debug|ARM64
		{2CA8F93B-A2E1-4FB6-A14E-AE5945257EBB}.Debug|ARM64.Deploy.0 = Debug|ARM64
		{2CA8F93B-A2E1-4FB6-A14E-AE5945257EBB}.Debug|x64.ActiveCfg = Debug|x64
		{2CA8F93B-A2E1-4FB6-A14E-AE5945257EBB}.Debug|x64.Build.0 = Debug|x64
		{2CA8F93B-A2E1-4FB6-A14E-AE5945257EBB}.Debug|x64.Deploy.0 = Debug|x64
		{2CA8F93B-A2E1-4FB6-A14E-AE5945257EBB}.Debug|x86.ActiveCfg = Debug|x86
		{2CA8F93B-A2E1-4FB6-A14E-AE5945257EBB}.Debug|x86.Build.0 = Debug|x86
		{2CA8F93B-A2E1-4FB6-A14E-AE5945257EBB}.Debug|x86.Deploy.0 = Debug|x86
		{2CA8F93B-A2E1-4FB6-A14E-AE5945257EBB}.Release|Any CPU.ActiveCfg = Release|x64
		{2CA8F93B-A2E1-4FB6-A14E-AE5945257EBB}.Release|Any CPU.Build.0 = Release|x64
		{2CA8F93B-A2E1-4FB6-A14E-AE5945257EBB}.Release|Any CPU.Deploy.0 = Release|x64
		{2CA8F93B-A2E1-4FB6-A14E-AE5945257EBB}.Release|ARM.ActiveCfg = Release|ARM
		{2CA8F93B-A2E1-4FB6-A14E-AE5945257EBB}.Release|ARM.Build.0 = Release|ARM
		{2CA8F93B-A2E1-4FB6-A14E-AE5945257EBB}.Release|ARM.Deploy.0 = Release|ARM
		{2CA8F93B-A2E1-4FB6-A14E-AE5945257EBB}.Release|ARM64.ActiveCfg = Release|ARM64
		{2CA8F93B-A2E1-4FB6-A14E-AE5945257EBB}.Release|ARM64.Build.0 = Release|ARM64
		{2CA8F93B-A2E1-4FB6-A14E-AE5945257EBB}.Release|ARM64.Deploy.0 = Release|ARM64
		{2CA8F93B-A2E1-4FB6-A14E-AE5945257EBB}.Release|x64.ActiveCfg = Release|x64
		{2CA8F93B-A2E1-4FB6-A14E-AE5945257EBB}.Release|x64.Build.0 = Release|x64
		{2CA8F93B-A2E1-4FB6-A14E-AE5945257EBB}.Release|x64.Deploy.0 = Release|x64
		{2CA8F93B-A2E1-4FB6-A14E-AE5945257EBB}.Release|x86.ActiveCfg = Release|x86
		{2CA8F93B-A2E1-4FB6-A14E-AE5945257EBB}.Release|x86.Build.0 = Release|x86
		{2CA8F93B-A2E1-4FB6-A14E-AE5945257EBB}.Release|x86.Deploy.0 = Release|x86
		{FA8469B2-AE01-4079-9623-18554304039F}.Debug|Any CPU.ActiveCfg = Debug|x64
		{FA8469B2-AE01-4079-9623-18554304039F}.Debug|Any CPU.Build.0 = Debug|x64
		{FA8469B2-AE01-4079-9623-18554304039F}.Debug|Any CPU.Deploy.0 = Debug|x64
		{FA8469B2-AE01-4079-9623-18554304039F}.Debug|ARM.ActiveCfg = Debug|ARM
		{FA8469B2-AE01-4079-9623-18554304039F}.Debug|ARM.Build.0 = Debug|ARM
		{FA8469B2-AE01-4079-9623-18554304039F}.Debug|ARM.Deploy.0 = Debug|ARM
		{FA8469B2-AE01-4079-9623-18554304039F}.Debug|ARM64.ActiveCfg = Debug|ARM64
		{FA8469B2-AE01-4079-9623-18554304039F}.Debug|ARM64.Build.0 = Debug|ARM64
		{FA8469B2-AE01-4079-9623-18554304039F}.Debug|ARM64.Deploy.0 = Debug|ARM64
		{FA8469B2-AE01-4079-9623-18554304039F}.Debug|x64.ActiveCfg = Debug|x64
		{FA8469B2-AE01-4079-9623-18554304039F}.Debug|x64.Build.0 = Debug|x64
		{FA8469B2-AE01-4079-9623-18554304039F}.Debug|x64.Deploy.0 = Debug|x64
		{FA8469B2-AE01-4079-9623-18554304039F}.Debug|x86.ActiveCfg = Debug|x86
		{FA8469B2-AE01-4079-9623-18554304039F}.Debug|x86.Build.0 = Debug|x86
		{FA8469B2-AE01-4079-9623-18554304039F}.Debug|x86.Deploy.0 = Debug|x86
		{FA8469B2-AE01-4079-9623-18554304039F}.Release|Any CPU.ActiveCfg = Release|x64
		{FA8469B2-AE01-4079-9623-18554304039F}.Release|Any CPU.Build.0 = Release|x64
		{FA8469B2-AE01-4079-9623-18554304039F}.Release|Any CPU.Deploy.0 = Release|x64
		{FA8469B2-AE01-4079-9623-18554304039F}.Release|ARM.ActiveCfg = Release|ARM
		{FA8469B2-AE01-4079-9623-18554304039F}.Release|ARM.Build.0 = Release|ARM
		{FA8469B2-AE01-4079-9623-18554304039F}.Release|ARM.Deploy.0 = Release|ARM
		{FA8469B2-AE01-4079-9623-18554304039F}.Release|ARM64.ActiveCfg = Release|ARM64
		{FA8469B2-AE01-4079-9623-18554304039F}.Release|ARM64.Build.0 = Release|ARM64
		{FA8469B2-AE01-4079-9623-18554304039F}.Release|ARM64.Deploy.0 = Release|ARM64
		{FA8469B2-AE01-4079-9623-18554304039F}.Release|x64.ActiveCfg = Release|x64
		{FA8469B2-AE01-4079-9623-18554304039F}.Release|x64.Build.0 = Release|x64
		{FA8469B2-AE01-4079-9623-18554304039F}.Release|x64.Deploy.0 = Release|x64
		{FA8469B2-AE01-4079-9623-18554304039F}.Release|x86.ActiveCfg = Release|x86
		{FA8469B2-AE01-4079-9623-18554304039F}.Release|x86.Build.0 = Release|x86
		{FA8469B2-AE01-4079-9623-18554304039F}.Release|x86.Deploy.0 = Release|x86
	EndGlobalSection
	GlobalSection(SolutionProperties) = preSolution
		HideSolutionNode = FALSE
	EndGlobalSection
	GlobalSection(ExtensibilityGlobals) = postSolution
		SolutionGuid = {06A51210-7558-4357-88A2-112D90B57C17}
	EndGlobalSection
EndGlobal
