
Microsoft Visual Studio Solution File, Format Version 12.00
# Visual Studio Version 17
VisualStudioVersion = 17.0.31919.166
MinimumVisualStudioVersion = 10.0.40219.1
Project("{2150E333-8FDC-42A3-9474-1A3956D46DE8}") = "Solution Items", "Solution Items", "{24A1D6DC-FF32-4D9D-9FC2-8EB3E356A2C0}"
	ProjectSection(SolutionItems) = preProject
		.editorconfig = .editorconfig
		License.md = License.md
		ReadMe.md = ReadMe.md
	EndProjectSection
EndProject
Project("{2150E333-8FDC-42A3-9474-1A3956D46DE8}") = "Samples", "Samples", "{9898A5F2-6B58-4770-9757-302E93848428}"
EndProject
Project("{D954291E-2A0B-460D-934E-DC6B0785DB48}") = "CommunityToolkit.Labs.Shared", "Common\CommunityToolkit.Labs.Shared\CommunityToolkit.Labs.Shared.shproj", "{9503C27C-55A8-4B66-AA7B-14EFDB940B13}"
EndProject
Project("{2150E333-8FDC-42A3-9474-1A3956D46DE8}") = "CanvasLayout", "CanvasLayout", "{86E3CC4D-1359-4249-9C5B-C193BF65633D}"
EndProject
Project("{9A19103F-16F7-4668-BE54-9A1E7A4F7556}") = "CommunityToolkit.Labs.WinUI.CanvasLayout", "Labs\CanvasLayout\src\CommunityToolkit.Labs.WinUI.CanvasLayout.csproj", "{FE19FFF0-6AB6-4FC7-BFDF-B6499153DCD5}"
EndProject
Project("{9A19103F-16F7-4668-BE54-9A1E7A4F7556}") = "CanvasLayout.Sample", "Labs\CanvasLayout\samples\CanvasLayout.Sample\CanvasLayout.Sample.csproj", "{A14189C0-39A8-4FBE-BF86-A78A94654C48}"
EndProject
Project("{2150E333-8FDC-42A3-9474-1A3956D46DE8}") = "Library", "Library", "{EDD2FCF0-74FE-4AB9-B40A-7B2A4E89D59C}"
EndProject
Project("{9A19103F-16F7-4668-BE54-9A1E7A4F7556}") = "CanvasLayout.Wasm", "Labs\CanvasLayout\samples\CanvasLayout.Wasm\CanvasLayout.Wasm.csproj", "{E8E5AAAA-B15B-4B35-8673-118F6417B6F2}"
EndProject
Project("{2150E333-8FDC-42A3-9474-1A3956D46DE8}") = "Shared", "Shared", "{09003B35-7A35-4BD1-9A26-5CFD02AB88DD}"
EndProject
Project("{9A19103F-16F7-4668-BE54-9A1E7A4F7556}") = "CommunityToolkit.Labs.Core.SourceGenerators", "Common\CommunityToolkit.Labs.Core.SourceGenerators\CommunityToolkit.Labs.Core.SourceGenerators.csproj", "{5CB6662F-590F-4250-A19D-E27FEE9C2876}"
EndProject
Project("{9A19103F-16F7-4668-BE54-9A1E7A4F7556}") = "CommunityToolkit.Labs.Core.SourceGenerators.XamlNamedPropertyRelay", "Common\CommunityToolkit.Labs.Core.SourceGenerators.XamlNamedPropertyRelay\CommunityToolkit.Labs.Core.SourceGenerators.XamlNamedPropertyRelay.csproj", "{1683BA1A-5D66-4488-B7CA-6DF3FDE2701D}"
EndProject
Project("{9A19103F-16F7-4668-BE54-9A1E7A4F7556}") = "CommunityToolkit.Labs.Core.SourceGenerators.Tests", "Common\CommunityToolkit.Labs.Core.SourceGenerators.Tests\CommunityToolkit.Labs.Core.SourceGenerators.Tests\CommunityToolkit.Labs.Core.SourceGenerators.Tests.csproj", "{5BD4E79C-3744-4E89-A6F2-17FBAB7E3F68}"
EndProject
Project("{9A19103F-16F7-4668-BE54-9A1E7A4F7556}") = "CommunityToolkit.Labs.Wasm", "Platforms\CommunityToolkit.Labs.Wasm\CommunityToolkit.Labs.Wasm.csproj", "{20926634-C200-43A6-AE59-86F9C3878992}"
EndProject
Global
	GlobalSection(SharedMSBuildProjectFiles) = preSolution
		Common\CommunityToolkit.Labs.Shared\CommunityToolkit.Labs.Shared.projitems*{9503c27c-55a8-4b66-aa7b-14efdb940b13}*SharedItemsImports = 13
	EndGlobalSection
	GlobalSection(SolutionConfigurationPlatforms) = preSolution
		Ad-Hoc|Any CPU = Ad-Hoc|Any CPU
		Ad-Hoc|ARM = Ad-Hoc|ARM
		Ad-Hoc|ARM64 = Ad-Hoc|ARM64
		Ad-Hoc|iPhone = Ad-Hoc|iPhone
		Ad-Hoc|iPhoneSimulator = Ad-Hoc|iPhoneSimulator
		Ad-Hoc|x64 = Ad-Hoc|x64
		Ad-Hoc|x86 = Ad-Hoc|x86
		AppStore|Any CPU = AppStore|Any CPU
		AppStore|ARM = AppStore|ARM
		AppStore|ARM64 = AppStore|ARM64
		AppStore|iPhone = AppStore|iPhone
		AppStore|iPhoneSimulator = AppStore|iPhoneSimulator
		AppStore|x64 = AppStore|x64
		AppStore|x86 = AppStore|x86
		Debug|Any CPU = Debug|Any CPU
		Debug|ARM = Debug|ARM
		Debug|ARM64 = Debug|ARM64
		Debug|iPhone = Debug|iPhone
		Debug|iPhoneSimulator = Debug|iPhoneSimulator
		Debug|x64 = Debug|x64
		Debug|x86 = Debug|x86
		Release|Any CPU = Release|Any CPU
		Release|ARM = Release|ARM
		Release|ARM64 = Release|ARM64
		Release|iPhone = Release|iPhone
		Release|iPhoneSimulator = Release|iPhoneSimulator
		Release|x64 = Release|x64
		Release|x86 = Release|x86
	EndGlobalSection
	GlobalSection(ProjectConfigurationPlatforms) = postSolution
		{FE19FFF0-6AB6-4FC7-BFDF-B6499153DCD5}.Ad-Hoc|Any CPU.ActiveCfg = Release|Any CPU
		{FE19FFF0-6AB6-4FC7-BFDF-B6499153DCD5}.Ad-Hoc|Any CPU.Build.0 = Release|Any CPU
		{FE19FFF0-6AB6-4FC7-BFDF-B6499153DCD5}.Ad-Hoc|ARM.ActiveCfg = Release|Any CPU
		{FE19FFF0-6AB6-4FC7-BFDF-B6499153DCD5}.Ad-Hoc|ARM.Build.0 = Release|Any CPU
		{FE19FFF0-6AB6-4FC7-BFDF-B6499153DCD5}.Ad-Hoc|ARM64.ActiveCfg = Release|Any CPU
		{FE19FFF0-6AB6-4FC7-BFDF-B6499153DCD5}.Ad-Hoc|ARM64.Build.0 = Release|Any CPU
		{FE19FFF0-6AB6-4FC7-BFDF-B6499153DCD5}.Ad-Hoc|iPhone.ActiveCfg = Release|Any CPU
		{FE19FFF0-6AB6-4FC7-BFDF-B6499153DCD5}.Ad-Hoc|iPhone.Build.0 = Release|Any CPU
		{FE19FFF0-6AB6-4FC7-BFDF-B6499153DCD5}.Ad-Hoc|iPhoneSimulator.ActiveCfg = Release|Any CPU
		{FE19FFF0-6AB6-4FC7-BFDF-B6499153DCD5}.Ad-Hoc|iPhoneSimulator.Build.0 = Release|Any CPU
		{FE19FFF0-6AB6-4FC7-BFDF-B6499153DCD5}.Ad-Hoc|x64.ActiveCfg = Release|Any CPU
		{FE19FFF0-6AB6-4FC7-BFDF-B6499153DCD5}.Ad-Hoc|x64.Build.0 = Release|Any CPU
		{FE19FFF0-6AB6-4FC7-BFDF-B6499153DCD5}.Ad-Hoc|x86.ActiveCfg = Release|Any CPU
		{FE19FFF0-6AB6-4FC7-BFDF-B6499153DCD5}.Ad-Hoc|x86.Build.0 = Release|Any CPU
		{FE19FFF0-6AB6-4FC7-BFDF-B6499153DCD5}.AppStore|Any CPU.ActiveCfg = Release|Any CPU
		{FE19FFF0-6AB6-4FC7-BFDF-B6499153DCD5}.AppStore|Any CPU.Build.0 = Release|Any CPU
		{FE19FFF0-6AB6-4FC7-BFDF-B6499153DCD5}.AppStore|ARM.ActiveCfg = Release|Any CPU
		{FE19FFF0-6AB6-4FC7-BFDF-B6499153DCD5}.AppStore|ARM.Build.0 = Release|Any CPU
		{FE19FFF0-6AB6-4FC7-BFDF-B6499153DCD5}.AppStore|ARM64.ActiveCfg = Release|Any CPU
		{FE19FFF0-6AB6-4FC7-BFDF-B6499153DCD5}.AppStore|ARM64.Build.0 = Release|Any CPU
		{FE19FFF0-6AB6-4FC7-BFDF-B6499153DCD5}.AppStore|iPhone.ActiveCfg = Release|Any CPU
		{FE19FFF0-6AB6-4FC7-BFDF-B6499153DCD5}.AppStore|iPhone.Build.0 = Release|Any CPU
		{FE19FFF0-6AB6-4FC7-BFDF-B6499153DCD5}.AppStore|iPhoneSimulator.ActiveCfg = Release|Any CPU
		{FE19FFF0-6AB6-4FC7-BFDF-B6499153DCD5}.AppStore|iPhoneSimulator.Build.0 = Release|Any CPU
		{FE19FFF0-6AB6-4FC7-BFDF-B6499153DCD5}.AppStore|x64.ActiveCfg = Release|Any CPU
		{FE19FFF0-6AB6-4FC7-BFDF-B6499153DCD5}.AppStore|x64.Build.0 = Release|Any CPU
		{FE19FFF0-6AB6-4FC7-BFDF-B6499153DCD5}.AppStore|x86.ActiveCfg = Release|Any CPU
		{FE19FFF0-6AB6-4FC7-BFDF-B6499153DCD5}.AppStore|x86.Build.0 = Release|Any CPU
		{FE19FFF0-6AB6-4FC7-BFDF-B6499153DCD5}.Debug|Any CPU.ActiveCfg = Debug|Any CPU
		{FE19FFF0-6AB6-4FC7-BFDF-B6499153DCD5}.Debug|Any CPU.Build.0 = Debug|Any CPU
		{FE19FFF0-6AB6-4FC7-BFDF-B6499153DCD5}.Debug|ARM.ActiveCfg = Debug|Any CPU
		{FE19FFF0-6AB6-4FC7-BFDF-B6499153DCD5}.Debug|ARM.Build.0 = Debug|Any CPU
		{FE19FFF0-6AB6-4FC7-BFDF-B6499153DCD5}.Debug|ARM64.ActiveCfg = Debug|Any CPU
		{FE19FFF0-6AB6-4FC7-BFDF-B6499153DCD5}.Debug|ARM64.Build.0 = Debug|Any CPU
		{FE19FFF0-6AB6-4FC7-BFDF-B6499153DCD5}.Debug|iPhone.ActiveCfg = Debug|Any CPU
		{FE19FFF0-6AB6-4FC7-BFDF-B6499153DCD5}.Debug|iPhone.Build.0 = Debug|Any CPU
		{FE19FFF0-6AB6-4FC7-BFDF-B6499153DCD5}.Debug|iPhoneSimulator.ActiveCfg = Debug|Any CPU
		{FE19FFF0-6AB6-4FC7-BFDF-B6499153DCD5}.Debug|iPhoneSimulator.Build.0 = Debug|Any CPU
		{FE19FFF0-6AB6-4FC7-BFDF-B6499153DCD5}.Debug|x64.ActiveCfg = Debug|Any CPU
		{FE19FFF0-6AB6-4FC7-BFDF-B6499153DCD5}.Debug|x64.Build.0 = Debug|Any CPU
		{FE19FFF0-6AB6-4FC7-BFDF-B6499153DCD5}.Debug|x86.ActiveCfg = Debug|Any CPU
		{FE19FFF0-6AB6-4FC7-BFDF-B6499153DCD5}.Debug|x86.Build.0 = Debug|Any CPU
		{FE19FFF0-6AB6-4FC7-BFDF-B6499153DCD5}.Release|Any CPU.ActiveCfg = Release|Any CPU
		{FE19FFF0-6AB6-4FC7-BFDF-B6499153DCD5}.Release|Any CPU.Build.0 = Release|Any CPU
		{FE19FFF0-6AB6-4FC7-BFDF-B6499153DCD5}.Release|ARM.ActiveCfg = Release|Any CPU
		{FE19FFF0-6AB6-4FC7-BFDF-B6499153DCD5}.Release|ARM.Build.0 = Release|Any CPU
		{FE19FFF0-6AB6-4FC7-BFDF-B6499153DCD5}.Release|ARM64.ActiveCfg = Release|Any CPU
		{FE19FFF0-6AB6-4FC7-BFDF-B6499153DCD5}.Release|ARM64.Build.0 = Release|Any CPU
		{FE19FFF0-6AB6-4FC7-BFDF-B6499153DCD5}.Release|iPhone.ActiveCfg = Release|Any CPU
		{FE19FFF0-6AB6-4FC7-BFDF-B6499153DCD5}.Release|iPhone.Build.0 = Release|Any CPU
		{FE19FFF0-6AB6-4FC7-BFDF-B6499153DCD5}.Release|iPhoneSimulator.ActiveCfg = Release|Any CPU
		{FE19FFF0-6AB6-4FC7-BFDF-B6499153DCD5}.Release|iPhoneSimulator.Build.0 = Release|Any CPU
		{FE19FFF0-6AB6-4FC7-BFDF-B6499153DCD5}.Release|x64.ActiveCfg = Release|Any CPU
		{FE19FFF0-6AB6-4FC7-BFDF-B6499153DCD5}.Release|x64.Build.0 = Release|Any CPU
		{FE19FFF0-6AB6-4FC7-BFDF-B6499153DCD5}.Release|x86.ActiveCfg = Release|Any CPU
		{FE19FFF0-6AB6-4FC7-BFDF-B6499153DCD5}.Release|x86.Build.0 = Release|Any CPU
		{A14189C0-39A8-4FBE-BF86-A78A94654C48}.Ad-Hoc|Any CPU.ActiveCfg = Release|Any CPU
		{A14189C0-39A8-4FBE-BF86-A78A94654C48}.Ad-Hoc|Any CPU.Build.0 = Release|Any CPU
		{A14189C0-39A8-4FBE-BF86-A78A94654C48}.Ad-Hoc|ARM.ActiveCfg = Release|Any CPU
		{A14189C0-39A8-4FBE-BF86-A78A94654C48}.Ad-Hoc|ARM.Build.0 = Release|Any CPU
		{A14189C0-39A8-4FBE-BF86-A78A94654C48}.Ad-Hoc|ARM64.ActiveCfg = Release|Any CPU
		{A14189C0-39A8-4FBE-BF86-A78A94654C48}.Ad-Hoc|ARM64.Build.0 = Release|Any CPU
		{A14189C0-39A8-4FBE-BF86-A78A94654C48}.Ad-Hoc|iPhone.ActiveCfg = Release|Any CPU
		{A14189C0-39A8-4FBE-BF86-A78A94654C48}.Ad-Hoc|iPhone.Build.0 = Release|Any CPU
		{A14189C0-39A8-4FBE-BF86-A78A94654C48}.Ad-Hoc|iPhoneSimulator.ActiveCfg = Release|Any CPU
		{A14189C0-39A8-4FBE-BF86-A78A94654C48}.Ad-Hoc|iPhoneSimulator.Build.0 = Release|Any CPU
		{A14189C0-39A8-4FBE-BF86-A78A94654C48}.Ad-Hoc|x64.ActiveCfg = Release|Any CPU
		{A14189C0-39A8-4FBE-BF86-A78A94654C48}.Ad-Hoc|x64.Build.0 = Release|Any CPU
		{A14189C0-39A8-4FBE-BF86-A78A94654C48}.Ad-Hoc|x86.ActiveCfg = Release|Any CPU
		{A14189C0-39A8-4FBE-BF86-A78A94654C48}.Ad-Hoc|x86.Build.0 = Release|Any CPU
		{A14189C0-39A8-4FBE-BF86-A78A94654C48}.AppStore|Any CPU.ActiveCfg = Release|Any CPU
		{A14189C0-39A8-4FBE-BF86-A78A94654C48}.AppStore|Any CPU.Build.0 = Release|Any CPU
		{A14189C0-39A8-4FBE-BF86-A78A94654C48}.AppStore|ARM.ActiveCfg = Release|Any CPU
		{A14189C0-39A8-4FBE-BF86-A78A94654C48}.AppStore|ARM.Build.0 = Release|Any CPU
		{A14189C0-39A8-4FBE-BF86-A78A94654C48}.AppStore|ARM64.ActiveCfg = Release|Any CPU
		{A14189C0-39A8-4FBE-BF86-A78A94654C48}.AppStore|ARM64.Build.0 = Release|Any CPU
		{A14189C0-39A8-4FBE-BF86-A78A94654C48}.AppStore|iPhone.ActiveCfg = Release|Any CPU
		{A14189C0-39A8-4FBE-BF86-A78A94654C48}.AppStore|iPhone.Build.0 = Release|Any CPU
		{A14189C0-39A8-4FBE-BF86-A78A94654C48}.AppStore|iPhoneSimulator.ActiveCfg = Release|Any CPU
		{A14189C0-39A8-4FBE-BF86-A78A94654C48}.AppStore|iPhoneSimulator.Build.0 = Release|Any CPU
		{A14189C0-39A8-4FBE-BF86-A78A94654C48}.AppStore|x64.ActiveCfg = Release|Any CPU
		{A14189C0-39A8-4FBE-BF86-A78A94654C48}.AppStore|x64.Build.0 = Release|Any CPU
		{A14189C0-39A8-4FBE-BF86-A78A94654C48}.AppStore|x86.ActiveCfg = Release|Any CPU
		{A14189C0-39A8-4FBE-BF86-A78A94654C48}.AppStore|x86.Build.0 = Release|Any CPU
		{A14189C0-39A8-4FBE-BF86-A78A94654C48}.Debug|Any CPU.ActiveCfg = Debug|Any CPU
		{A14189C0-39A8-4FBE-BF86-A78A94654C48}.Debug|Any CPU.Build.0 = Debug|Any CPU
		{A14189C0-39A8-4FBE-BF86-A78A94654C48}.Debug|ARM.ActiveCfg = Debug|Any CPU
		{A14189C0-39A8-4FBE-BF86-A78A94654C48}.Debug|ARM.Build.0 = Debug|Any CPU
		{A14189C0-39A8-4FBE-BF86-A78A94654C48}.Debug|ARM64.ActiveCfg = Debug|Any CPU
		{A14189C0-39A8-4FBE-BF86-A78A94654C48}.Debug|ARM64.Build.0 = Debug|Any CPU
		{A14189C0-39A8-4FBE-BF86-A78A94654C48}.Debug|iPhone.ActiveCfg = Debug|Any CPU
		{A14189C0-39A8-4FBE-BF86-A78A94654C48}.Debug|iPhone.Build.0 = Debug|Any CPU
		{A14189C0-39A8-4FBE-BF86-A78A94654C48}.Debug|iPhoneSimulator.ActiveCfg = Debug|Any CPU
		{A14189C0-39A8-4FBE-BF86-A78A94654C48}.Debug|iPhoneSimulator.Build.0 = Debug|Any CPU
		{A14189C0-39A8-4FBE-BF86-A78A94654C48}.Debug|x64.ActiveCfg = Debug|Any CPU
		{A14189C0-39A8-4FBE-BF86-A78A94654C48}.Debug|x64.Build.0 = Debug|Any CPU
		{A14189C0-39A8-4FBE-BF86-A78A94654C48}.Debug|x86.ActiveCfg = Debug|Any CPU
		{A14189C0-39A8-4FBE-BF86-A78A94654C48}.Debug|x86.Build.0 = Debug|Any CPU
		{A14189C0-39A8-4FBE-BF86-A78A94654C48}.Release|Any CPU.ActiveCfg = Release|Any CPU
		{A14189C0-39A8-4FBE-BF86-A78A94654C48}.Release|Any CPU.Build.0 = Release|Any CPU
		{A14189C0-39A8-4FBE-BF86-A78A94654C48}.Release|ARM.ActiveCfg = Release|Any CPU
		{A14189C0-39A8-4FBE-BF86-A78A94654C48}.Release|ARM.Build.0 = Release|Any CPU
		{A14189C0-39A8-4FBE-BF86-A78A94654C48}.Release|ARM64.ActiveCfg = Release|Any CPU
		{A14189C0-39A8-4FBE-BF86-A78A94654C48}.Release|ARM64.Build.0 = Release|Any CPU
		{A14189C0-39A8-4FBE-BF86-A78A94654C48}.Release|iPhone.ActiveCfg = Release|Any CPU
		{A14189C0-39A8-4FBE-BF86-A78A94654C48}.Release|iPhone.Build.0 = Release|Any CPU
		{A14189C0-39A8-4FBE-BF86-A78A94654C48}.Release|iPhoneSimulator.ActiveCfg = Release|Any CPU
		{A14189C0-39A8-4FBE-BF86-A78A94654C48}.Release|iPhoneSimulator.Build.0 = Release|Any CPU
		{A14189C0-39A8-4FBE-BF86-A78A94654C48}.Release|x64.ActiveCfg = Release|Any CPU
		{A14189C0-39A8-4FBE-BF86-A78A94654C48}.Release|x64.Build.0 = Release|Any CPU
		{A14189C0-39A8-4FBE-BF86-A78A94654C48}.Release|x86.ActiveCfg = Release|Any CPU
		{A14189C0-39A8-4FBE-BF86-A78A94654C48}.Release|x86.Build.0 = Release|Any CPU
		{E8E5AAAA-B15B-4B35-8673-118F6417B6F2}.Ad-Hoc|Any CPU.ActiveCfg = Release|Any CPU
		{E8E5AAAA-B15B-4B35-8673-118F6417B6F2}.Ad-Hoc|Any CPU.Build.0 = Release|Any CPU
		{E8E5AAAA-B15B-4B35-8673-118F6417B6F2}.Ad-Hoc|ARM.ActiveCfg = Release|Any CPU
		{E8E5AAAA-B15B-4B35-8673-118F6417B6F2}.Ad-Hoc|ARM.Build.0 = Release|Any CPU
		{E8E5AAAA-B15B-4B35-8673-118F6417B6F2}.Ad-Hoc|ARM64.ActiveCfg = Release|Any CPU
		{E8E5AAAA-B15B-4B35-8673-118F6417B6F2}.Ad-Hoc|ARM64.Build.0 = Release|Any CPU
		{E8E5AAAA-B15B-4B35-8673-118F6417B6F2}.Ad-Hoc|iPhone.ActiveCfg = Release|Any CPU
		{E8E5AAAA-B15B-4B35-8673-118F6417B6F2}.Ad-Hoc|iPhone.Build.0 = Release|Any CPU
		{E8E5AAAA-B15B-4B35-8673-118F6417B6F2}.Ad-Hoc|iPhoneSimulator.ActiveCfg = Release|Any CPU
		{E8E5AAAA-B15B-4B35-8673-118F6417B6F2}.Ad-Hoc|iPhoneSimulator.Build.0 = Release|Any CPU
		{E8E5AAAA-B15B-4B35-8673-118F6417B6F2}.Ad-Hoc|x64.ActiveCfg = Release|Any CPU
		{E8E5AAAA-B15B-4B35-8673-118F6417B6F2}.Ad-Hoc|x64.Build.0 = Release|Any CPU
		{E8E5AAAA-B15B-4B35-8673-118F6417B6F2}.Ad-Hoc|x86.ActiveCfg = Release|Any CPU
		{E8E5AAAA-B15B-4B35-8673-118F6417B6F2}.Ad-Hoc|x86.Build.0 = Release|Any CPU
		{E8E5AAAA-B15B-4B35-8673-118F6417B6F2}.AppStore|Any CPU.ActiveCfg = Release|Any CPU
		{E8E5AAAA-B15B-4B35-8673-118F6417B6F2}.AppStore|Any CPU.Build.0 = Release|Any CPU
		{E8E5AAAA-B15B-4B35-8673-118F6417B6F2}.AppStore|ARM.ActiveCfg = Release|Any CPU
		{E8E5AAAA-B15B-4B35-8673-118F6417B6F2}.AppStore|ARM.Build.0 = Release|Any CPU
		{E8E5AAAA-B15B-4B35-8673-118F6417B6F2}.AppStore|ARM64.ActiveCfg = Release|Any CPU
		{E8E5AAAA-B15B-4B35-8673-118F6417B6F2}.AppStore|ARM64.Build.0 = Release|Any CPU
		{E8E5AAAA-B15B-4B35-8673-118F6417B6F2}.AppStore|iPhone.ActiveCfg = Release|Any CPU
		{E8E5AAAA-B15B-4B35-8673-118F6417B6F2}.AppStore|iPhone.Build.0 = Release|Any CPU
		{E8E5AAAA-B15B-4B35-8673-118F6417B6F2}.AppStore|iPhoneSimulator.ActiveCfg = Release|Any CPU
		{E8E5AAAA-B15B-4B35-8673-118F6417B6F2}.AppStore|iPhoneSimulator.Build.0 = Release|Any CPU
		{E8E5AAAA-B15B-4B35-8673-118F6417B6F2}.AppStore|x64.ActiveCfg = Release|Any CPU
		{E8E5AAAA-B15B-4B35-8673-118F6417B6F2}.AppStore|x64.Build.0 = Release|Any CPU
		{E8E5AAAA-B15B-4B35-8673-118F6417B6F2}.AppStore|x86.ActiveCfg = Release|Any CPU
		{E8E5AAAA-B15B-4B35-8673-118F6417B6F2}.AppStore|x86.Build.0 = Release|Any CPU
		{E8E5AAAA-B15B-4B35-8673-118F6417B6F2}.Debug|Any CPU.ActiveCfg = Debug|Any CPU
		{E8E5AAAA-B15B-4B35-8673-118F6417B6F2}.Debug|Any CPU.Build.0 = Debug|Any CPU
		{E8E5AAAA-B15B-4B35-8673-118F6417B6F2}.Debug|ARM.ActiveCfg = Debug|Any CPU
		{E8E5AAAA-B15B-4B35-8673-118F6417B6F2}.Debug|ARM.Build.0 = Debug|Any CPU
		{E8E5AAAA-B15B-4B35-8673-118F6417B6F2}.Debug|ARM64.ActiveCfg = Debug|Any CPU
		{E8E5AAAA-B15B-4B35-8673-118F6417B6F2}.Debug|ARM64.Build.0 = Debug|Any CPU
		{E8E5AAAA-B15B-4B35-8673-118F6417B6F2}.Debug|iPhone.ActiveCfg = Debug|Any CPU
		{E8E5AAAA-B15B-4B35-8673-118F6417B6F2}.Debug|iPhone.Build.0 = Debug|Any CPU
		{E8E5AAAA-B15B-4B35-8673-118F6417B6F2}.Debug|iPhoneSimulator.ActiveCfg = Debug|Any CPU
		{E8E5AAAA-B15B-4B35-8673-118F6417B6F2}.Debug|iPhoneSimulator.Build.0 = Debug|Any CPU
		{E8E5AAAA-B15B-4B35-8673-118F6417B6F2}.Debug|x64.ActiveCfg = Debug|Any CPU
		{E8E5AAAA-B15B-4B35-8673-118F6417B6F2}.Debug|x64.Build.0 = Debug|Any CPU
		{E8E5AAAA-B15B-4B35-8673-118F6417B6F2}.Debug|x86.ActiveCfg = Debug|Any CPU
		{E8E5AAAA-B15B-4B35-8673-118F6417B6F2}.Debug|x86.Build.0 = Debug|Any CPU
		{E8E5AAAA-B15B-4B35-8673-118F6417B6F2}.Release|Any CPU.ActiveCfg = Release|Any CPU
		{E8E5AAAA-B15B-4B35-8673-118F6417B6F2}.Release|Any CPU.Build.0 = Release|Any CPU
		{E8E5AAAA-B15B-4B35-8673-118F6417B6F2}.Release|ARM.ActiveCfg = Release|Any CPU
		{E8E5AAAA-B15B-4B35-8673-118F6417B6F2}.Release|ARM.Build.0 = Release|Any CPU
		{E8E5AAAA-B15B-4B35-8673-118F6417B6F2}.Release|ARM64.ActiveCfg = Release|Any CPU
		{E8E5AAAA-B15B-4B35-8673-118F6417B6F2}.Release|ARM64.Build.0 = Release|Any CPU
		{E8E5AAAA-B15B-4B35-8673-118F6417B6F2}.Release|iPhone.ActiveCfg = Release|Any CPU
		{E8E5AAAA-B15B-4B35-8673-118F6417B6F2}.Release|iPhone.Build.0 = Release|Any CPU
		{E8E5AAAA-B15B-4B35-8673-118F6417B6F2}.Release|iPhoneSimulator.ActiveCfg = Release|Any CPU
		{E8E5AAAA-B15B-4B35-8673-118F6417B6F2}.Release|iPhoneSimulator.Build.0 = Release|Any CPU
		{E8E5AAAA-B15B-4B35-8673-118F6417B6F2}.Release|x64.ActiveCfg = Release|Any CPU
		{E8E5AAAA-B15B-4B35-8673-118F6417B6F2}.Release|x64.Build.0 = Release|Any CPU
		{E8E5AAAA-B15B-4B35-8673-118F6417B6F2}.Release|x86.ActiveCfg = Release|Any CPU
		{E8E5AAAA-B15B-4B35-8673-118F6417B6F2}.Release|x86.Build.0 = Release|Any CPU
		{5CB6662F-590F-4250-A19D-E27FEE9C2876}.Ad-Hoc|Any CPU.ActiveCfg = Release|Any CPU
		{5CB6662F-590F-4250-A19D-E27FEE9C2876}.Ad-Hoc|Any CPU.Build.0 = Release|Any CPU
		{5CB6662F-590F-4250-A19D-E27FEE9C2876}.Ad-Hoc|ARM.ActiveCfg = Release|Any CPU
		{5CB6662F-590F-4250-A19D-E27FEE9C2876}.Ad-Hoc|ARM.Build.0 = Release|Any CPU
		{5CB6662F-590F-4250-A19D-E27FEE9C2876}.Ad-Hoc|ARM64.ActiveCfg = Release|Any CPU
		{5CB6662F-590F-4250-A19D-E27FEE9C2876}.Ad-Hoc|ARM64.Build.0 = Release|Any CPU
		{5CB6662F-590F-4250-A19D-E27FEE9C2876}.Ad-Hoc|iPhone.ActiveCfg = Release|Any CPU
		{5CB6662F-590F-4250-A19D-E27FEE9C2876}.Ad-Hoc|iPhone.Build.0 = Release|Any CPU
		{5CB6662F-590F-4250-A19D-E27FEE9C2876}.Ad-Hoc|iPhoneSimulator.ActiveCfg = Release|Any CPU
		{5CB6662F-590F-4250-A19D-E27FEE9C2876}.Ad-Hoc|iPhoneSimulator.Build.0 = Release|Any CPU
		{5CB6662F-590F-4250-A19D-E27FEE9C2876}.Ad-Hoc|x64.ActiveCfg = Release|Any CPU
		{5CB6662F-590F-4250-A19D-E27FEE9C2876}.Ad-Hoc|x64.Build.0 = Release|Any CPU
		{5CB6662F-590F-4250-A19D-E27FEE9C2876}.Ad-Hoc|x86.ActiveCfg = Release|Any CPU
		{5CB6662F-590F-4250-A19D-E27FEE9C2876}.Ad-Hoc|x86.Build.0 = Release|Any CPU
		{5CB6662F-590F-4250-A19D-E27FEE9C2876}.AppStore|Any CPU.ActiveCfg = Release|Any CPU
		{5CB6662F-590F-4250-A19D-E27FEE9C2876}.AppStore|Any CPU.Build.0 = Release|Any CPU
		{5CB6662F-590F-4250-A19D-E27FEE9C2876}.AppStore|ARM.ActiveCfg = Release|Any CPU
		{5CB6662F-590F-4250-A19D-E27FEE9C2876}.AppStore|ARM.Build.0 = Release|Any CPU
		{5CB6662F-590F-4250-A19D-E27FEE9C2876}.AppStore|ARM64.ActiveCfg = Release|Any CPU
		{5CB6662F-590F-4250-A19D-E27FEE9C2876}.AppStore|ARM64.Build.0 = Release|Any CPU
		{5CB6662F-590F-4250-A19D-E27FEE9C2876}.AppStore|iPhone.ActiveCfg = Release|Any CPU
		{5CB6662F-590F-4250-A19D-E27FEE9C2876}.AppStore|iPhone.Build.0 = Release|Any CPU
		{5CB6662F-590F-4250-A19D-E27FEE9C2876}.AppStore|iPhoneSimulator.ActiveCfg = Release|Any CPU
		{5CB6662F-590F-4250-A19D-E27FEE9C2876}.AppStore|iPhoneSimulator.Build.0 = Release|Any CPU
		{5CB6662F-590F-4250-A19D-E27FEE9C2876}.AppStore|x64.ActiveCfg = Release|Any CPU
		{5CB6662F-590F-4250-A19D-E27FEE9C2876}.AppStore|x64.Build.0 = Release|Any CPU
		{5CB6662F-590F-4250-A19D-E27FEE9C2876}.AppStore|x86.ActiveCfg = Release|Any CPU
		{5CB6662F-590F-4250-A19D-E27FEE9C2876}.AppStore|x86.Build.0 = Release|Any CPU
		{5CB6662F-590F-4250-A19D-E27FEE9C2876}.Debug|Any CPU.ActiveCfg = Debug|Any CPU
		{5CB6662F-590F-4250-A19D-E27FEE9C2876}.Debug|Any CPU.Build.0 = Debug|Any CPU
		{5CB6662F-590F-4250-A19D-E27FEE9C2876}.Debug|ARM.ActiveCfg = Debug|Any CPU
		{5CB6662F-590F-4250-A19D-E27FEE9C2876}.Debug|ARM.Build.0 = Debug|Any CPU
		{5CB6662F-590F-4250-A19D-E27FEE9C2876}.Debug|ARM64.ActiveCfg = Debug|Any CPU
		{5CB6662F-590F-4250-A19D-E27FEE9C2876}.Debug|ARM64.Build.0 = Debug|Any CPU
		{5CB6662F-590F-4250-A19D-E27FEE9C2876}.Debug|iPhone.ActiveCfg = Debug|Any CPU
		{5CB6662F-590F-4250-A19D-E27FEE9C2876}.Debug|iPhone.Build.0 = Debug|Any CPU
		{5CB6662F-590F-4250-A19D-E27FEE9C2876}.Debug|iPhoneSimulator.ActiveCfg = Debug|Any CPU
		{5CB6662F-590F-4250-A19D-E27FEE9C2876}.Debug|iPhoneSimulator.Build.0 = Debug|Any CPU
		{5CB6662F-590F-4250-A19D-E27FEE9C2876}.Debug|x64.ActiveCfg = Debug|Any CPU
		{5CB6662F-590F-4250-A19D-E27FEE9C2876}.Debug|x64.Build.0 = Debug|Any CPU
		{5CB6662F-590F-4250-A19D-E27FEE9C2876}.Debug|x86.ActiveCfg = Debug|Any CPU
		{5CB6662F-590F-4250-A19D-E27FEE9C2876}.Debug|x86.Build.0 = Debug|Any CPU
		{5CB6662F-590F-4250-A19D-E27FEE9C2876}.Release|Any CPU.ActiveCfg = Release|Any CPU
		{5CB6662F-590F-4250-A19D-E27FEE9C2876}.Release|Any CPU.Build.0 = Release|Any CPU
		{5CB6662F-590F-4250-A19D-E27FEE9C2876}.Release|ARM.ActiveCfg = Release|Any CPU
		{5CB6662F-590F-4250-A19D-E27FEE9C2876}.Release|ARM.Build.0 = Release|Any CPU
		{5CB6662F-590F-4250-A19D-E27FEE9C2876}.Release|ARM64.ActiveCfg = Release|Any CPU
		{5CB6662F-590F-4250-A19D-E27FEE9C2876}.Release|ARM64.Build.0 = Release|Any CPU
		{5CB6662F-590F-4250-A19D-E27FEE9C2876}.Release|iPhone.ActiveCfg = Release|Any CPU
		{5CB6662F-590F-4250-A19D-E27FEE9C2876}.Release|iPhone.Build.0 = Release|Any CPU
		{5CB6662F-590F-4250-A19D-E27FEE9C2876}.Release|iPhoneSimulator.ActiveCfg = Release|Any CPU
		{5CB6662F-590F-4250-A19D-E27FEE9C2876}.Release|iPhoneSimulator.Build.0 = Release|Any CPU
		{5CB6662F-590F-4250-A19D-E27FEE9C2876}.Release|x64.ActiveCfg = Release|Any CPU
		{5CB6662F-590F-4250-A19D-E27FEE9C2876}.Release|x64.Build.0 = Release|Any CPU
		{5CB6662F-590F-4250-A19D-E27FEE9C2876}.Release|x86.ActiveCfg = Release|Any CPU
		{5CB6662F-590F-4250-A19D-E27FEE9C2876}.Release|x86.Build.0 = Release|Any CPU
		{1683BA1A-5D66-4488-B7CA-6DF3FDE2701D}.Ad-Hoc|Any CPU.ActiveCfg = Release|Any CPU
		{1683BA1A-5D66-4488-B7CA-6DF3FDE2701D}.Ad-Hoc|Any CPU.Build.0 = Release|Any CPU
		{1683BA1A-5D66-4488-B7CA-6DF3FDE2701D}.Ad-Hoc|ARM.ActiveCfg = Release|Any CPU
		{1683BA1A-5D66-4488-B7CA-6DF3FDE2701D}.Ad-Hoc|ARM.Build.0 = Release|Any CPU
		{1683BA1A-5D66-4488-B7CA-6DF3FDE2701D}.Ad-Hoc|ARM64.ActiveCfg = Release|Any CPU
		{1683BA1A-5D66-4488-B7CA-6DF3FDE2701D}.Ad-Hoc|ARM64.Build.0 = Release|Any CPU
		{1683BA1A-5D66-4488-B7CA-6DF3FDE2701D}.Ad-Hoc|iPhone.ActiveCfg = Release|Any CPU
		{1683BA1A-5D66-4488-B7CA-6DF3FDE2701D}.Ad-Hoc|iPhone.Build.0 = Release|Any CPU
		{1683BA1A-5D66-4488-B7CA-6DF3FDE2701D}.Ad-Hoc|iPhoneSimulator.ActiveCfg = Release|Any CPU
		{1683BA1A-5D66-4488-B7CA-6DF3FDE2701D}.Ad-Hoc|iPhoneSimulator.Build.0 = Release|Any CPU
		{1683BA1A-5D66-4488-B7CA-6DF3FDE2701D}.Ad-Hoc|x64.ActiveCfg = Release|Any CPU
		{1683BA1A-5D66-4488-B7CA-6DF3FDE2701D}.Ad-Hoc|x64.Build.0 = Release|Any CPU
		{1683BA1A-5D66-4488-B7CA-6DF3FDE2701D}.Ad-Hoc|x86.ActiveCfg = Release|Any CPU
		{1683BA1A-5D66-4488-B7CA-6DF3FDE2701D}.Ad-Hoc|x86.Build.0 = Release|Any CPU
		{1683BA1A-5D66-4488-B7CA-6DF3FDE2701D}.AppStore|Any CPU.ActiveCfg = Release|Any CPU
		{1683BA1A-5D66-4488-B7CA-6DF3FDE2701D}.AppStore|Any CPU.Build.0 = Release|Any CPU
		{1683BA1A-5D66-4488-B7CA-6DF3FDE2701D}.AppStore|ARM.ActiveCfg = Release|Any CPU
		{1683BA1A-5D66-4488-B7CA-6DF3FDE2701D}.AppStore|ARM.Build.0 = Release|Any CPU
		{1683BA1A-5D66-4488-B7CA-6DF3FDE2701D}.AppStore|ARM64.ActiveCfg = Release|Any CPU
		{1683BA1A-5D66-4488-B7CA-6DF3FDE2701D}.AppStore|ARM64.Build.0 = Release|Any CPU
		{1683BA1A-5D66-4488-B7CA-6DF3FDE2701D}.AppStore|iPhone.ActiveCfg = Release|Any CPU
		{1683BA1A-5D66-4488-B7CA-6DF3FDE2701D}.AppStore|iPhone.Build.0 = Release|Any CPU
		{1683BA1A-5D66-4488-B7CA-6DF3FDE2701D}.AppStore|iPhoneSimulator.ActiveCfg = Release|Any CPU
		{1683BA1A-5D66-4488-B7CA-6DF3FDE2701D}.AppStore|iPhoneSimulator.Build.0 = Release|Any CPU
		{1683BA1A-5D66-4488-B7CA-6DF3FDE2701D}.AppStore|x64.ActiveCfg = Release|Any CPU
		{1683BA1A-5D66-4488-B7CA-6DF3FDE2701D}.AppStore|x64.Build.0 = Release|Any CPU
		{1683BA1A-5D66-4488-B7CA-6DF3FDE2701D}.AppStore|x86.ActiveCfg = Release|Any CPU
		{1683BA1A-5D66-4488-B7CA-6DF3FDE2701D}.AppStore|x86.Build.0 = Release|Any CPU
		{1683BA1A-5D66-4488-B7CA-6DF3FDE2701D}.Debug|Any CPU.ActiveCfg = Debug|Any CPU
		{1683BA1A-5D66-4488-B7CA-6DF3FDE2701D}.Debug|Any CPU.Build.0 = Debug|Any CPU
		{1683BA1A-5D66-4488-B7CA-6DF3FDE2701D}.Debug|ARM.ActiveCfg = Debug|Any CPU
		{1683BA1A-5D66-4488-B7CA-6DF3FDE2701D}.Debug|ARM.Build.0 = Debug|Any CPU
		{1683BA1A-5D66-4488-B7CA-6DF3FDE2701D}.Debug|ARM64.ActiveCfg = Debug|Any CPU
		{1683BA1A-5D66-4488-B7CA-6DF3FDE2701D}.Debug|ARM64.Build.0 = Debug|Any CPU
		{1683BA1A-5D66-4488-B7CA-6DF3FDE2701D}.Debug|iPhone.ActiveCfg = Debug|Any CPU
		{1683BA1A-5D66-4488-B7CA-6DF3FDE2701D}.Debug|iPhone.Build.0 = Debug|Any CPU
		{1683BA1A-5D66-4488-B7CA-6DF3FDE2701D}.Debug|iPhoneSimulator.ActiveCfg = Debug|Any CPU
		{1683BA1A-5D66-4488-B7CA-6DF3FDE2701D}.Debug|iPhoneSimulator.Build.0 = Debug|Any CPU
		{1683BA1A-5D66-4488-B7CA-6DF3FDE2701D}.Debug|x64.ActiveCfg = Debug|Any CPU
		{1683BA1A-5D66-4488-B7CA-6DF3FDE2701D}.Debug|x64.Build.0 = Debug|Any CPU
		{1683BA1A-5D66-4488-B7CA-6DF3FDE2701D}.Debug|x86.ActiveCfg = Debug|Any CPU
		{1683BA1A-5D66-4488-B7CA-6DF3FDE2701D}.Debug|x86.Build.0 = Debug|Any CPU
		{1683BA1A-5D66-4488-B7CA-6DF3FDE2701D}.Release|Any CPU.ActiveCfg = Release|Any CPU
		{1683BA1A-5D66-4488-B7CA-6DF3FDE2701D}.Release|Any CPU.Build.0 = Release|Any CPU
		{1683BA1A-5D66-4488-B7CA-6DF3FDE2701D}.Release|ARM.ActiveCfg = Release|Any CPU
		{1683BA1A-5D66-4488-B7CA-6DF3FDE2701D}.Release|ARM.Build.0 = Release|Any CPU
		{1683BA1A-5D66-4488-B7CA-6DF3FDE2701D}.Release|ARM64.ActiveCfg = Release|Any CPU
		{1683BA1A-5D66-4488-B7CA-6DF3FDE2701D}.Release|ARM64.Build.0 = Release|Any CPU
		{1683BA1A-5D66-4488-B7CA-6DF3FDE2701D}.Release|iPhone.ActiveCfg = Release|Any CPU
		{1683BA1A-5D66-4488-B7CA-6DF3FDE2701D}.Release|iPhone.Build.0 = Release|Any CPU
		{1683BA1A-5D66-4488-B7CA-6DF3FDE2701D}.Release|iPhoneSimulator.ActiveCfg = Release|Any CPU
		{1683BA1A-5D66-4488-B7CA-6DF3FDE2701D}.Release|iPhoneSimulator.Build.0 = Release|Any CPU
		{1683BA1A-5D66-4488-B7CA-6DF3FDE2701D}.Release|x64.ActiveCfg = Release|Any CPU
		{1683BA1A-5D66-4488-B7CA-6DF3FDE2701D}.Release|x64.Build.0 = Release|Any CPU
		{1683BA1A-5D66-4488-B7CA-6DF3FDE2701D}.Release|x86.ActiveCfg = Release|Any CPU
		{1683BA1A-5D66-4488-B7CA-6DF3FDE2701D}.Release|x86.Build.0 = Release|Any CPU
		{5BD4E79C-3744-4E89-A6F2-17FBAB7E3F68}.Ad-Hoc|Any CPU.ActiveCfg = Release|Any CPU
		{5BD4E79C-3744-4E89-A6F2-17FBAB7E3F68}.Ad-Hoc|Any CPU.Build.0 = Release|Any CPU
		{5BD4E79C-3744-4E89-A6F2-17FBAB7E3F68}.Ad-Hoc|ARM.ActiveCfg = Release|Any CPU
		{5BD4E79C-3744-4E89-A6F2-17FBAB7E3F68}.Ad-Hoc|ARM.Build.0 = Release|Any CPU
		{5BD4E79C-3744-4E89-A6F2-17FBAB7E3F68}.Ad-Hoc|ARM64.ActiveCfg = Release|Any CPU
		{5BD4E79C-3744-4E89-A6F2-17FBAB7E3F68}.Ad-Hoc|ARM64.Build.0 = Release|Any CPU
		{5BD4E79C-3744-4E89-A6F2-17FBAB7E3F68}.Ad-Hoc|iPhone.ActiveCfg = Release|Any CPU
		{5BD4E79C-3744-4E89-A6F2-17FBAB7E3F68}.Ad-Hoc|iPhone.Build.0 = Release|Any CPU
		{5BD4E79C-3744-4E89-A6F2-17FBAB7E3F68}.Ad-Hoc|iPhoneSimulator.ActiveCfg = Release|Any CPU
		{5BD4E79C-3744-4E89-A6F2-17FBAB7E3F68}.Ad-Hoc|iPhoneSimulator.Build.0 = Release|Any CPU
		{5BD4E79C-3744-4E89-A6F2-17FBAB7E3F68}.Ad-Hoc|x64.ActiveCfg = Release|Any CPU
		{5BD4E79C-3744-4E89-A6F2-17FBAB7E3F68}.Ad-Hoc|x64.Build.0 = Release|Any CPU
		{5BD4E79C-3744-4E89-A6F2-17FBAB7E3F68}.Ad-Hoc|x86.ActiveCfg = Release|Any CPU
		{5BD4E79C-3744-4E89-A6F2-17FBAB7E3F68}.Ad-Hoc|x86.Build.0 = Release|Any CPU
		{5BD4E79C-3744-4E89-A6F2-17FBAB7E3F68}.AppStore|Any CPU.ActiveCfg = Release|Any CPU
		{5BD4E79C-3744-4E89-A6F2-17FBAB7E3F68}.AppStore|Any CPU.Build.0 = Release|Any CPU
		{5BD4E79C-3744-4E89-A6F2-17FBAB7E3F68}.AppStore|ARM.ActiveCfg = Release|Any CPU
		{5BD4E79C-3744-4E89-A6F2-17FBAB7E3F68}.AppStore|ARM.Build.0 = Release|Any CPU
		{5BD4E79C-3744-4E89-A6F2-17FBAB7E3F68}.AppStore|ARM64.ActiveCfg = Release|Any CPU
		{5BD4E79C-3744-4E89-A6F2-17FBAB7E3F68}.AppStore|ARM64.Build.0 = Release|Any CPU
		{5BD4E79C-3744-4E89-A6F2-17FBAB7E3F68}.AppStore|iPhone.ActiveCfg = Release|Any CPU
		{5BD4E79C-3744-4E89-A6F2-17FBAB7E3F68}.AppStore|iPhone.Build.0 = Release|Any CPU
		{5BD4E79C-3744-4E89-A6F2-17FBAB7E3F68}.AppStore|iPhoneSimulator.ActiveCfg = Release|Any CPU
		{5BD4E79C-3744-4E89-A6F2-17FBAB7E3F68}.AppStore|iPhoneSimulator.Build.0 = Release|Any CPU
		{5BD4E79C-3744-4E89-A6F2-17FBAB7E3F68}.AppStore|x64.ActiveCfg = Release|Any CPU
		{5BD4E79C-3744-4E89-A6F2-17FBAB7E3F68}.AppStore|x64.Build.0 = Release|Any CPU
		{5BD4E79C-3744-4E89-A6F2-17FBAB7E3F68}.AppStore|x86.ActiveCfg = Release|Any CPU
		{5BD4E79C-3744-4E89-A6F2-17FBAB7E3F68}.AppStore|x86.Build.0 = Release|Any CPU
		{5BD4E79C-3744-4E89-A6F2-17FBAB7E3F68}.Debug|Any CPU.ActiveCfg = Debug|Any CPU
		{5BD4E79C-3744-4E89-A6F2-17FBAB7E3F68}.Debug|Any CPU.Build.0 = Debug|Any CPU
		{5BD4E79C-3744-4E89-A6F2-17FBAB7E3F68}.Debug|ARM.ActiveCfg = Debug|Any CPU
		{5BD4E79C-3744-4E89-A6F2-17FBAB7E3F68}.Debug|ARM.Build.0 = Debug|Any CPU
		{5BD4E79C-3744-4E89-A6F2-17FBAB7E3F68}.Debug|ARM64.ActiveCfg = Debug|Any CPU
		{5BD4E79C-3744-4E89-A6F2-17FBAB7E3F68}.Debug|ARM64.Build.0 = Debug|Any CPU
		{5BD4E79C-3744-4E89-A6F2-17FBAB7E3F68}.Debug|iPhone.ActiveCfg = Debug|Any CPU
		{5BD4E79C-3744-4E89-A6F2-17FBAB7E3F68}.Debug|iPhone.Build.0 = Debug|Any CPU
		{5BD4E79C-3744-4E89-A6F2-17FBAB7E3F68}.Debug|iPhoneSimulator.ActiveCfg = Debug|Any CPU
		{5BD4E79C-3744-4E89-A6F2-17FBAB7E3F68}.Debug|iPhoneSimulator.Build.0 = Debug|Any CPU
		{5BD4E79C-3744-4E89-A6F2-17FBAB7E3F68}.Debug|x64.ActiveCfg = Debug|Any CPU
		{5BD4E79C-3744-4E89-A6F2-17FBAB7E3F68}.Debug|x64.Build.0 = Debug|Any CPU
		{5BD4E79C-3744-4E89-A6F2-17FBAB7E3F68}.Debug|x86.ActiveCfg = Debug|Any CPU
		{5BD4E79C-3744-4E89-A6F2-17FBAB7E3F68}.Debug|x86.Build.0 = Debug|Any CPU
		{5BD4E79C-3744-4E89-A6F2-17FBAB7E3F68}.Release|Any CPU.ActiveCfg = Release|Any CPU
		{5BD4E79C-3744-4E89-A6F2-17FBAB7E3F68}.Release|Any CPU.Build.0 = Release|Any CPU
		{5BD4E79C-3744-4E89-A6F2-17FBAB7E3F68}.Release|ARM.ActiveCfg = Release|Any CPU
		{5BD4E79C-3744-4E89-A6F2-17FBAB7E3F68}.Release|ARM.Build.0 = Release|Any CPU
		{5BD4E79C-3744-4E89-A6F2-17FBAB7E3F68}.Release|ARM64.ActiveCfg = Release|Any CPU
		{5BD4E79C-3744-4E89-A6F2-17FBAB7E3F68}.Release|ARM64.Build.0 = Release|Any CPU
		{5BD4E79C-3744-4E89-A6F2-17FBAB7E3F68}.Release|iPhone.ActiveCfg = Release|Any CPU
		{5BD4E79C-3744-4E89-A6F2-17FBAB7E3F68}.Release|iPhone.Build.0 = Release|Any CPU
		{5BD4E79C-3744-4E89-A6F2-17FBAB7E3F68}.Release|iPhoneSimulator.ActiveCfg = Release|Any CPU
		{5BD4E79C-3744-4E89-A6F2-17FBAB7E3F68}.Release|iPhoneSimulator.Build.0 = Release|Any CPU
		{5BD4E79C-3744-4E89-A6F2-17FBAB7E3F68}.Release|x64.ActiveCfg = Release|Any CPU
		{5BD4E79C-3744-4E89-A6F2-17FBAB7E3F68}.Release|x64.Build.0 = Release|Any CPU
		{5BD4E79C-3744-4E89-A6F2-17FBAB7E3F68}.Release|x86.ActiveCfg = Release|Any CPU
		{5BD4E79C-3744-4E89-A6F2-17FBAB7E3F68}.Release|x86.Build.0 = Release|Any CPU
		{20926634-C200-43A6-AE59-86F9C3878992}.Ad-Hoc|Any CPU.ActiveCfg = Debug|Any CPU
		{20926634-C200-43A6-AE59-86F9C3878992}.Ad-Hoc|Any CPU.Build.0 = Debug|Any CPU
		{20926634-C200-43A6-AE59-86F9C3878992}.Ad-Hoc|ARM.ActiveCfg = Debug|Any CPU
		{20926634-C200-43A6-AE59-86F9C3878992}.Ad-Hoc|ARM.Build.0 = Debug|Any CPU
		{20926634-C200-43A6-AE59-86F9C3878992}.Ad-Hoc|ARM64.ActiveCfg = Debug|Any CPU
		{20926634-C200-43A6-AE59-86F9C3878992}.Ad-Hoc|ARM64.Build.0 = Debug|Any CPU
		{20926634-C200-43A6-AE59-86F9C3878992}.Ad-Hoc|iPhone.ActiveCfg = Debug|Any CPU
		{20926634-C200-43A6-AE59-86F9C3878992}.Ad-Hoc|iPhone.Build.0 = Debug|Any CPU
		{20926634-C200-43A6-AE59-86F9C3878992}.Ad-Hoc|iPhoneSimulator.ActiveCfg = Debug|Any CPU
		{20926634-C200-43A6-AE59-86F9C3878992}.Ad-Hoc|iPhoneSimulator.Build.0 = Debug|Any CPU
		{20926634-C200-43A6-AE59-86F9C3878992}.Ad-Hoc|x64.ActiveCfg = Debug|Any CPU
		{20926634-C200-43A6-AE59-86F9C3878992}.Ad-Hoc|x64.Build.0 = Debug|Any CPU
		{20926634-C200-43A6-AE59-86F9C3878992}.Ad-Hoc|x86.ActiveCfg = Debug|Any CPU
		{20926634-C200-43A6-AE59-86F9C3878992}.Ad-Hoc|x86.Build.0 = Debug|Any CPU
		{20926634-C200-43A6-AE59-86F9C3878992}.AppStore|Any CPU.ActiveCfg = Debug|Any CPU
		{20926634-C200-43A6-AE59-86F9C3878992}.AppStore|Any CPU.Build.0 = Debug|Any CPU
		{20926634-C200-43A6-AE59-86F9C3878992}.AppStore|ARM.ActiveCfg = Debug|Any CPU
		{20926634-C200-43A6-AE59-86F9C3878992}.AppStore|ARM.Build.0 = Debug|Any CPU
		{20926634-C200-43A6-AE59-86F9C3878992}.AppStore|ARM64.ActiveCfg = Debug|Any CPU
		{20926634-C200-43A6-AE59-86F9C3878992}.AppStore|ARM64.Build.0 = Debug|Any CPU
		{20926634-C200-43A6-AE59-86F9C3878992}.AppStore|iPhone.ActiveCfg = Debug|Any CPU
		{20926634-C200-43A6-AE59-86F9C3878992}.AppStore|iPhone.Build.0 = Debug|Any CPU
		{20926634-C200-43A6-AE59-86F9C3878992}.AppStore|iPhoneSimulator.ActiveCfg = Debug|Any CPU
		{20926634-C200-43A6-AE59-86F9C3878992}.AppStore|iPhoneSimulator.Build.0 = Debug|Any CPU
		{20926634-C200-43A6-AE59-86F9C3878992}.AppStore|x64.ActiveCfg = Debug|Any CPU
		{20926634-C200-43A6-AE59-86F9C3878992}.AppStore|x64.Build.0 = Debug|Any CPU
		{20926634-C200-43A6-AE59-86F9C3878992}.AppStore|x86.ActiveCfg = Debug|Any CPU
		{20926634-C200-43A6-AE59-86F9C3878992}.AppStore|x86.Build.0 = Debug|Any CPU
		{20926634-C200-43A6-AE59-86F9C3878992}.Debug|Any CPU.ActiveCfg = Debug|Any CPU
		{20926634-C200-43A6-AE59-86F9C3878992}.Debug|Any CPU.Build.0 = Debug|Any CPU
		{20926634-C200-43A6-AE59-86F9C3878992}.Debug|ARM.ActiveCfg = Debug|Any CPU
		{20926634-C200-43A6-AE59-86F9C3878992}.Debug|ARM.Build.0 = Debug|Any CPU
		{20926634-C200-43A6-AE59-86F9C3878992}.Debug|ARM64.ActiveCfg = Debug|Any CPU
		{20926634-C200-43A6-AE59-86F9C3878992}.Debug|ARM64.Build.0 = Debug|Any CPU
		{20926634-C200-43A6-AE59-86F9C3878992}.Debug|iPhone.ActiveCfg = Debug|Any CPU
		{20926634-C200-43A6-AE59-86F9C3878992}.Debug|iPhone.Build.0 = Debug|Any CPU
		{20926634-C200-43A6-AE59-86F9C3878992}.Debug|iPhoneSimulator.ActiveCfg = Debug|Any CPU
		{20926634-C200-43A6-AE59-86F9C3878992}.Debug|iPhoneSimulator.Build.0 = Debug|Any CPU
		{20926634-C200-43A6-AE59-86F9C3878992}.Debug|x64.ActiveCfg = Debug|Any CPU
		{20926634-C200-43A6-AE59-86F9C3878992}.Debug|x64.Build.0 = Debug|Any CPU
		{20926634-C200-43A6-AE59-86F9C3878992}.Debug|x86.ActiveCfg = Debug|Any CPU
		{20926634-C200-43A6-AE59-86F9C3878992}.Debug|x86.Build.0 = Debug|Any CPU
		{20926634-C200-43A6-AE59-86F9C3878992}.Release|Any CPU.ActiveCfg = Release|Any CPU
		{20926634-C200-43A6-AE59-86F9C3878992}.Release|Any CPU.Build.0 = Release|Any CPU
		{20926634-C200-43A6-AE59-86F9C3878992}.Release|ARM.ActiveCfg = Release|Any CPU
		{20926634-C200-43A6-AE59-86F9C3878992}.Release|ARM.Build.0 = Release|Any CPU
		{20926634-C200-43A6-AE59-86F9C3878992}.Release|ARM64.ActiveCfg = Release|Any CPU
		{20926634-C200-43A6-AE59-86F9C3878992}.Release|ARM64.Build.0 = Release|Any CPU
		{20926634-C200-43A6-AE59-86F9C3878992}.Release|iPhone.ActiveCfg = Release|Any CPU
		{20926634-C200-43A6-AE59-86F9C3878992}.Release|iPhone.Build.0 = Release|Any CPU
		{20926634-C200-43A6-AE59-86F9C3878992}.Release|iPhoneSimulator.ActiveCfg = Release|Any CPU
		{20926634-C200-43A6-AE59-86F9C3878992}.Release|iPhoneSimulator.Build.0 = Release|Any CPU
		{20926634-C200-43A6-AE59-86F9C3878992}.Release|x64.ActiveCfg = Release|Any CPU
		{20926634-C200-43A6-AE59-86F9C3878992}.Release|x64.Build.0 = Release|Any CPU
		{20926634-C200-43A6-AE59-86F9C3878992}.Release|x86.ActiveCfg = Release|Any CPU
		{20926634-C200-43A6-AE59-86F9C3878992}.Release|x86.Build.0 = Release|Any CPU
	EndGlobalSection
	GlobalSection(SolutionProperties) = preSolution
		HideSolutionNode = FALSE
	EndGlobalSection
	GlobalSection(NestedProjects) = preSolution
		{9503C27C-55A8-4B66-AA7B-14EFDB940B13} = {09003B35-7A35-4BD1-9A26-5CFD02AB88DD}
		{86E3CC4D-1359-4249-9C5B-C193BF65633D} = {9898A5F2-6B58-4770-9757-302E93848428}
		{FE19FFF0-6AB6-4FC7-BFDF-B6499153DCD5} = {EDD2FCF0-74FE-4AB9-B40A-7B2A4E89D59C}
		{A14189C0-39A8-4FBE-BF86-A78A94654C48} = {86E3CC4D-1359-4249-9C5B-C193BF65633D}
		{E8E5AAAA-B15B-4B35-8673-118F6417B6F2} = {86E3CC4D-1359-4249-9C5B-C193BF65633D}
		{5CB6662F-590F-4250-A19D-E27FEE9C2876} = {09003B35-7A35-4BD1-9A26-5CFD02AB88DD}
		{1683BA1A-5D66-4488-B7CA-6DF3FDE2701D} = {09003B35-7A35-4BD1-9A26-5CFD02AB88DD}
		{5BD4E79C-3744-4E89-A6F2-17FBAB7E3F68} = {09003B35-7A35-4BD1-9A26-5CFD02AB88DD}
	EndGlobalSection
	GlobalSection(ExtensibilityGlobals) = postSolution
		SolutionGuid = {1F0A4823-84EF-41AA-BBF9-A07B38DDC555}
	EndGlobalSection
EndGlobal
