
Microsoft Visual Studio Solution File, Format Version 12.00
# Visual Studio Version 17
VisualStudioVersion = 17.0.31919.166
MinimumVisualStudioVersion = 10.0.40219.1
Project("{2150E333-8FDC-42A3-9474-1A3956D46DE8}") = "Solution Items", "Solution Items", "{24A1D6DC-FF32-4D9D-9FC2-8EB3E356A2C0}"
	ProjectSection(SolutionItems) = preProject
		..\.editorconfig = ..\.editorconfig
		..\License.md = ..\License.md
		..\ReadMe.md = ..\ReadMe.md
	EndProjectSection
EndProject
Project("{2150E333-8FDC-42A3-9474-1A3956D46DE8}") = "Samples", "Samples", "{9898A5F2-6B58-4770-9757-302E93848428}"
EndProject
Project("{D954291E-2A0B-460D-934E-DC6B0785DB48}") = "CommunityToolkit.Labs.Shared", "Common\CommunityToolkit.Labs.Shared\CommunityToolkit.Labs.Shared.shproj", "{9503C27C-55A8-4B66-AA7B-14EFDB940B13}"
EndProject
Project("{9A19103F-16F7-4668-BE54-9A1E7A4F7556}") = "CommunityToolkit.Labs.Wasm", "CommunityToolkit.Labs.Wasm\CommunityToolkit.Labs.Wasm.csproj", "{3EBB8552-CE39-4EDC-9ACB-7B4871582FBB}"
EndProject
Project("{FAE04EC0-301F-11D3-BF4B-00C04F79EFBC}") = "CommunityToolkit.Labs.Uwp", "CommunityToolkit.Labs.Uwp\CommunityToolkit.Labs.Uwp.csproj", "{B3D6DF0B-13DB-493E-9D1A-56343EFEDEA7}"
EndProject
Project("{2150E333-8FDC-42A3-9474-1A3956D46DE8}") = "CanvasLayout", "CanvasLayout", "{86E3CC4D-1359-4249-9C5B-C193BF65633D}"
EndProject
Project("{FAE04EC0-301F-11D3-BF4B-00C04F79EFBC}") = "CanvasLayout.Uwp", "Labs\CanvasLayout\samples\CanvasLayout.Uwp\CanvasLayout.Uwp.csproj", "{3BAAC2DA-7124-460E-A9A9-13138843CD57}"
EndProject
Project("{9A19103F-16F7-4668-BE54-9A1E7A4F7556}") = "CommunityToolkit.Labs.Uwp.UI.CanvasLayout", "Labs\CanvasLayout\src\CommunityToolkit.Labs.Uwp.UI.CanvasLayout.csproj", "{FE19FFF0-6AB6-4FC7-BFDF-B6499153DCD5}"
EndProject
Project("{9A19103F-16F7-4668-BE54-9A1E7A4F7556}") = "CanvasLayout.Sample", "Labs\CanvasLayout\samples\CanvasLayout.Sample\CanvasLayout.Sample.csproj", "{A14189C0-39A8-4FBE-BF86-A78A94654C48}"
EndProject
Project("{2150E333-8FDC-42A3-9474-1A3956D46DE8}") = "Library", "Library", "{EDD2FCF0-74FE-4AB9-B40A-7B2A4E89D59C}"
EndProject
Project("{9A19103F-16F7-4668-BE54-9A1E7A4F7556}") = "CanvasLayout.Wasm", "Labs\CanvasLayout\samples\CanvasLayout.Wasm\CanvasLayout.Wasm.csproj", "{E8E5AAAA-B15B-4B35-8673-118F6417B6F2}"
EndProject
Project("{2150E333-8FDC-42A3-9474-1A3956D46DE8}") = "Shared", "Shared", "{09003B35-7A35-4BD1-9A26-5CFD02AB88DD}"
EndProject
Project("{9A19103F-16F7-4668-BE54-9A1E7A4F7556}") = "CommunityToolkit.Labs.Core", "Common\CommunityToolkit.Labs.Core\CommunityToolkit.Labs.Core.csproj", "{210476D6-42CC-4D01-B027-478145BEA8FE}"
EndProject
Project("{9A19103F-16F7-4668-BE54-9A1E7A4F7556}") = "CommunityToolkit.Labs.WinAppSdk", "CommunityToolkit.Labs.WinAppSdk\CommunityToolkit.Labs.WinAppSdk.csproj", "{05AE3090-DAEE-4629-856B-120034CC4B1A}"
EndProject
Project("{9A19103F-16F7-4668-BE54-9A1E7A4F7556}") = "CanvasLayout.WinAppSdk", "Labs\CanvasLayout\samples\CanvasLayout.WinAppSdk\CanvasLayout.WinAppSdk.csproj", "{3150A3C5-0DC3-4D6D-9598-1F767A7F323B}"
EndProject
Global
	GlobalSection(SharedMSBuildProjectFiles) = preSolution
		Common\CommunityToolkit.Labs.Shared\CommunityToolkit.Labs.Shared.projitems*{3baac2da-7124-460e-a9a9-13138843cd57}*SharedItemsImports = 4
		Common\CommunityToolkit.Labs.Shared\CommunityToolkit.Labs.Shared.projitems*{9503c27c-55a8-4b66-aa7b-14efdb940b13}*SharedItemsImports = 13
		Common\CommunityToolkit.Labs.Shared\CommunityToolkit.Labs.Shared.projitems*{b3d6df0b-13db-493e-9d1a-56343efedea7}*SharedItemsImports = 4
	EndGlobalSection
	GlobalSection(SolutionConfigurationPlatforms) = preSolution
		Debug|Any CPU = Debug|Any CPU
		Debug|ARM = Debug|ARM
		Debug|ARM64 = Debug|ARM64
		Debug|x64 = Debug|x64
		Debug|x86 = Debug|x86
		Release|Any CPU = Release|Any CPU
		Release|ARM = Release|ARM
		Release|ARM64 = Release|ARM64
		Release|x64 = Release|x64
		Release|x86 = Release|x86
	EndGlobalSection
	GlobalSection(ProjectConfigurationPlatforms) = postSolution
		{3EBB8552-CE39-4EDC-9ACB-7B4871582FBB}.Debug|Any CPU.ActiveCfg = Debug|Any CPU
		{3EBB8552-CE39-4EDC-9ACB-7B4871582FBB}.Debug|Any CPU.Build.0 = Debug|Any CPU
		{3EBB8552-CE39-4EDC-9ACB-7B4871582FBB}.Debug|ARM.ActiveCfg = Debug|Any CPU
		{3EBB8552-CE39-4EDC-9ACB-7B4871582FBB}.Debug|ARM.Build.0 = Debug|Any CPU
		{3EBB8552-CE39-4EDC-9ACB-7B4871582FBB}.Debug|ARM64.ActiveCfg = Debug|Any CPU
		{3EBB8552-CE39-4EDC-9ACB-7B4871582FBB}.Debug|ARM64.Build.0 = Debug|Any CPU
		{3EBB8552-CE39-4EDC-9ACB-7B4871582FBB}.Debug|x64.ActiveCfg = Debug|Any CPU
		{3EBB8552-CE39-4EDC-9ACB-7B4871582FBB}.Debug|x64.Build.0 = Debug|Any CPU
		{3EBB8552-CE39-4EDC-9ACB-7B4871582FBB}.Debug|x86.ActiveCfg = Debug|Any CPU
		{3EBB8552-CE39-4EDC-9ACB-7B4871582FBB}.Debug|x86.Build.0 = Debug|Any CPU
		{3EBB8552-CE39-4EDC-9ACB-7B4871582FBB}.Release|Any CPU.ActiveCfg = Release|Any CPU
		{3EBB8552-CE39-4EDC-9ACB-7B4871582FBB}.Release|Any CPU.Build.0 = Release|Any CPU
		{3EBB8552-CE39-4EDC-9ACB-7B4871582FBB}.Release|ARM.ActiveCfg = Release|Any CPU
		{3EBB8552-CE39-4EDC-9ACB-7B4871582FBB}.Release|ARM.Build.0 = Release|Any CPU
		{3EBB8552-CE39-4EDC-9ACB-7B4871582FBB}.Release|ARM64.ActiveCfg = Release|Any CPU
		{3EBB8552-CE39-4EDC-9ACB-7B4871582FBB}.Release|ARM64.Build.0 = Release|Any CPU
		{3EBB8552-CE39-4EDC-9ACB-7B4871582FBB}.Release|x64.ActiveCfg = Release|Any CPU
		{3EBB8552-CE39-4EDC-9ACB-7B4871582FBB}.Release|x64.Build.0 = Release|Any CPU
		{3EBB8552-CE39-4EDC-9ACB-7B4871582FBB}.Release|x86.ActiveCfg = Release|Any CPU
		{3EBB8552-CE39-4EDC-9ACB-7B4871582FBB}.Release|x86.Build.0 = Release|Any CPU
		{B3D6DF0B-13DB-493E-9D1A-56343EFEDEA7}.Debug|Any CPU.ActiveCfg = Debug|x64
		{B3D6DF0B-13DB-493E-9D1A-56343EFEDEA7}.Debug|Any CPU.Build.0 = Debug|x64
		{B3D6DF0B-13DB-493E-9D1A-56343EFEDEA7}.Debug|Any CPU.Deploy.0 = Debug|x64
		{B3D6DF0B-13DB-493E-9D1A-56343EFEDEA7}.Debug|ARM.ActiveCfg = Debug|ARM
		{B3D6DF0B-13DB-493E-9D1A-56343EFEDEA7}.Debug|ARM.Build.0 = Debug|ARM
		{B3D6DF0B-13DB-493E-9D1A-56343EFEDEA7}.Debug|ARM.Deploy.0 = Debug|ARM
		{B3D6DF0B-13DB-493E-9D1A-56343EFEDEA7}.Debug|ARM64.ActiveCfg = Debug|ARM64
		{B3D6DF0B-13DB-493E-9D1A-56343EFEDEA7}.Debug|ARM64.Build.0 = Debug|ARM64
		{B3D6DF0B-13DB-493E-9D1A-56343EFEDEA7}.Debug|ARM64.Deploy.0 = Debug|ARM64
		{B3D6DF0B-13DB-493E-9D1A-56343EFEDEA7}.Debug|x64.ActiveCfg = Debug|x64
		{B3D6DF0B-13DB-493E-9D1A-56343EFEDEA7}.Debug|x64.Build.0 = Debug|x64
		{B3D6DF0B-13DB-493E-9D1A-56343EFEDEA7}.Debug|x64.Deploy.0 = Debug|x64
		{B3D6DF0B-13DB-493E-9D1A-56343EFEDEA7}.Debug|x86.ActiveCfg = Debug|x86
		{B3D6DF0B-13DB-493E-9D1A-56343EFEDEA7}.Debug|x86.Build.0 = Debug|x86
		{B3D6DF0B-13DB-493E-9D1A-56343EFEDEA7}.Debug|x86.Deploy.0 = Debug|x86
		{B3D6DF0B-13DB-493E-9D1A-56343EFEDEA7}.Release|Any CPU.ActiveCfg = Release|x64
		{B3D6DF0B-13DB-493E-9D1A-56343EFEDEA7}.Release|Any CPU.Build.0 = Release|x64
		{B3D6DF0B-13DB-493E-9D1A-56343EFEDEA7}.Release|ARM.ActiveCfg = Release|ARM
		{B3D6DF0B-13DB-493E-9D1A-56343EFEDEA7}.Release|ARM.Build.0 = Release|ARM
		{B3D6DF0B-13DB-493E-9D1A-56343EFEDEA7}.Release|ARM.Deploy.0 = Release|ARM
		{B3D6DF0B-13DB-493E-9D1A-56343EFEDEA7}.Release|ARM64.ActiveCfg = Release|ARM64
		{B3D6DF0B-13DB-493E-9D1A-56343EFEDEA7}.Release|ARM64.Build.0 = Release|ARM64
		{B3D6DF0B-13DB-493E-9D1A-56343EFEDEA7}.Release|ARM64.Deploy.0 = Release|ARM64
		{B3D6DF0B-13DB-493E-9D1A-56343EFEDEA7}.Release|x64.ActiveCfg = Release|x64
		{B3D6DF0B-13DB-493E-9D1A-56343EFEDEA7}.Release|x64.Build.0 = Release|x64
		{B3D6DF0B-13DB-493E-9D1A-56343EFEDEA7}.Release|x64.Deploy.0 = Release|x64
		{B3D6DF0B-13DB-493E-9D1A-56343EFEDEA7}.Release|x86.ActiveCfg = Release|x86
		{B3D6DF0B-13DB-493E-9D1A-56343EFEDEA7}.Release|x86.Build.0 = Release|x86
		{B3D6DF0B-13DB-493E-9D1A-56343EFEDEA7}.Release|x86.Deploy.0 = Release|x86
		{3BAAC2DA-7124-460E-A9A9-13138843CD57}.Debug|Any CPU.ActiveCfg = Debug|x64
		{3BAAC2DA-7124-460E-A9A9-13138843CD57}.Debug|Any CPU.Build.0 = Debug|x64
		{3BAAC2DA-7124-460E-A9A9-13138843CD57}.Debug|Any CPU.Deploy.0 = Debug|x64
		{3BAAC2DA-7124-460E-A9A9-13138843CD57}.Debug|ARM.ActiveCfg = Debug|ARM
		{3BAAC2DA-7124-460E-A9A9-13138843CD57}.Debug|ARM.Build.0 = Debug|ARM
		{3BAAC2DA-7124-460E-A9A9-13138843CD57}.Debug|ARM.Deploy.0 = Debug|ARM
		{3BAAC2DA-7124-460E-A9A9-13138843CD57}.Debug|ARM64.ActiveCfg = Debug|ARM64
		{3BAAC2DA-7124-460E-A9A9-13138843CD57}.Debug|ARM64.Build.0 = Debug|ARM64
		{3BAAC2DA-7124-460E-A9A9-13138843CD57}.Debug|ARM64.Deploy.0 = Debug|ARM64
		{3BAAC2DA-7124-460E-A9A9-13138843CD57}.Debug|x64.ActiveCfg = Debug|x64
		{3BAAC2DA-7124-460E-A9A9-13138843CD57}.Debug|x64.Build.0 = Debug|x64
		{3BAAC2DA-7124-460E-A9A9-13138843CD57}.Debug|x64.Deploy.0 = Debug|x64
		{3BAAC2DA-7124-460E-A9A9-13138843CD57}.Debug|x86.ActiveCfg = Debug|x86
		{3BAAC2DA-7124-460E-A9A9-13138843CD57}.Debug|x86.Build.0 = Debug|x86
		{3BAAC2DA-7124-460E-A9A9-13138843CD57}.Debug|x86.Deploy.0 = Debug|x86
		{3BAAC2DA-7124-460E-A9A9-13138843CD57}.Release|Any CPU.ActiveCfg = Release|x64
		{3BAAC2DA-7124-460E-A9A9-13138843CD57}.Release|Any CPU.Build.0 = Release|x64
		{3BAAC2DA-7124-460E-A9A9-13138843CD57}.Release|ARM.ActiveCfg = Release|ARM
		{3BAAC2DA-7124-460E-A9A9-13138843CD57}.Release|ARM.Build.0 = Release|ARM
		{3BAAC2DA-7124-460E-A9A9-13138843CD57}.Release|ARM.Deploy.0 = Release|ARM
		{3BAAC2DA-7124-460E-A9A9-13138843CD57}.Release|ARM64.ActiveCfg = Release|ARM64
		{3BAAC2DA-7124-460E-A9A9-13138843CD57}.Release|ARM64.Build.0 = Release|ARM64
		{3BAAC2DA-7124-460E-A9A9-13138843CD57}.Release|ARM64.Deploy.0 = Release|ARM64
		{3BAAC2DA-7124-460E-A9A9-13138843CD57}.Release|x64.ActiveCfg = Release|x64
		{3BAAC2DA-7124-460E-A9A9-13138843CD57}.Release|x64.Build.0 = Release|x64
		{3BAAC2DA-7124-460E-A9A9-13138843CD57}.Release|x64.Deploy.0 = Release|x64
		{3BAAC2DA-7124-460E-A9A9-13138843CD57}.Release|x86.ActiveCfg = Release|x86
		{3BAAC2DA-7124-460E-A9A9-13138843CD57}.Release|x86.Build.0 = Release|x86
		{3BAAC2DA-7124-460E-A9A9-13138843CD57}.Release|x86.Deploy.0 = Release|x86
		{FE19FFF0-6AB6-4FC7-BFDF-B6499153DCD5}.Debug|Any CPU.ActiveCfg = Debug|Any CPU
		{FE19FFF0-6AB6-4FC7-BFDF-B6499153DCD5}.Debug|Any CPU.Build.0 = Debug|Any CPU
		{FE19FFF0-6AB6-4FC7-BFDF-B6499153DCD5}.Debug|ARM.ActiveCfg = Debug|Any CPU
		{FE19FFF0-6AB6-4FC7-BFDF-B6499153DCD5}.Debug|ARM.Build.0 = Debug|Any CPU
		{FE19FFF0-6AB6-4FC7-BFDF-B6499153DCD5}.Debug|ARM64.ActiveCfg = Debug|Any CPU
		{FE19FFF0-6AB6-4FC7-BFDF-B6499153DCD5}.Debug|ARM64.Build.0 = Debug|Any CPU
		{FE19FFF0-6AB6-4FC7-BFDF-B6499153DCD5}.Debug|x64.ActiveCfg = Debug|Any CPU
		{FE19FFF0-6AB6-4FC7-BFDF-B6499153DCD5}.Debug|x64.Build.0 = Debug|Any CPU
		{FE19FFF0-6AB6-4FC7-BFDF-B6499153DCD5}.Debug|x86.ActiveCfg = Debug|Any CPU
		{FE19FFF0-6AB6-4FC7-BFDF-B6499153DCD5}.Debug|x86.Build.0 = Debug|Any CPU
		{FE19FFF0-6AB6-4FC7-BFDF-B6499153DCD5}.Release|Any CPU.ActiveCfg = Release|Any CPU
		{FE19FFF0-6AB6-4FC7-BFDF-B6499153DCD5}.Release|Any CPU.Build.0 = Release|Any CPU
		{FE19FFF0-6AB6-4FC7-BFDF-B6499153DCD5}.Release|ARM.ActiveCfg = Release|Any CPU
		{FE19FFF0-6AB6-4FC7-BFDF-B6499153DCD5}.Release|ARM.Build.0 = Release|Any CPU
		{FE19FFF0-6AB6-4FC7-BFDF-B6499153DCD5}.Release|ARM64.ActiveCfg = Release|Any CPU
		{FE19FFF0-6AB6-4FC7-BFDF-B6499153DCD5}.Release|ARM64.Build.0 = Release|Any CPU
		{FE19FFF0-6AB6-4FC7-BFDF-B6499153DCD5}.Release|x64.ActiveCfg = Release|Any CPU
		{FE19FFF0-6AB6-4FC7-BFDF-B6499153DCD5}.Release|x64.Build.0 = Release|Any CPU
		{FE19FFF0-6AB6-4FC7-BFDF-B6499153DCD5}.Release|x86.ActiveCfg = Release|Any CPU
		{FE19FFF0-6AB6-4FC7-BFDF-B6499153DCD5}.Release|x86.Build.0 = Release|Any CPU
		{A14189C0-39A8-4FBE-BF86-A78A94654C48}.Debug|Any CPU.ActiveCfg = Debug|Any CPU
		{A14189C0-39A8-4FBE-BF86-A78A94654C48}.Debug|Any CPU.Build.0 = Debug|Any CPU
		{A14189C0-39A8-4FBE-BF86-A78A94654C48}.Debug|ARM.ActiveCfg = Debug|Any CPU
		{A14189C0-39A8-4FBE-BF86-A78A94654C48}.Debug|ARM.Build.0 = Debug|Any CPU
		{A14189C0-39A8-4FBE-BF86-A78A94654C48}.Debug|ARM64.ActiveCfg = Debug|Any CPU
		{A14189C0-39A8-4FBE-BF86-A78A94654C48}.Debug|ARM64.Build.0 = Debug|Any CPU
		{A14189C0-39A8-4FBE-BF86-A78A94654C48}.Debug|x64.ActiveCfg = Debug|Any CPU
		{A14189C0-39A8-4FBE-BF86-A78A94654C48}.Debug|x64.Build.0 = Debug|Any CPU
		{A14189C0-39A8-4FBE-BF86-A78A94654C48}.Debug|x86.ActiveCfg = Debug|Any CPU
		{A14189C0-39A8-4FBE-BF86-A78A94654C48}.Debug|x86.Build.0 = Debug|Any CPU
		{A14189C0-39A8-4FBE-BF86-A78A94654C48}.Release|Any CPU.ActiveCfg = Release|Any CPU
		{A14189C0-39A8-4FBE-BF86-A78A94654C48}.Release|Any CPU.Build.0 = Release|Any CPU
		{A14189C0-39A8-4FBE-BF86-A78A94654C48}.Release|ARM.ActiveCfg = Release|Any CPU
		{A14189C0-39A8-4FBE-BF86-A78A94654C48}.Release|ARM.Build.0 = Release|Any CPU
		{A14189C0-39A8-4FBE-BF86-A78A94654C48}.Release|ARM64.ActiveCfg = Release|Any CPU
		{A14189C0-39A8-4FBE-BF86-A78A94654C48}.Release|ARM64.Build.0 = Release|Any CPU
		{A14189C0-39A8-4FBE-BF86-A78A94654C48}.Release|x64.ActiveCfg = Release|Any CPU
		{A14189C0-39A8-4FBE-BF86-A78A94654C48}.Release|x64.Build.0 = Release|Any CPU
		{A14189C0-39A8-4FBE-BF86-A78A94654C48}.Release|x86.ActiveCfg = Release|Any CPU
		{A14189C0-39A8-4FBE-BF86-A78A94654C48}.Release|x86.Build.0 = Release|Any CPU
		{E8E5AAAA-B15B-4B35-8673-118F6417B6F2}.Debug|Any CPU.ActiveCfg = Debug|Any CPU
		{E8E5AAAA-B15B-4B35-8673-118F6417B6F2}.Debug|Any CPU.Build.0 = Debug|Any CPU
		{E8E5AAAA-B15B-4B35-8673-118F6417B6F2}.Debug|ARM.ActiveCfg = Debug|Any CPU
		{E8E5AAAA-B15B-4B35-8673-118F6417B6F2}.Debug|ARM.Build.0 = Debug|Any CPU
		{E8E5AAAA-B15B-4B35-8673-118F6417B6F2}.Debug|ARM64.ActiveCfg = Debug|Any CPU
		{E8E5AAAA-B15B-4B35-8673-118F6417B6F2}.Debug|ARM64.Build.0 = Debug|Any CPU
		{E8E5AAAA-B15B-4B35-8673-118F6417B6F2}.Debug|x64.ActiveCfg = Debug|Any CPU
		{E8E5AAAA-B15B-4B35-8673-118F6417B6F2}.Debug|x64.Build.0 = Debug|Any CPU
		{E8E5AAAA-B15B-4B35-8673-118F6417B6F2}.Debug|x86.ActiveCfg = Debug|Any CPU
		{E8E5AAAA-B15B-4B35-8673-118F6417B6F2}.Debug|x86.Build.0 = Debug|Any CPU
		{E8E5AAAA-B15B-4B35-8673-118F6417B6F2}.Release|Any CPU.ActiveCfg = Release|Any CPU
		{E8E5AAAA-B15B-4B35-8673-118F6417B6F2}.Release|Any CPU.Build.0 = Release|Any CPU
		{E8E5AAAA-B15B-4B35-8673-118F6417B6F2}.Release|ARM.ActiveCfg = Release|Any CPU
		{E8E5AAAA-B15B-4B35-8673-118F6417B6F2}.Release|ARM.Build.0 = Release|Any CPU
		{E8E5AAAA-B15B-4B35-8673-118F6417B6F2}.Release|ARM64.ActiveCfg = Release|Any CPU
		{E8E5AAAA-B15B-4B35-8673-118F6417B6F2}.Release|ARM64.Build.0 = Release|Any CPU
		{E8E5AAAA-B15B-4B35-8673-118F6417B6F2}.Release|x64.ActiveCfg = Release|Any CPU
		{E8E5AAAA-B15B-4B35-8673-118F6417B6F2}.Release|x64.Build.0 = Release|Any CPU
		{E8E5AAAA-B15B-4B35-8673-118F6417B6F2}.Release|x86.ActiveCfg = Release|Any CPU
		{E8E5AAAA-B15B-4B35-8673-118F6417B6F2}.Release|x86.Build.0 = Release|Any CPU
		{210476D6-42CC-4D01-B027-478145BEA8FE}.Debug|Any CPU.ActiveCfg = Debug|Any CPU
		{210476D6-42CC-4D01-B027-478145BEA8FE}.Debug|Any CPU.Build.0 = Debug|Any CPU
		{210476D6-42CC-4D01-B027-478145BEA8FE}.Debug|ARM.ActiveCfg = Debug|Any CPU
		{210476D6-42CC-4D01-B027-478145BEA8FE}.Debug|ARM.Build.0 = Debug|Any CPU
		{210476D6-42CC-4D01-B027-478145BEA8FE}.Debug|ARM64.ActiveCfg = Debug|Any CPU
		{210476D6-42CC-4D01-B027-478145BEA8FE}.Debug|ARM64.Build.0 = Debug|Any CPU
		{210476D6-42CC-4D01-B027-478145BEA8FE}.Debug|x64.ActiveCfg = Debug|Any CPU
		{210476D6-42CC-4D01-B027-478145BEA8FE}.Debug|x64.Build.0 = Debug|Any CPU
		{210476D6-42CC-4D01-B027-478145BEA8FE}.Debug|x86.ActiveCfg = Debug|Any CPU
		{210476D6-42CC-4D01-B027-478145BEA8FE}.Debug|x86.Build.0 = Debug|Any CPU
		{210476D6-42CC-4D01-B027-478145BEA8FE}.Release|Any CPU.ActiveCfg = Release|Any CPU
		{210476D6-42CC-4D01-B027-478145BEA8FE}.Release|Any CPU.Build.0 = Release|Any CPU
		{210476D6-42CC-4D01-B027-478145BEA8FE}.Release|ARM.ActiveCfg = Release|Any CPU
		{210476D6-42CC-4D01-B027-478145BEA8FE}.Release|ARM.Build.0 = Release|Any CPU
		{210476D6-42CC-4D01-B027-478145BEA8FE}.Release|ARM64.ActiveCfg = Release|Any CPU
		{210476D6-42CC-4D01-B027-478145BEA8FE}.Release|ARM64.Build.0 = Release|Any CPU
		{210476D6-42CC-4D01-B027-478145BEA8FE}.Release|x64.ActiveCfg = Release|Any CPU
		{210476D6-42CC-4D01-B027-478145BEA8FE}.Release|x64.Build.0 = Release|Any CPU
		{210476D6-42CC-4D01-B027-478145BEA8FE}.Release|x86.ActiveCfg = Release|Any CPU
		{210476D6-42CC-4D01-B027-478145BEA8FE}.Release|x86.Build.0 = Release|Any CPU
		{05AE3090-DAEE-4629-856B-120034CC4B1A}.Debug|Any CPU.ActiveCfg = Debug|x86
		{05AE3090-DAEE-4629-856B-120034CC4B1A}.Debug|Any CPU.Build.0 = Debug|x86
		{05AE3090-DAEE-4629-856B-120034CC4B1A}.Debug|Any CPU.Deploy.0 = Debug|x86
		{05AE3090-DAEE-4629-856B-120034CC4B1A}.Debug|ARM.ActiveCfg = Debug|x86
		{05AE3090-DAEE-4629-856B-120034CC4B1A}.Debug|ARM.Build.0 = Debug|x86
		{05AE3090-DAEE-4629-856B-120034CC4B1A}.Debug|ARM.Deploy.0 = Debug|x86
		{05AE3090-DAEE-4629-856B-120034CC4B1A}.Debug|ARM64.ActiveCfg = Debug|arm64
		{05AE3090-DAEE-4629-856B-120034CC4B1A}.Debug|ARM64.Build.0 = Debug|arm64
		{05AE3090-DAEE-4629-856B-120034CC4B1A}.Debug|ARM64.Deploy.0 = Debug|arm64
		{05AE3090-DAEE-4629-856B-120034CC4B1A}.Debug|x64.ActiveCfg = Debug|x64
		{05AE3090-DAEE-4629-856B-120034CC4B1A}.Debug|x64.Build.0 = Debug|x64
		{05AE3090-DAEE-4629-856B-120034CC4B1A}.Debug|x64.Deploy.0 = Debug|x64
		{05AE3090-DAEE-4629-856B-120034CC4B1A}.Debug|x86.ActiveCfg = Debug|x86
		{05AE3090-DAEE-4629-856B-120034CC4B1A}.Debug|x86.Build.0 = Debug|x86
		{05AE3090-DAEE-4629-856B-120034CC4B1A}.Debug|x86.Deploy.0 = Debug|x86
		{05AE3090-DAEE-4629-856B-120034CC4B1A}.Release|Any CPU.ActiveCfg = Release|x86
		{05AE3090-DAEE-4629-856B-120034CC4B1A}.Release|Any CPU.Build.0 = Release|x86
		{05AE3090-DAEE-4629-856B-120034CC4B1A}.Release|ARM.ActiveCfg = Release|x86
		{05AE3090-DAEE-4629-856B-120034CC4B1A}.Release|ARM.Build.0 = Release|x86
		{05AE3090-DAEE-4629-856B-120034CC4B1A}.Release|ARM.Deploy.0 = Release|x86
		{05AE3090-DAEE-4629-856B-120034CC4B1A}.Release|ARM64.ActiveCfg = Release|x86
		{05AE3090-DAEE-4629-856B-120034CC4B1A}.Release|ARM64.Build.0 = Release|x86
		{05AE3090-DAEE-4629-856B-120034CC4B1A}.Release|ARM64.Deploy.0 = Release|x86
		{05AE3090-DAEE-4629-856B-120034CC4B1A}.Release|x64.ActiveCfg = Release|x86
		{05AE3090-DAEE-4629-856B-120034CC4B1A}.Release|x64.Build.0 = Release|x86
		{05AE3090-DAEE-4629-856B-120034CC4B1A}.Release|x64.Deploy.0 = Release|x86
		{05AE3090-DAEE-4629-856B-120034CC4B1A}.Release|x86.ActiveCfg = Release|x86
		{05AE3090-DAEE-4629-856B-120034CC4B1A}.Release|x86.Build.0 = Release|x86
		{05AE3090-DAEE-4629-856B-120034CC4B1A}.Release|x86.Deploy.0 = Release|x86
		{3150A3C5-0DC3-4D6D-9598-1F767A7F323B}.Debug|Any CPU.ActiveCfg = Debug|x64
		{3150A3C5-0DC3-4D6D-9598-1F767A7F323B}.Debug|Any CPU.Build.0 = Debug|x64
		{3150A3C5-0DC3-4D6D-9598-1F767A7F323B}.Debug|Any CPU.Deploy.0 = Debug|x64
		{3150A3C5-0DC3-4D6D-9598-1F767A7F323B}.Debug|ARM.ActiveCfg = Debug|x64
		{3150A3C5-0DC3-4D6D-9598-1F767A7F323B}.Debug|ARM.Build.0 = Debug|x64
		{3150A3C5-0DC3-4D6D-9598-1F767A7F323B}.Debug|ARM.Deploy.0 = Debug|x64
		{3150A3C5-0DC3-4D6D-9598-1F767A7F323B}.Debug|ARM64.ActiveCfg = Debug|arm64
		{3150A3C5-0DC3-4D6D-9598-1F767A7F323B}.Debug|ARM64.Build.0 = Debug|arm64
		{3150A3C5-0DC3-4D6D-9598-1F767A7F323B}.Debug|ARM64.Deploy.0 = Debug|arm64
		{3150A3C5-0DC3-4D6D-9598-1F767A7F323B}.Debug|x64.ActiveCfg = Debug|x64
		{3150A3C5-0DC3-4D6D-9598-1F767A7F323B}.Debug|x64.Build.0 = Debug|x64
		{3150A3C5-0DC3-4D6D-9598-1F767A7F323B}.Debug|x64.Deploy.0 = Debug|x64
		{3150A3C5-0DC3-4D6D-9598-1F767A7F323B}.Debug|x86.ActiveCfg = Debug|x86
		{3150A3C5-0DC3-4D6D-9598-1F767A7F323B}.Debug|x86.Build.0 = Debug|x86
		{3150A3C5-0DC3-4D6D-9598-1F767A7F323B}.Debug|x86.Deploy.0 = Debug|x86
		{3150A3C5-0DC3-4D6D-9598-1F767A7F323B}.Release|Any CPU.ActiveCfg = Release|x64
		{3150A3C5-0DC3-4D6D-9598-1F767A7F323B}.Release|Any CPU.Build.0 = Release|x64
		{3150A3C5-0DC3-4D6D-9598-1F767A7F323B}.Release|Any CPU.Deploy.0 = Release|x64
		{3150A3C5-0DC3-4D6D-9598-1F767A7F323B}.Release|ARM.ActiveCfg = Release|x64
		{3150A3C5-0DC3-4D6D-9598-1F767A7F323B}.Release|ARM.Build.0 = Release|x64
		{3150A3C5-0DC3-4D6D-9598-1F767A7F323B}.Release|ARM.Deploy.0 = Release|x64
		{3150A3C5-0DC3-4D6D-9598-1F767A7F323B}.Release|ARM64.ActiveCfg = Release|arm64
		{3150A3C5-0DC3-4D6D-9598-1F767A7F323B}.Release|ARM64.Build.0 = Release|arm64
		{3150A3C5-0DC3-4D6D-9598-1F767A7F323B}.Release|ARM64.Deploy.0 = Release|arm64
		{3150A3C5-0DC3-4D6D-9598-1F767A7F323B}.Release|x64.ActiveCfg = Release|x64
		{3150A3C5-0DC3-4D6D-9598-1F767A7F323B}.Release|x64.Build.0 = Release|x64
		{3150A3C5-0DC3-4D6D-9598-1F767A7F323B}.Release|x64.Deploy.0 = Release|x64
		{3150A3C5-0DC3-4D6D-9598-1F767A7F323B}.Release|x86.ActiveCfg = Release|x86
		{3150A3C5-0DC3-4D6D-9598-1F767A7F323B}.Release|x86.Build.0 = Release|x86
		{3150A3C5-0DC3-4D6D-9598-1F767A7F323B}.Release|x86.Deploy.0 = Release|x86
	EndGlobalSection
	GlobalSection(SolutionProperties) = preSolution
		HideSolutionNode = FALSE
	EndGlobalSection
	GlobalSection(NestedProjects) = preSolution
		{9503C27C-55A8-4B66-AA7B-14EFDB940B13} = {09003B35-7A35-4BD1-9A26-5CFD02AB88DD}
		{86E3CC4D-1359-4249-9C5B-C193BF65633D} = {9898A5F2-6B58-4770-9757-302E93848428}
		{3BAAC2DA-7124-460E-A9A9-13138843CD57} = {86E3CC4D-1359-4249-9C5B-C193BF65633D}
		{FE19FFF0-6AB6-4FC7-BFDF-B6499153DCD5} = {EDD2FCF0-74FE-4AB9-B40A-7B2A4E89D59C}
		{A14189C0-39A8-4FBE-BF86-A78A94654C48} = {86E3CC4D-1359-4249-9C5B-C193BF65633D}
		{E8E5AAAA-B15B-4B35-8673-118F6417B6F2} = {86E3CC4D-1359-4249-9C5B-C193BF65633D}
		{210476D6-42CC-4D01-B027-478145BEA8FE} = {09003B35-7A35-4BD1-9A26-5CFD02AB88DD}
		{3150A3C5-0DC3-4D6D-9598-1F767A7F323B} = {86E3CC4D-1359-4249-9C5B-C193BF65633D}
	EndGlobalSection
	GlobalSection(ExtensibilityGlobals) = postSolution
		SolutionGuid = {1F0A4823-84EF-41AA-BBF9-A07B38DDC555}
	EndGlobalSection
EndGlobal
