
Microsoft Visual Studio Solution File, Format Version 12.00
# Visual Studio Version 17
VisualStudioVersion = 17.0.31919.166
MinimumVisualStudioVersion = 10.0.40219.1
Project("{9A19103F-16F7-4668-BE54-9A1E7A4F7556}") = "CommunityToolkit.Labs.WinUI.SettingsCard", "src\CommunityToolkit.Labs.WinUI.SettingsCard.csproj", "{25ADCE5E-7D20-4A35-93FD-A8A1D3FE0DDC}"
EndProject
Project("{FAE04EC0-301F-11D3-BF4B-00C04F79EFBC}") = "SettingsCard.Uwp", "samples\SettingsCard.Uwp\SettingsCard.Uwp.csproj", "{44D7603F-F611-4120-A9A2-7BEF5E3700C6}"
EndProject
Project("{9A19103F-16F7-4668-BE54-9A1E7A4F7556}") = "SettingsCard.Wasm", "samples\SettingsCard.Wasm\SettingsCard.Wasm.csproj", "{4C40FC7B-315B-4D03-BD97-89E34619A714}"
EndProject
Project("{9A19103F-16F7-4668-BE54-9A1E7A4F7556}") = "SettingsCard.Sample", "samples\SettingsCard.Sample\SettingsCard.Sample.csproj", "{4833B04E-B60B-44A1-A45B-88AD95094399}"
EndProject
Project("{2150E333-8FDC-42A3-9474-1A3956D46DE8}") = "Platforms", "Platforms", "{DBC0F8FB-16E0-4C4B-BD3D-334FD50D20BF}"
EndProject
Project("{9A19103F-16F7-4668-BE54-9A1E7A4F7556}") = "SettingsCard.WinAppSdk", "samples\SettingsCard.WinAppSdk\SettingsCard.WinAppSdk.csproj", "{6B1F5E1F-B852-4529-BC2A-0F036D145594}"
EndProject
Project("{9A19103F-16F7-4668-BE54-9A1E7A4F7556}") = "CommunityToolkit.Labs.Core.SourceGenerators", "..\..\common\CommunityToolkit.Labs.Core.SourceGenerators\CommunityToolkit.Labs.Core.SourceGenerators.csproj", "{66E6DA8A-FEFC-4221-A476-4314A4D692F6}"
EndProject
Project("{9A19103F-16F7-4668-BE54-9A1E7A4F7556}") = "CommunityToolkit.Labs.Core.SourceGenerators.XamlNamedPropertyRelay", "..\..\common\CommunityToolkit.Labs.Core.SourceGenerators.XamlNamedPropertyRelay\CommunityToolkit.Labs.Core.SourceGenerators.XamlNamedPropertyRelay.csproj", "{7A1E5FBF-B51A-4B56-8EA3-6AB56A7E9D91}"
EndProject
Project("{2150E333-8FDC-42A3-9474-1A3956D46DE8}") = "Tests", "Tests", "{60DFA1A1-D93D-43AC-8D52-EA4F9EC7D59A}"
EndProject
Project("{D954291E-2A0B-460D-934E-DC6B0785DB48}") = "SettingsCard.Tests", "tests\SettingsCard.Tests\SettingsCard.Tests.shproj", "{9FB33A63-86B0-4B15-A22D-9E8DBD186BA6}"
EndProject
Project("{9A19103F-16F7-4668-BE54-9A1E7A4F7556}") = "SettingsCard.UnitTests.WinAppSdk", "tests\SettingsCard.UnitTests.WinAppSdk\SettingsCard.UnitTests.WinAppSdk.csproj", "{6B85B6A9-6824-456F-B5F8-52FF47E98768}"
EndProject
Project("{FAE04EC0-301F-11D3-BF4B-00C04F79EFBC}") = "SettingsCard.UnitTests.Uwp", "tests\SettingsCard.UnitTests.Uwp\SettingsCard.UnitTests.Uwp.csproj", "{BB4921B5-8B81-4DCD-B4AE-AB4FBCDD2A47}"
EndProject
Project("{2150E333-8FDC-42A3-9474-1A3956D46DE8}") = "Labs Dependencies", "Labs Dependencies", "{2EE53492-C0BD-4AB4-9EED-F5E3026896AD}"
EndProject
Project("{9A19103F-16F7-4668-BE54-9A1E7A4F7556}") = "CommunityToolkit.Labs.Core.SourceGenerators.LabsUITestMethod", "..\..\common\CommunityToolkit.Labs.Core.SourceGenerators.LabsUITestMethod\CommunityToolkit.Labs.Core.SourceGenerators.LabsUITestMethod.csproj", "{79F79471-9947-45F5-81FE-4EBE2B8D0B1D}"
EndProject
Global
	GlobalSection(SharedMSBuildProjectFiles) = preSolution
		tests\SettingsCard.Tests\SettingsCard.Tests.projitems*{9fb33a63-86b0-4b15-a22d-9e8dbd186ba6}*SharedItemsImports = 13
		tests\SettingsCard.Tests\SettingsCard.Tests.projitems*{bb4921b5-8b81-4dcd-b4ae-ab4fbcdd2a47}*SharedItemsImports = 4
		..\..\common\CommunityToolkit.Labs.Shared\CommunityToolkit.Labs.Shared.projitems*{44d7603f-f611-4120-a9a2-7bef5e3700c6}*SharedItemsImports = 4
		tests\SettingsCard.Tests\SettingsCard.Tests.projitems*{6b85b6a9-6824-456f-b5f8-52ff47e98768}*SharedItemsImports = 5
	EndGlobalSection
	GlobalSection(SolutionConfigurationPlatforms) = preSolution
		Debug|Any CPU = Debug|Any CPU
		Debug|ARM = Debug|ARM
		Debug|ARM64 = Debug|ARM64
		Debug|x64 = Debug|x64
		Debug|x86 = Debug|x86
		Release|Any CPU = Release|Any CPU
		Release|ARM = Release|ARM
		Release|ARM64 = Release|ARM64
		Release|x64 = Release|x64
		Release|x86 = Release|x86
	EndGlobalSection
	GlobalSection(ProjectConfigurationPlatforms) = postSolution
		{25ADCE5E-7D20-4A35-93FD-A8A1D3FE0DDC}.Debug|Any CPU.ActiveCfg = Debug|Any CPU
		{25ADCE5E-7D20-4A35-93FD-A8A1D3FE0DDC}.Debug|Any CPU.Build.0 = Debug|Any CPU
		{25ADCE5E-7D20-4A35-93FD-A8A1D3FE0DDC}.Debug|ARM.ActiveCfg = Debug|Any CPU
		{25ADCE5E-7D20-4A35-93FD-A8A1D3FE0DDC}.Debug|ARM.Build.0 = Debug|Any CPU
		{25ADCE5E-7D20-4A35-93FD-A8A1D3FE0DDC}.Debug|ARM64.ActiveCfg = Debug|Any CPU
		{25ADCE5E-7D20-4A35-93FD-A8A1D3FE0DDC}.Debug|ARM64.Build.0 = Debug|Any CPU
		{25ADCE5E-7D20-4A35-93FD-A8A1D3FE0DDC}.Debug|x64.ActiveCfg = Debug|Any CPU
		{25ADCE5E-7D20-4A35-93FD-A8A1D3FE0DDC}.Debug|x64.Build.0 = Debug|Any CPU
		{25ADCE5E-7D20-4A35-93FD-A8A1D3FE0DDC}.Debug|x86.ActiveCfg = Debug|Any CPU
		{25ADCE5E-7D20-4A35-93FD-A8A1D3FE0DDC}.Debug|x86.Build.0 = Debug|Any CPU
		{25ADCE5E-7D20-4A35-93FD-A8A1D3FE0DDC}.Release|Any CPU.ActiveCfg = Release|Any CPU
		{25ADCE5E-7D20-4A35-93FD-A8A1D3FE0DDC}.Release|Any CPU.Build.0 = Release|Any CPU
		{25ADCE5E-7D20-4A35-93FD-A8A1D3FE0DDC}.Release|ARM.ActiveCfg = Release|Any CPU
		{25ADCE5E-7D20-4A35-93FD-A8A1D3FE0DDC}.Release|ARM.Build.0 = Release|Any CPU
		{25ADCE5E-7D20-4A35-93FD-A8A1D3FE0DDC}.Release|ARM64.ActiveCfg = Release|Any CPU
		{25ADCE5E-7D20-4A35-93FD-A8A1D3FE0DDC}.Release|ARM64.Build.0 = Release|Any CPU
		{25ADCE5E-7D20-4A35-93FD-A8A1D3FE0DDC}.Release|x64.ActiveCfg = Release|Any CPU
		{25ADCE5E-7D20-4A35-93FD-A8A1D3FE0DDC}.Release|x64.Build.0 = Release|Any CPU
		{25ADCE5E-7D20-4A35-93FD-A8A1D3FE0DDC}.Release|x86.ActiveCfg = Release|Any CPU
		{25ADCE5E-7D20-4A35-93FD-A8A1D3FE0DDC}.Release|x86.Build.0 = Release|Any CPU
		{44D7603F-F611-4120-A9A2-7BEF5E3700C6}.Debug|Any CPU.ActiveCfg = Debug|x64
		{44D7603F-F611-4120-A9A2-7BEF5E3700C6}.Debug|Any CPU.Build.0 = Debug|x64
		{44D7603F-F611-4120-A9A2-7BEF5E3700C6}.Debug|Any CPU.Deploy.0 = Debug|x64
		{44D7603F-F611-4120-A9A2-7BEF5E3700C6}.Debug|ARM.ActiveCfg = Debug|ARM
		{44D7603F-F611-4120-A9A2-7BEF5E3700C6}.Debug|ARM.Build.0 = Debug|ARM
		{44D7603F-F611-4120-A9A2-7BEF5E3700C6}.Debug|ARM.Deploy.0 = Debug|ARM
		{44D7603F-F611-4120-A9A2-7BEF5E3700C6}.Debug|ARM64.ActiveCfg = Debug|ARM64
		{44D7603F-F611-4120-A9A2-7BEF5E3700C6}.Debug|ARM64.Build.0 = Debug|ARM64
		{44D7603F-F611-4120-A9A2-7BEF5E3700C6}.Debug|ARM64.Deploy.0 = Debug|ARM64
		{44D7603F-F611-4120-A9A2-7BEF5E3700C6}.Debug|x64.ActiveCfg = Debug|x64
		{44D7603F-F611-4120-A9A2-7BEF5E3700C6}.Debug|x64.Build.0 = Debug|x64
		{44D7603F-F611-4120-A9A2-7BEF5E3700C6}.Debug|x64.Deploy.0 = Debug|x64
		{44D7603F-F611-4120-A9A2-7BEF5E3700C6}.Debug|x86.ActiveCfg = Debug|x86
		{44D7603F-F611-4120-A9A2-7BEF5E3700C6}.Debug|x86.Build.0 = Debug|x86
		{44D7603F-F611-4120-A9A2-7BEF5E3700C6}.Debug|x86.Deploy.0 = Debug|x86
		{44D7603F-F611-4120-A9A2-7BEF5E3700C6}.Release|Any CPU.ActiveCfg = Release|x64
		{44D7603F-F611-4120-A9A2-7BEF5E3700C6}.Release|Any CPU.Build.0 = Release|x64
		{44D7603F-F611-4120-A9A2-7BEF5E3700C6}.Release|Any CPU.Deploy.0 = Release|x64
		{44D7603F-F611-4120-A9A2-7BEF5E3700C6}.Release|ARM.ActiveCfg = Release|ARM
		{44D7603F-F611-4120-A9A2-7BEF5E3700C6}.Release|ARM.Build.0 = Release|ARM
		{44D7603F-F611-4120-A9A2-7BEF5E3700C6}.Release|ARM.Deploy.0 = Release|ARM
		{44D7603F-F611-4120-A9A2-7BEF5E3700C6}.Release|ARM64.ActiveCfg = Release|ARM64
		{44D7603F-F611-4120-A9A2-7BEF5E3700C6}.Release|ARM64.Build.0 = Release|ARM64
		{44D7603F-F611-4120-A9A2-7BEF5E3700C6}.Release|ARM64.Deploy.0 = Release|ARM64
		{44D7603F-F611-4120-A9A2-7BEF5E3700C6}.Release|x64.ActiveCfg = Release|x64
		{44D7603F-F611-4120-A9A2-7BEF5E3700C6}.Release|x64.Build.0 = Release|x64
		{44D7603F-F611-4120-A9A2-7BEF5E3700C6}.Release|x64.Deploy.0 = Release|x64
		{44D7603F-F611-4120-A9A2-7BEF5E3700C6}.Release|x86.ActiveCfg = Release|x86
		{44D7603F-F611-4120-A9A2-7BEF5E3700C6}.Release|x86.Build.0 = Release|x86
		{44D7603F-F611-4120-A9A2-7BEF5E3700C6}.Release|x86.Deploy.0 = Release|x86
		{4C40FC7B-315B-4D03-BD97-89E34619A714}.Debug|Any CPU.ActiveCfg = Debug|Any CPU
		{4C40FC7B-315B-4D03-BD97-89E34619A714}.Debug|Any CPU.Build.0 = Debug|Any CPU
		{4C40FC7B-315B-4D03-BD97-89E34619A714}.Debug|ARM.ActiveCfg = Debug|Any CPU
		{4C40FC7B-315B-4D03-BD97-89E34619A714}.Debug|ARM.Build.0 = Debug|Any CPU
		{4C40FC7B-315B-4D03-BD97-89E34619A714}.Debug|ARM64.ActiveCfg = Debug|Any CPU
		{4C40FC7B-315B-4D03-BD97-89E34619A714}.Debug|ARM64.Build.0 = Debug|Any CPU
		{4C40FC7B-315B-4D03-BD97-89E34619A714}.Debug|x64.ActiveCfg = Debug|Any CPU
		{4C40FC7B-315B-4D03-BD97-89E34619A714}.Debug|x64.Build.0 = Debug|Any CPU
		{4C40FC7B-315B-4D03-BD97-89E34619A714}.Debug|x86.ActiveCfg = Debug|Any CPU
		{4C40FC7B-315B-4D03-BD97-89E34619A714}.Debug|x86.Build.0 = Debug|Any CPU
		{4C40FC7B-315B-4D03-BD97-89E34619A714}.Release|Any CPU.ActiveCfg = Release|Any CPU
		{4C40FC7B-315B-4D03-BD97-89E34619A714}.Release|Any CPU.Build.0 = Release|Any CPU
		{4C40FC7B-315B-4D03-BD97-89E34619A714}.Release|ARM.ActiveCfg = Release|Any CPU
		{4C40FC7B-315B-4D03-BD97-89E34619A714}.Release|ARM.Build.0 = Release|Any CPU
		{4C40FC7B-315B-4D03-BD97-89E34619A714}.Release|ARM64.ActiveCfg = Release|Any CPU
		{4C40FC7B-315B-4D03-BD97-89E34619A714}.Release|ARM64.Build.0 = Release|Any CPU
		{4C40FC7B-315B-4D03-BD97-89E34619A714}.Release|x64.ActiveCfg = Release|Any CPU
		{4C40FC7B-315B-4D03-BD97-89E34619A714}.Release|x64.Build.0 = Release|Any CPU
		{4C40FC7B-315B-4D03-BD97-89E34619A714}.Release|x86.ActiveCfg = Release|Any CPU
		{4C40FC7B-315B-4D03-BD97-89E34619A714}.Release|x86.Build.0 = Release|Any CPU
		{4833B04E-B60B-44A1-A45B-88AD95094399}.Debug|Any CPU.ActiveCfg = Debug|Any CPU
		{4833B04E-B60B-44A1-A45B-88AD95094399}.Debug|Any CPU.Build.0 = Debug|Any CPU
		{4833B04E-B60B-44A1-A45B-88AD95094399}.Debug|ARM.ActiveCfg = Debug|Any CPU
		{4833B04E-B60B-44A1-A45B-88AD95094399}.Debug|ARM.Build.0 = Debug|Any CPU
		{4833B04E-B60B-44A1-A45B-88AD95094399}.Debug|ARM64.ActiveCfg = Debug|Any CPU
		{4833B04E-B60B-44A1-A45B-88AD95094399}.Debug|ARM64.Build.0 = Debug|Any CPU
		{4833B04E-B60B-44A1-A45B-88AD95094399}.Debug|x64.ActiveCfg = Debug|Any CPU
		{4833B04E-B60B-44A1-A45B-88AD95094399}.Debug|x64.Build.0 = Debug|Any CPU
		{4833B04E-B60B-44A1-A45B-88AD95094399}.Debug|x86.ActiveCfg = Debug|Any CPU
		{4833B04E-B60B-44A1-A45B-88AD95094399}.Debug|x86.Build.0 = Debug|Any CPU
		{4833B04E-B60B-44A1-A45B-88AD95094399}.Release|Any CPU.ActiveCfg = Release|Any CPU
		{4833B04E-B60B-44A1-A45B-88AD95094399}.Release|Any CPU.Build.0 = Release|Any CPU
		{4833B04E-B60B-44A1-A45B-88AD95094399}.Release|ARM.ActiveCfg = Release|Any CPU
		{4833B04E-B60B-44A1-A45B-88AD95094399}.Release|ARM.Build.0 = Release|Any CPU
		{4833B04E-B60B-44A1-A45B-88AD95094399}.Release|ARM64.ActiveCfg = Release|Any CPU
		{4833B04E-B60B-44A1-A45B-88AD95094399}.Release|ARM64.Build.0 = Release|Any CPU
		{4833B04E-B60B-44A1-A45B-88AD95094399}.Release|x64.ActiveCfg = Release|Any CPU
		{4833B04E-B60B-44A1-A45B-88AD95094399}.Release|x64.Build.0 = Release|Any CPU
		{4833B04E-B60B-44A1-A45B-88AD95094399}.Release|x86.ActiveCfg = Release|Any CPU
		{4833B04E-B60B-44A1-A45B-88AD95094399}.Release|x86.Build.0 = Release|Any CPU
		{6B1F5E1F-B852-4529-BC2A-0F036D145594}.Debug|Any CPU.ActiveCfg = Debug|x64
		{6B1F5E1F-B852-4529-BC2A-0F036D145594}.Debug|Any CPU.Build.0 = Debug|x64
		{6B1F5E1F-B852-4529-BC2A-0F036D145594}.Debug|Any CPU.Deploy.0 = Debug|x64
		{6B1F5E1F-B852-4529-BC2A-0F036D145594}.Debug|ARM.ActiveCfg = Debug|x64
		{6B1F5E1F-B852-4529-BC2A-0F036D145594}.Debug|ARM.Build.0 = Debug|x64
		{6B1F5E1F-B852-4529-BC2A-0F036D145594}.Debug|ARM.Deploy.0 = Debug|x64
		{6B1F5E1F-B852-4529-BC2A-0F036D145594}.Debug|ARM64.ActiveCfg = Debug|arm64
		{6B1F5E1F-B852-4529-BC2A-0F036D145594}.Debug|ARM64.Build.0 = Debug|arm64
		{6B1F5E1F-B852-4529-BC2A-0F036D145594}.Debug|ARM64.Deploy.0 = Debug|arm64
		{6B1F5E1F-B852-4529-BC2A-0F036D145594}.Debug|x64.ActiveCfg = Debug|x64
		{6B1F5E1F-B852-4529-BC2A-0F036D145594}.Debug|x64.Build.0 = Debug|x64
		{6B1F5E1F-B852-4529-BC2A-0F036D145594}.Debug|x64.Deploy.0 = Debug|x64
		{6B1F5E1F-B852-4529-BC2A-0F036D145594}.Debug|x86.ActiveCfg = Debug|x86
		{6B1F5E1F-B852-4529-BC2A-0F036D145594}.Debug|x86.Build.0 = Debug|x86
		{6B1F5E1F-B852-4529-BC2A-0F036D145594}.Debug|x86.Deploy.0 = Debug|x86
		{6B1F5E1F-B852-4529-BC2A-0F036D145594}.Release|Any CPU.ActiveCfg = Release|x64
		{6B1F5E1F-B852-4529-BC2A-0F036D145594}.Release|Any CPU.Build.0 = Release|x64
		{6B1F5E1F-B852-4529-BC2A-0F036D145594}.Release|Any CPU.Deploy.0 = Release|x64
		{6B1F5E1F-B852-4529-BC2A-0F036D145594}.Release|ARM.ActiveCfg = Release|x64
		{6B1F5E1F-B852-4529-BC2A-0F036D145594}.Release|ARM.Build.0 = Release|x64
		{6B1F5E1F-B852-4529-BC2A-0F036D145594}.Release|ARM.Deploy.0 = Release|x64
		{6B1F5E1F-B852-4529-BC2A-0F036D145594}.Release|ARM64.ActiveCfg = Release|arm64
		{6B1F5E1F-B852-4529-BC2A-0F036D145594}.Release|ARM64.Build.0 = Release|arm64
		{6B1F5E1F-B852-4529-BC2A-0F036D145594}.Release|ARM64.Deploy.0 = Release|arm64
		{6B1F5E1F-B852-4529-BC2A-0F036D145594}.Release|x64.ActiveCfg = Release|x64
		{6B1F5E1F-B852-4529-BC2A-0F036D145594}.Release|x64.Build.0 = Release|x64
		{6B1F5E1F-B852-4529-BC2A-0F036D145594}.Release|x64.Deploy.0 = Release|x64
		{6B1F5E1F-B852-4529-BC2A-0F036D145594}.Release|x86.ActiveCfg = Release|x86
		{6B1F5E1F-B852-4529-BC2A-0F036D145594}.Release|x86.Build.0 = Release|x86
		{6B1F5E1F-B852-4529-BC2A-0F036D145594}.Release|x86.Deploy.0 = Release|x86
		{66E6DA8A-FEFC-4221-A476-4314A4D692F6}.Debug|Any CPU.ActiveCfg = Debug|Any CPU
		{66E6DA8A-FEFC-4221-A476-4314A4D692F6}.Debug|Any CPU.Build.0 = Debug|Any CPU
		{66E6DA8A-FEFC-4221-A476-4314A4D692F6}.Debug|ARM.ActiveCfg = Debug|Any CPU
		{66E6DA8A-FEFC-4221-A476-4314A4D692F6}.Debug|ARM.Build.0 = Debug|Any CPU
		{66E6DA8A-FEFC-4221-A476-4314A4D692F6}.Debug|ARM64.ActiveCfg = Debug|Any CPU
		{66E6DA8A-FEFC-4221-A476-4314A4D692F6}.Debug|ARM64.Build.0 = Debug|Any CPU
		{66E6DA8A-FEFC-4221-A476-4314A4D692F6}.Debug|x64.ActiveCfg = Debug|Any CPU
		{66E6DA8A-FEFC-4221-A476-4314A4D692F6}.Debug|x64.Build.0 = Debug|Any CPU
		{66E6DA8A-FEFC-4221-A476-4314A4D692F6}.Debug|x86.ActiveCfg = Debug|Any CPU
		{66E6DA8A-FEFC-4221-A476-4314A4D692F6}.Debug|x86.Build.0 = Debug|Any CPU
		{66E6DA8A-FEFC-4221-A476-4314A4D692F6}.Release|Any CPU.ActiveCfg = Release|Any CPU
		{66E6DA8A-FEFC-4221-A476-4314A4D692F6}.Release|Any CPU.Build.0 = Release|Any CPU
		{66E6DA8A-FEFC-4221-A476-4314A4D692F6}.Release|ARM.ActiveCfg = Release|Any CPU
		{66E6DA8A-FEFC-4221-A476-4314A4D692F6}.Release|ARM.Build.0 = Release|Any CPU
		{66E6DA8A-FEFC-4221-A476-4314A4D692F6}.Release|ARM64.ActiveCfg = Release|Any CPU
		{66E6DA8A-FEFC-4221-A476-4314A4D692F6}.Release|ARM64.Build.0 = Release|Any CPU
		{66E6DA8A-FEFC-4221-A476-4314A4D692F6}.Release|x64.ActiveCfg = Release|Any CPU
		{66E6DA8A-FEFC-4221-A476-4314A4D692F6}.Release|x64.Build.0 = Release|Any CPU
		{66E6DA8A-FEFC-4221-A476-4314A4D692F6}.Release|x86.ActiveCfg = Release|Any CPU
		{66E6DA8A-FEFC-4221-A476-4314A4D692F6}.Release|x86.Build.0 = Release|Any CPU
		{7A1E5FBF-B51A-4B56-8EA3-6AB56A7E9D91}.Debug|Any CPU.ActiveCfg = Debug|Any CPU
		{7A1E5FBF-B51A-4B56-8EA3-6AB56A7E9D91}.Debug|Any CPU.Build.0 = Debug|Any CPU
		{7A1E5FBF-B51A-4B56-8EA3-6AB56A7E9D91}.Debug|ARM.ActiveCfg = Debug|Any CPU
		{7A1E5FBF-B51A-4B56-8EA3-6AB56A7E9D91}.Debug|ARM.Build.0 = Debug|Any CPU
		{7A1E5FBF-B51A-4B56-8EA3-6AB56A7E9D91}.Debug|ARM64.ActiveCfg = Debug|Any CPU
		{7A1E5FBF-B51A-4B56-8EA3-6AB56A7E9D91}.Debug|ARM64.Build.0 = Debug|Any CPU
		{7A1E5FBF-B51A-4B56-8EA3-6AB56A7E9D91}.Debug|x64.ActiveCfg = Debug|Any CPU
		{7A1E5FBF-B51A-4B56-8EA3-6AB56A7E9D91}.Debug|x64.Build.0 = Debug|Any CPU
		{7A1E5FBF-B51A-4B56-8EA3-6AB56A7E9D91}.Debug|x86.ActiveCfg = Debug|Any CPU
		{7A1E5FBF-B51A-4B56-8EA3-6AB56A7E9D91}.Debug|x86.Build.0 = Debug|Any CPU
		{7A1E5FBF-B51A-4B56-8EA3-6AB56A7E9D91}.Release|Any CPU.ActiveCfg = Release|Any CPU
		{7A1E5FBF-B51A-4B56-8EA3-6AB56A7E9D91}.Release|Any CPU.Build.0 = Release|Any CPU
		{7A1E5FBF-B51A-4B56-8EA3-6AB56A7E9D91}.Release|ARM.ActiveCfg = Release|Any CPU
		{7A1E5FBF-B51A-4B56-8EA3-6AB56A7E9D91}.Release|ARM.Build.0 = Release|Any CPU
		{7A1E5FBF-B51A-4B56-8EA3-6AB56A7E9D91}.Release|ARM64.ActiveCfg = Release|Any CPU
		{7A1E5FBF-B51A-4B56-8EA3-6AB56A7E9D91}.Release|ARM64.Build.0 = Release|Any CPU
		{7A1E5FBF-B51A-4B56-8EA3-6AB56A7E9D91}.Release|x64.ActiveCfg = Release|Any CPU
		{7A1E5FBF-B51A-4B56-8EA3-6AB56A7E9D91}.Release|x64.Build.0 = Release|Any CPU
		{7A1E5FBF-B51A-4B56-8EA3-6AB56A7E9D91}.Release|x86.ActiveCfg = Release|Any CPU
		{7A1E5FBF-B51A-4B56-8EA3-6AB56A7E9D91}.Release|x86.Build.0 = Release|Any CPU
		{6B85B6A9-6824-456F-B5F8-52FF47E98768}.Debug|Any CPU.ActiveCfg = Debug|x64
		{6B85B6A9-6824-456F-B5F8-52FF47E98768}.Debug|Any CPU.Build.0 = Debug|x64
		{6B85B6A9-6824-456F-B5F8-52FF47E98768}.Debug|Any CPU.Deploy.0 = Debug|x64
		{6B85B6A9-6824-456F-B5F8-52FF47E98768}.Debug|ARM.ActiveCfg = Debug|x64
		{6B85B6A9-6824-456F-B5F8-52FF47E98768}.Debug|ARM.Build.0 = Debug|x64
		{6B85B6A9-6824-456F-B5F8-52FF47E98768}.Debug|ARM.Deploy.0 = Debug|x64
		{6B85B6A9-6824-456F-B5F8-52FF47E98768}.Debug|ARM64.ActiveCfg = Debug|arm64
		{6B85B6A9-6824-456F-B5F8-52FF47E98768}.Debug|ARM64.Build.0 = Debug|arm64
		{6B85B6A9-6824-456F-B5F8-52FF47E98768}.Debug|ARM64.Deploy.0 = Debug|arm64
		{6B85B6A9-6824-456F-B5F8-52FF47E98768}.Debug|x64.ActiveCfg = Debug|x64
		{6B85B6A9-6824-456F-B5F8-52FF47E98768}.Debug|x64.Build.0 = Debug|x64
		{6B85B6A9-6824-456F-B5F8-52FF47E98768}.Debug|x64.Deploy.0 = Debug|x64
		{6B85B6A9-6824-456F-B5F8-52FF47E98768}.Debug|x86.ActiveCfg = Debug|x86
		{6B85B6A9-6824-456F-B5F8-52FF47E98768}.Debug|x86.Build.0 = Debug|x86
		{6B85B6A9-6824-456F-B5F8-52FF47E98768}.Debug|x86.Deploy.0 = Debug|x86
		{6B85B6A9-6824-456F-B5F8-52FF47E98768}.Release|Any CPU.ActiveCfg = Release|x64
		{6B85B6A9-6824-456F-B5F8-52FF47E98768}.Release|Any CPU.Build.0 = Release|x64
		{6B85B6A9-6824-456F-B5F8-52FF47E98768}.Release|Any CPU.Deploy.0 = Release|x64
		{6B85B6A9-6824-456F-B5F8-52FF47E98768}.Release|ARM.ActiveCfg = Release|x64
		{6B85B6A9-6824-456F-B5F8-52FF47E98768}.Release|ARM.Build.0 = Release|x64
		{6B85B6A9-6824-456F-B5F8-52FF47E98768}.Release|ARM.Deploy.0 = Release|x64
		{6B85B6A9-6824-456F-B5F8-52FF47E98768}.Release|ARM64.ActiveCfg = Release|arm64
		{6B85B6A9-6824-456F-B5F8-52FF47E98768}.Release|ARM64.Build.0 = Release|arm64
		{6B85B6A9-6824-456F-B5F8-52FF47E98768}.Release|ARM64.Deploy.0 = Release|arm64
		{6B85B6A9-6824-456F-B5F8-52FF47E98768}.Release|x64.ActiveCfg = Release|x64
		{6B85B6A9-6824-456F-B5F8-52FF47E98768}.Release|x64.Build.0 = Release|x64
		{6B85B6A9-6824-456F-B5F8-52FF47E98768}.Release|x64.Deploy.0 = Release|x64
		{6B85B6A9-6824-456F-B5F8-52FF47E98768}.Release|x86.ActiveCfg = Release|x86
		{6B85B6A9-6824-456F-B5F8-52FF47E98768}.Release|x86.Build.0 = Release|x86
		{6B85B6A9-6824-456F-B5F8-52FF47E98768}.Release|x86.Deploy.0 = Release|x86
		{BB4921B5-8B81-4DCD-B4AE-AB4FBCDD2A47}.Debug|Any CPU.ActiveCfg = Debug|x64
		{BB4921B5-8B81-4DCD-B4AE-AB4FBCDD2A47}.Debug|Any CPU.Build.0 = Debug|x64
		{BB4921B5-8B81-4DCD-B4AE-AB4FBCDD2A47}.Debug|Any CPU.Deploy.0 = Debug|x64
		{BB4921B5-8B81-4DCD-B4AE-AB4FBCDD2A47}.Debug|ARM.ActiveCfg = Debug|ARM
		{BB4921B5-8B81-4DCD-B4AE-AB4FBCDD2A47}.Debug|ARM.Build.0 = Debug|ARM
		{BB4921B5-8B81-4DCD-B4AE-AB4FBCDD2A47}.Debug|ARM.Deploy.0 = Debug|ARM
		{BB4921B5-8B81-4DCD-B4AE-AB4FBCDD2A47}.Debug|ARM64.ActiveCfg = Debug|ARM64
		{BB4921B5-8B81-4DCD-B4AE-AB4FBCDD2A47}.Debug|ARM64.Build.0 = Debug|ARM64
		{BB4921B5-8B81-4DCD-B4AE-AB4FBCDD2A47}.Debug|ARM64.Deploy.0 = Debug|ARM64
		{BB4921B5-8B81-4DCD-B4AE-AB4FBCDD2A47}.Debug|x64.ActiveCfg = Debug|x64
		{BB4921B5-8B81-4DCD-B4AE-AB4FBCDD2A47}.Debug|x64.Build.0 = Debug|x64
		{BB4921B5-8B81-4DCD-B4AE-AB4FBCDD2A47}.Debug|x64.Deploy.0 = Debug|x64
		{BB4921B5-8B81-4DCD-B4AE-AB4FBCDD2A47}.Debug|x86.ActiveCfg = Debug|x86
		{BB4921B5-8B81-4DCD-B4AE-AB4FBCDD2A47}.Debug|x86.Build.0 = Debug|x86
		{BB4921B5-8B81-4DCD-B4AE-AB4FBCDD2A47}.Debug|x86.Deploy.0 = Debug|x86
		{BB4921B5-8B81-4DCD-B4AE-AB4FBCDD2A47}.Release|Any CPU.ActiveCfg = Release|x64
		{BB4921B5-8B81-4DCD-B4AE-AB4FBCDD2A47}.Release|Any CPU.Build.0 = Release|x64
		{BB4921B5-8B81-4DCD-B4AE-AB4FBCDD2A47}.Release|Any CPU.Deploy.0 = Release|x64
		{BB4921B5-8B81-4DCD-B4AE-AB4FBCDD2A47}.Release|ARM.ActiveCfg = Release|ARM
		{BB4921B5-8B81-4DCD-B4AE-AB4FBCDD2A47}.Release|ARM.Build.0 = Release|ARM
		{BB4921B5-8B81-4DCD-B4AE-AB4FBCDD2A47}.Release|ARM.Deploy.0 = Release|ARM
		{BB4921B5-8B81-4DCD-B4AE-AB4FBCDD2A47}.Release|ARM64.ActiveCfg = Release|ARM64
		{BB4921B5-8B81-4DCD-B4AE-AB4FBCDD2A47}.Release|ARM64.Build.0 = Release|ARM64
		{BB4921B5-8B81-4DCD-B4AE-AB4FBCDD2A47}.Release|ARM64.Deploy.0 = Release|ARM64
		{BB4921B5-8B81-4DCD-B4AE-AB4FBCDD2A47}.Release|x64.ActiveCfg = Release|x64
		{BB4921B5-8B81-4DCD-B4AE-AB4FBCDD2A47}.Release|x64.Build.0 = Release|x64
		{BB4921B5-8B81-4DCD-B4AE-AB4FBCDD2A47}.Release|x64.Deploy.0 = Release|x64
		{BB4921B5-8B81-4DCD-B4AE-AB4FBCDD2A47}.Release|x86.ActiveCfg = Release|x86
		{BB4921B5-8B81-4DCD-B4AE-AB4FBCDD2A47}.Release|x86.Build.0 = Release|x86
		{BB4921B5-8B81-4DCD-B4AE-AB4FBCDD2A47}.Release|x86.Deploy.0 = Release|x86
		{79F79471-9947-45F5-81FE-4EBE2B8D0B1D}.Debug|Any CPU.ActiveCfg = Debug|Any CPU
		{79F79471-9947-45F5-81FE-4EBE2B8D0B1D}.Debug|Any CPU.Build.0 = Debug|Any CPU
		{79F79471-9947-45F5-81FE-4EBE2B8D0B1D}.Debug|ARM.ActiveCfg = Debug|Any CPU
		{79F79471-9947-45F5-81FE-4EBE2B8D0B1D}.Debug|ARM.Build.0 = Debug|Any CPU
		{79F79471-9947-45F5-81FE-4EBE2B8D0B1D}.Debug|ARM64.ActiveCfg = Debug|Any CPU
		{79F79471-9947-45F5-81FE-4EBE2B8D0B1D}.Debug|ARM64.Build.0 = Debug|Any CPU
		{79F79471-9947-45F5-81FE-4EBE2B8D0B1D}.Debug|x64.ActiveCfg = Debug|Any CPU
		{79F79471-9947-45F5-81FE-4EBE2B8D0B1D}.Debug|x64.Build.0 = Debug|Any CPU
		{79F79471-9947-45F5-81FE-4EBE2B8D0B1D}.Debug|x86.ActiveCfg = Debug|Any CPU
		{79F79471-9947-45F5-81FE-4EBE2B8D0B1D}.Debug|x86.Build.0 = Debug|Any CPU
		{79F79471-9947-45F5-81FE-4EBE2B8D0B1D}.Release|Any CPU.ActiveCfg = Release|Any CPU
		{79F79471-9947-45F5-81FE-4EBE2B8D0B1D}.Release|Any CPU.Build.0 = Release|Any CPU
		{79F79471-9947-45F5-81FE-4EBE2B8D0B1D}.Release|ARM.ActiveCfg = Release|Any CPU
		{79F79471-9947-45F5-81FE-4EBE2B8D0B1D}.Release|ARM.Build.0 = Release|Any CPU
		{79F79471-9947-45F5-81FE-4EBE2B8D0B1D}.Release|ARM64.ActiveCfg = Release|Any CPU
		{79F79471-9947-45F5-81FE-4EBE2B8D0B1D}.Release|ARM64.Build.0 = Release|Any CPU
		{79F79471-9947-45F5-81FE-4EBE2B8D0B1D}.Release|x64.ActiveCfg = Release|Any CPU
		{79F79471-9947-45F5-81FE-4EBE2B8D0B1D}.Release|x64.Build.0 = Release|Any CPU
		{79F79471-9947-45F5-81FE-4EBE2B8D0B1D}.Release|x86.ActiveCfg = Release|Any CPU
		{79F79471-9947-45F5-81FE-4EBE2B8D0B1D}.Release|x86.Build.0 = Release|Any CPU
	EndGlobalSection
	GlobalSection(SolutionProperties) = preSolution
		HideSolutionNode = FALSE
	EndGlobalSection
	GlobalSection(NestedProjects) = preSolution
		{44D7603F-F611-4120-A9A2-7BEF5E3700C6} = {DBC0F8FB-16E0-4C4B-BD3D-334FD50D20BF}
		{4C40FC7B-315B-4D03-BD97-89E34619A714} = {DBC0F8FB-16E0-4C4B-BD3D-334FD50D20BF}
		{6B1F5E1F-B852-4529-BC2A-0F036D145594} = {DBC0F8FB-16E0-4C4B-BD3D-334FD50D20BF}
		{66E6DA8A-FEFC-4221-A476-4314A4D692F6} = {2EE53492-C0BD-4AB4-9EED-F5E3026896AD}
		{7A1E5FBF-B51A-4B56-8EA3-6AB56A7E9D91} = {2EE53492-C0BD-4AB4-9EED-F5E3026896AD}
		{6B85B6A9-6824-456F-B5F8-52FF47E98768} = {60DFA1A1-D93D-43AC-8D52-EA4F9EC7D59A}
		{BB4921B5-8B81-4DCD-B4AE-AB4FBCDD2A47} = {60DFA1A1-D93D-43AC-8D52-EA4F9EC7D59A}
		{79F79471-9947-45F5-81FE-4EBE2B8D0B1D} = {2EE53492-C0BD-4AB4-9EED-F5E3026896AD}
	EndGlobalSection
	GlobalSection(ExtensibilityGlobals) = postSolution
		SolutionGuid = {CFFF1B4D-FA61-4DE9-88C7-91747CFB849D}
	EndGlobalSection
EndGlobal
