
Microsoft Visual Studio Solution File, Format Version 12.00
# Visual Studio Version 17
VisualStudioVersion = 17.0.31919.166
MinimumVisualStudioVersion = 10.0.40219.1
Project("{9A19103F-16F7-4668-BE54-9A1E7A4F7556}") = "CommunityToolkit.Labs.WinUI.MyExperimentNameHere", "src\CommunityToolkit.Labs.WinUI.MyExperimentNameHere.csproj", "{D7CD6446-68B5-4BC2-8A53-1DC1E9A4C173}"
EndProject
Project("{FAE04EC0-301F-11D3-BF4B-00C04F79EFBC}") = "MyExperimentNameHere.Uwp", "samples\MyExperimentNameHere.Uwp\MyExperimentNameHere.Uwp.csproj", "{DB7B8A47-D637-4EB4-8E3D-2AE71863ADD1}"
EndProject
Project("{9A19103F-16F7-4668-BE54-9A1E7A4F7556}") = "MyExperimentNameHere.Wasm", "samples\MyExperimentNameHere.Wasm\MyExperimentNameHere.Wasm.csproj", "{07D083CD-46D8-41E8-B8C6-23C49558873B}"
EndProject
Project("{9A19103F-16F7-4668-BE54-9A1E7A4F7556}") = "MyExperimentNameHere.Samples", "samples\MyExperimentNameHere.Samples\MyExperimentNameHere.Samples.csproj", "{ACC19735-B95B-4E15-94A8-18A0EB4BC816}"
EndProject
Project("{2150E333-8FDC-42A3-9474-1A3956D46DE8}") = "Platforms", "Platforms", "{D84E790E-0D66-46ED-B181-F519E7C9756B}"
EndProject
Project("{9A19103F-16F7-4668-BE54-9A1E7A4F7556}") = "MyExperimentNameHere.WinAppSdk", "samples\MyExperimentNameHere.WinAppSdk\MyExperimentNameHere.WinAppSdk.csproj", "{2B097C51-E07C-4FBC-B45E-16642628FC05}"
EndProject
Project("{9A19103F-16F7-4668-BE54-9A1E7A4F7556}") = "CommunityToolkit.Labs.Core.SourceGenerators", "..\..\common\CommunityToolkit.Labs.Core.SourceGenerators\CommunityToolkit.Labs.Core.SourceGenerators.csproj", "{66E6DA8A-FEFC-4221-A476-4314A4D692F6}"
EndProject
Project("{9A19103F-16F7-4668-BE54-9A1E7A4F7556}") = "CommunityToolkit.Labs.Core.SourceGenerators.XamlNamedPropertyRelay", "..\..\common\CommunityToolkit.Labs.Core.SourceGenerators.XamlNamedPropertyRelay\CommunityToolkit.Labs.Core.SourceGenerators.XamlNamedPropertyRelay.csproj", "{7A1E5FBF-B51A-4B56-8EA3-6AB56A7E9D91}"
EndProject
Project("{2150E333-8FDC-42A3-9474-1A3956D46DE8}") = "Tests", "Tests", "{91961B42-698F-4B94-84F1-D742AEC88CA0}"
EndProject
Project("{D954291E-2A0B-460D-934E-DC6B0785DB48}") = "MyExperimentNameHere.Tests", "tests\MyExperimentNameHere.Tests\MyExperimentNameHere.Tests.shproj", "{7409BBD2-0255-4D59-BDC1-0923655B0346}"
EndProject
Project("{9A19103F-16F7-4668-BE54-9A1E7A4F7556}") = "MyExperimentNameHere.Tests.WinAppSdk", "tests\MyExperimentNameHere.Tests.WinAppSdk\MyExperimentNameHere.Tests.WinAppSdk.csproj", "{D4E28185-46A7-4743-AB32-F890878E75C3}"
EndProject
Project("{FAE04EC0-301F-11D3-BF4B-00C04F79EFBC}") = "MyExperimentNameHere.Tests.Uwp", "tests\MyExperimentNameHere.Tests.Uwp\MyExperimentNameHere.Tests.Uwp.csproj", "{D9131E4B-CBF9-4EB7-99FC-8D60F87DFAFF}"
EndProject
Project("{2150E333-8FDC-42A3-9474-1A3956D46DE8}") = "Labs Dependencies", "Labs Dependencies", "{6305B217-46A1-4F6A-AEF7-A9405F7401CA}"
EndProject
Project("{9A19103F-16F7-4668-BE54-9A1E7A4F7556}") = "CommunityToolkit.Labs.Core.SourceGenerators.LabsUITestMethod", "..\..\common\CommunityToolkit.Labs.Core.SourceGenerators.LabsUITestMethod\CommunityToolkit.Labs.Core.SourceGenerators.LabsUITestMethod.csproj", "{79F79471-9947-45F5-81FE-4EBE2B8D0B1D}"
EndProject
Global
	GlobalSection(SolutionConfigurationPlatforms) = preSolution
		Debug|Any CPU = Debug|Any CPU
		Debug|ARM = Debug|ARM
		Debug|ARM64 = Debug|ARM64
		Debug|x64 = Debug|x64
		Debug|x86 = Debug|x86
		Release|Any CPU = Release|Any CPU
		Release|ARM = Release|ARM
		Release|ARM64 = Release|ARM64
		Release|x64 = Release|x64
		Release|x86 = Release|x86
	EndGlobalSection
	GlobalSection(ProjectConfigurationPlatforms) = postSolution
		{D7CD6446-68B5-4BC2-8A53-1DC1E9A4C173}.Debug|Any CPU.ActiveCfg = Debug|Any CPU
		{D7CD6446-68B5-4BC2-8A53-1DC1E9A4C173}.Debug|Any CPU.Build.0 = Debug|Any CPU
		{D7CD6446-68B5-4BC2-8A53-1DC1E9A4C173}.Debug|ARM.ActiveCfg = Debug|Any CPU
		{D7CD6446-68B5-4BC2-8A53-1DC1E9A4C173}.Debug|ARM.Build.0 = Debug|Any CPU
		{D7CD6446-68B5-4BC2-8A53-1DC1E9A4C173}.Debug|ARM64.ActiveCfg = Debug|Any CPU
		{D7CD6446-68B5-4BC2-8A53-1DC1E9A4C173}.Debug|ARM64.Build.0 = Debug|Any CPU
		{D7CD6446-68B5-4BC2-8A53-1DC1E9A4C173}.Debug|x64.ActiveCfg = Debug|Any CPU
		{D7CD6446-68B5-4BC2-8A53-1DC1E9A4C173}.Debug|x64.Build.0 = Debug|Any CPU
		{D7CD6446-68B5-4BC2-8A53-1DC1E9A4C173}.Debug|x86.ActiveCfg = Debug|Any CPU
		{D7CD6446-68B5-4BC2-8A53-1DC1E9A4C173}.Debug|x86.Build.0 = Debug|Any CPU
		{D7CD6446-68B5-4BC2-8A53-1DC1E9A4C173}.Release|Any CPU.ActiveCfg = Release|Any CPU
		{D7CD6446-68B5-4BC2-8A53-1DC1E9A4C173}.Release|Any CPU.Build.0 = Release|Any CPU
		{D7CD6446-68B5-4BC2-8A53-1DC1E9A4C173}.Release|ARM.ActiveCfg = Release|Any CPU
		{D7CD6446-68B5-4BC2-8A53-1DC1E9A4C173}.Release|ARM.Build.0 = Release|Any CPU
		{D7CD6446-68B5-4BC2-8A53-1DC1E9A4C173}.Release|ARM64.ActiveCfg = Release|Any CPU
		{D7CD6446-68B5-4BC2-8A53-1DC1E9A4C173}.Release|ARM64.Build.0 = Release|Any CPU
		{D7CD6446-68B5-4BC2-8A53-1DC1E9A4C173}.Release|x64.ActiveCfg = Release|Any CPU
		{D7CD6446-68B5-4BC2-8A53-1DC1E9A4C173}.Release|x64.Build.0 = Release|Any CPU
		{D7CD6446-68B5-4BC2-8A53-1DC1E9A4C173}.Release|x86.ActiveCfg = Release|Any CPU
		{D7CD6446-68B5-4BC2-8A53-1DC1E9A4C173}.Release|x86.Build.0 = Release|Any CPU
		{DB7B8A47-D637-4EB4-8E3D-2AE71863ADD1}.Debug|Any CPU.ActiveCfg = Debug|x64
		{DB7B8A47-D637-4EB4-8E3D-2AE71863ADD1}.Debug|Any CPU.Build.0 = Debug|x64
		{DB7B8A47-D637-4EB4-8E3D-2AE71863ADD1}.Debug|Any CPU.Deploy.0 = Debug|x64
		{DB7B8A47-D637-4EB4-8E3D-2AE71863ADD1}.Debug|ARM.ActiveCfg = Debug|ARM
		{DB7B8A47-D637-4EB4-8E3D-2AE71863ADD1}.Debug|ARM.Build.0 = Debug|ARM
		{DB7B8A47-D637-4EB4-8E3D-2AE71863ADD1}.Debug|ARM.Deploy.0 = Debug|ARM
		{DB7B8A47-D637-4EB4-8E3D-2AE71863ADD1}.Debug|ARM64.ActiveCfg = Debug|ARM64
		{DB7B8A47-D637-4EB4-8E3D-2AE71863ADD1}.Debug|ARM64.Build.0 = Debug|ARM64
		{DB7B8A47-D637-4EB4-8E3D-2AE71863ADD1}.Debug|ARM64.Deploy.0 = Debug|ARM64
		{DB7B8A47-D637-4EB4-8E3D-2AE71863ADD1}.Debug|x64.ActiveCfg = Debug|x64
		{DB7B8A47-D637-4EB4-8E3D-2AE71863ADD1}.Debug|x64.Build.0 = Debug|x64
		{DB7B8A47-D637-4EB4-8E3D-2AE71863ADD1}.Debug|x64.Deploy.0 = Debug|x64
		{DB7B8A47-D637-4EB4-8E3D-2AE71863ADD1}.Debug|x86.ActiveCfg = Debug|x86
		{DB7B8A47-D637-4EB4-8E3D-2AE71863ADD1}.Debug|x86.Build.0 = Debug|x86
		{DB7B8A47-D637-4EB4-8E3D-2AE71863ADD1}.Debug|x86.Deploy.0 = Debug|x86
		{DB7B8A47-D637-4EB4-8E3D-2AE71863ADD1}.Release|Any CPU.ActiveCfg = Release|x64
		{DB7B8A47-D637-4EB4-8E3D-2AE71863ADD1}.Release|Any CPU.Build.0 = Release|x64
		{DB7B8A47-D637-4EB4-8E3D-2AE71863ADD1}.Release|Any CPU.Deploy.0 = Release|x64
		{DB7B8A47-D637-4EB4-8E3D-2AE71863ADD1}.Release|ARM.ActiveCfg = Release|ARM
		{DB7B8A47-D637-4EB4-8E3D-2AE71863ADD1}.Release|ARM.Build.0 = Release|ARM
		{DB7B8A47-D637-4EB4-8E3D-2AE71863ADD1}.Release|ARM.Deploy.0 = Release|ARM
		{DB7B8A47-D637-4EB4-8E3D-2AE71863ADD1}.Release|ARM64.ActiveCfg = Release|ARM64
		{DB7B8A47-D637-4EB4-8E3D-2AE71863ADD1}.Release|ARM64.Build.0 = Release|ARM64
		{DB7B8A47-D637-4EB4-8E3D-2AE71863ADD1}.Release|ARM64.Deploy.0 = Release|ARM64
		{DB7B8A47-D637-4EB4-8E3D-2AE71863ADD1}.Release|x64.ActiveCfg = Release|x64
		{DB7B8A47-D637-4EB4-8E3D-2AE71863ADD1}.Release|x64.Build.0 = Release|x64
		{DB7B8A47-D637-4EB4-8E3D-2AE71863ADD1}.Release|x64.Deploy.0 = Release|x64
		{DB7B8A47-D637-4EB4-8E3D-2AE71863ADD1}.Release|x86.ActiveCfg = Release|x86
		{DB7B8A47-D637-4EB4-8E3D-2AE71863ADD1}.Release|x86.Build.0 = Release|x86
		{DB7B8A47-D637-4EB4-8E3D-2AE71863ADD1}.Release|x86.Deploy.0 = Release|x86
		{07D083CD-46D8-41E8-B8C6-23C49558873B}.Debug|Any CPU.ActiveCfg = Debug|Any CPU
		{07D083CD-46D8-41E8-B8C6-23C49558873B}.Debug|Any CPU.Build.0 = Debug|Any CPU
		{07D083CD-46D8-41E8-B8C6-23C49558873B}.Debug|ARM.ActiveCfg = Debug|Any CPU
		{07D083CD-46D8-41E8-B8C6-23C49558873B}.Debug|ARM.Build.0 = Debug|Any CPU
		{07D083CD-46D8-41E8-B8C6-23C49558873B}.Debug|ARM64.ActiveCfg = Debug|Any CPU
		{07D083CD-46D8-41E8-B8C6-23C49558873B}.Debug|ARM64.Build.0 = Debug|Any CPU
		{07D083CD-46D8-41E8-B8C6-23C49558873B}.Debug|x64.ActiveCfg = Debug|Any CPU
		{07D083CD-46D8-41E8-B8C6-23C49558873B}.Debug|x64.Build.0 = Debug|Any CPU
		{07D083CD-46D8-41E8-B8C6-23C49558873B}.Debug|x86.ActiveCfg = Debug|Any CPU
		{07D083CD-46D8-41E8-B8C6-23C49558873B}.Debug|x86.Build.0 = Debug|Any CPU
		{07D083CD-46D8-41E8-B8C6-23C49558873B}.Release|Any CPU.ActiveCfg = Release|Any CPU
		{07D083CD-46D8-41E8-B8C6-23C49558873B}.Release|Any CPU.Build.0 = Release|Any CPU
		{07D083CD-46D8-41E8-B8C6-23C49558873B}.Release|ARM.ActiveCfg = Release|Any CPU
		{07D083CD-46D8-41E8-B8C6-23C49558873B}.Release|ARM.Build.0 = Release|Any CPU
		{07D083CD-46D8-41E8-B8C6-23C49558873B}.Release|ARM64.ActiveCfg = Release|Any CPU
		{07D083CD-46D8-41E8-B8C6-23C49558873B}.Release|ARM64.Build.0 = Release|Any CPU
		{07D083CD-46D8-41E8-B8C6-23C49558873B}.Release|x64.ActiveCfg = Release|Any CPU
		{07D083CD-46D8-41E8-B8C6-23C49558873B}.Release|x64.Build.0 = Release|Any CPU
		{07D083CD-46D8-41E8-B8C6-23C49558873B}.Release|x86.ActiveCfg = Release|Any CPU
		{07D083CD-46D8-41E8-B8C6-23C49558873B}.Release|x86.Build.0 = Release|Any CPU
		{ACC19735-B95B-4E15-94A8-18A0EB4BC816}.Debug|Any CPU.ActiveCfg = Debug|Any CPU
		{ACC19735-B95B-4E15-94A8-18A0EB4BC816}.Debug|Any CPU.Build.0 = Debug|Any CPU
		{ACC19735-B95B-4E15-94A8-18A0EB4BC816}.Debug|ARM.ActiveCfg = Debug|Any CPU
		{ACC19735-B95B-4E15-94A8-18A0EB4BC816}.Debug|ARM.Build.0 = Debug|Any CPU
		{ACC19735-B95B-4E15-94A8-18A0EB4BC816}.Debug|ARM64.ActiveCfg = Debug|Any CPU
		{ACC19735-B95B-4E15-94A8-18A0EB4BC816}.Debug|ARM64.Build.0 = Debug|Any CPU
		{ACC19735-B95B-4E15-94A8-18A0EB4BC816}.Debug|x64.ActiveCfg = Debug|Any CPU
		{ACC19735-B95B-4E15-94A8-18A0EB4BC816}.Debug|x64.Build.0 = Debug|Any CPU
		{ACC19735-B95B-4E15-94A8-18A0EB4BC816}.Debug|x86.ActiveCfg = Debug|Any CPU
		{ACC19735-B95B-4E15-94A8-18A0EB4BC816}.Debug|x86.Build.0 = Debug|Any CPU
		{ACC19735-B95B-4E15-94A8-18A0EB4BC816}.Release|Any CPU.ActiveCfg = Release|Any CPU
		{ACC19735-B95B-4E15-94A8-18A0EB4BC816}.Release|Any CPU.Build.0 = Release|Any CPU
		{ACC19735-B95B-4E15-94A8-18A0EB4BC816}.Release|ARM.ActiveCfg = Release|Any CPU
		{ACC19735-B95B-4E15-94A8-18A0EB4BC816}.Release|ARM.Build.0 = Release|Any CPU
		{ACC19735-B95B-4E15-94A8-18A0EB4BC816}.Release|ARM64.ActiveCfg = Release|Any CPU
		{ACC19735-B95B-4E15-94A8-18A0EB4BC816}.Release|ARM64.Build.0 = Release|Any CPU
		{ACC19735-B95B-4E15-94A8-18A0EB4BC816}.Release|x64.ActiveCfg = Release|Any CPU
		{ACC19735-B95B-4E15-94A8-18A0EB4BC816}.Release|x64.Build.0 = Release|Any CPU
		{ACC19735-B95B-4E15-94A8-18A0EB4BC816}.Release|x86.ActiveCfg = Release|Any CPU
		{ACC19735-B95B-4E15-94A8-18A0EB4BC816}.Release|x86.Build.0 = Release|Any CPU
		{2B097C51-E07C-4FBC-B45E-16642628FC05}.Debug|Any CPU.ActiveCfg = Debug|x64
		{2B097C51-E07C-4FBC-B45E-16642628FC05}.Debug|Any CPU.Build.0 = Debug|x64
		{2B097C51-E07C-4FBC-B45E-16642628FC05}.Debug|Any CPU.Deploy.0 = Debug|x64
		{2B097C51-E07C-4FBC-B45E-16642628FC05}.Debug|ARM.ActiveCfg = Debug|x64
		{2B097C51-E07C-4FBC-B45E-16642628FC05}.Debug|ARM.Build.0 = Debug|x64
		{2B097C51-E07C-4FBC-B45E-16642628FC05}.Debug|ARM.Deploy.0 = Debug|x64
		{2B097C51-E07C-4FBC-B45E-16642628FC05}.Debug|ARM64.ActiveCfg = Debug|arm64
		{2B097C51-E07C-4FBC-B45E-16642628FC05}.Debug|ARM64.Build.0 = Debug|arm64
		{2B097C51-E07C-4FBC-B45E-16642628FC05}.Debug|ARM64.Deploy.0 = Debug|arm64
		{2B097C51-E07C-4FBC-B45E-16642628FC05}.Debug|x64.ActiveCfg = Debug|x64
		{2B097C51-E07C-4FBC-B45E-16642628FC05}.Debug|x64.Build.0 = Debug|x64
		{2B097C51-E07C-4FBC-B45E-16642628FC05}.Debug|x64.Deploy.0 = Debug|x64
		{2B097C51-E07C-4FBC-B45E-16642628FC05}.Debug|x86.ActiveCfg = Debug|x86
		{2B097C51-E07C-4FBC-B45E-16642628FC05}.Debug|x86.Build.0 = Debug|x86
		{2B097C51-E07C-4FBC-B45E-16642628FC05}.Debug|x86.Deploy.0 = Debug|x86
		{2B097C51-E07C-4FBC-B45E-16642628FC05}.Release|Any CPU.ActiveCfg = Release|x64
		{2B097C51-E07C-4FBC-B45E-16642628FC05}.Release|Any CPU.Build.0 = Release|x64
		{2B097C51-E07C-4FBC-B45E-16642628FC05}.Release|Any CPU.Deploy.0 = Release|x64
		{2B097C51-E07C-4FBC-B45E-16642628FC05}.Release|ARM.ActiveCfg = Release|x64
		{2B097C51-E07C-4FBC-B45E-16642628FC05}.Release|ARM.Build.0 = Release|x64
		{2B097C51-E07C-4FBC-B45E-16642628FC05}.Release|ARM.Deploy.0 = Release|x64
		{2B097C51-E07C-4FBC-B45E-16642628FC05}.Release|ARM64.ActiveCfg = Release|arm64
		{2B097C51-E07C-4FBC-B45E-16642628FC05}.Release|ARM64.Build.0 = Release|arm64
		{2B097C51-E07C-4FBC-B45E-16642628FC05}.Release|ARM64.Deploy.0 = Release|arm64
		{2B097C51-E07C-4FBC-B45E-16642628FC05}.Release|x64.ActiveCfg = Release|x64
		{2B097C51-E07C-4FBC-B45E-16642628FC05}.Release|x64.Build.0 = Release|x64
		{2B097C51-E07C-4FBC-B45E-16642628FC05}.Release|x64.Deploy.0 = Release|x64
		{2B097C51-E07C-4FBC-B45E-16642628FC05}.Release|x86.ActiveCfg = Release|x86
		{2B097C51-E07C-4FBC-B45E-16642628FC05}.Release|x86.Build.0 = Release|x86
		{2B097C51-E07C-4FBC-B45E-16642628FC05}.Release|x86.Deploy.0 = Release|x86
		{66E6DA8A-FEFC-4221-A476-4314A4D692F6}.Debug|Any CPU.ActiveCfg = Debug|Any CPU
		{66E6DA8A-FEFC-4221-A476-4314A4D692F6}.Debug|Any CPU.Build.0 = Debug|Any CPU
		{66E6DA8A-FEFC-4221-A476-4314A4D692F6}.Debug|ARM.ActiveCfg = Debug|Any CPU
		{66E6DA8A-FEFC-4221-A476-4314A4D692F6}.Debug|ARM.Build.0 = Debug|Any CPU
		{66E6DA8A-FEFC-4221-A476-4314A4D692F6}.Debug|ARM64.ActiveCfg = Debug|Any CPU
		{66E6DA8A-FEFC-4221-A476-4314A4D692F6}.Debug|ARM64.Build.0 = Debug|Any CPU
		{66E6DA8A-FEFC-4221-A476-4314A4D692F6}.Debug|x64.ActiveCfg = Debug|Any CPU
		{66E6DA8A-FEFC-4221-A476-4314A4D692F6}.Debug|x64.Build.0 = Debug|Any CPU
		{66E6DA8A-FEFC-4221-A476-4314A4D692F6}.Debug|x86.ActiveCfg = Debug|Any CPU
		{66E6DA8A-FEFC-4221-A476-4314A4D692F6}.Debug|x86.Build.0 = Debug|Any CPU
		{66E6DA8A-FEFC-4221-A476-4314A4D692F6}.Release|Any CPU.ActiveCfg = Release|Any CPU
		{66E6DA8A-FEFC-4221-A476-4314A4D692F6}.Release|Any CPU.Build.0 = Release|Any CPU
		{66E6DA8A-FEFC-4221-A476-4314A4D692F6}.Release|ARM.ActiveCfg = Release|Any CPU
		{66E6DA8A-FEFC-4221-A476-4314A4D692F6}.Release|ARM.Build.0 = Release|Any CPU
		{66E6DA8A-FEFC-4221-A476-4314A4D692F6}.Release|ARM64.ActiveCfg = Release|Any CPU
		{66E6DA8A-FEFC-4221-A476-4314A4D692F6}.Release|ARM64.Build.0 = Release|Any CPU
		{66E6DA8A-FEFC-4221-A476-4314A4D692F6}.Release|x64.ActiveCfg = Release|Any CPU
		{66E6DA8A-FEFC-4221-A476-4314A4D692F6}.Release|x64.Build.0 = Release|Any CPU
		{66E6DA8A-FEFC-4221-A476-4314A4D692F6}.Release|x86.ActiveCfg = Release|Any CPU
		{66E6DA8A-FEFC-4221-A476-4314A4D692F6}.Release|x86.Build.0 = Release|Any CPU
		{7A1E5FBF-B51A-4B56-8EA3-6AB56A7E9D91}.Debug|Any CPU.ActiveCfg = Debug|Any CPU
		{7A1E5FBF-B51A-4B56-8EA3-6AB56A7E9D91}.Debug|Any CPU.Build.0 = Debug|Any CPU
		{7A1E5FBF-B51A-4B56-8EA3-6AB56A7E9D91}.Debug|ARM.ActiveCfg = Debug|Any CPU
		{7A1E5FBF-B51A-4B56-8EA3-6AB56A7E9D91}.Debug|ARM.Build.0 = Debug|Any CPU
		{7A1E5FBF-B51A-4B56-8EA3-6AB56A7E9D91}.Debug|ARM64.ActiveCfg = Debug|Any CPU
		{7A1E5FBF-B51A-4B56-8EA3-6AB56A7E9D91}.Debug|ARM64.Build.0 = Debug|Any CPU
		{7A1E5FBF-B51A-4B56-8EA3-6AB56A7E9D91}.Debug|x64.ActiveCfg = Debug|Any CPU
		{7A1E5FBF-B51A-4B56-8EA3-6AB56A7E9D91}.Debug|x64.Build.0 = Debug|Any CPU
		{7A1E5FBF-B51A-4B56-8EA3-6AB56A7E9D91}.Debug|x86.ActiveCfg = Debug|Any CPU
		{7A1E5FBF-B51A-4B56-8EA3-6AB56A7E9D91}.Debug|x86.Build.0 = Debug|Any CPU
		{7A1E5FBF-B51A-4B56-8EA3-6AB56A7E9D91}.Release|Any CPU.ActiveCfg = Release|Any CPU
		{7A1E5FBF-B51A-4B56-8EA3-6AB56A7E9D91}.Release|Any CPU.Build.0 = Release|Any CPU
		{7A1E5FBF-B51A-4B56-8EA3-6AB56A7E9D91}.Release|ARM.ActiveCfg = Release|Any CPU
		{7A1E5FBF-B51A-4B56-8EA3-6AB56A7E9D91}.Release|ARM.Build.0 = Release|Any CPU
		{7A1E5FBF-B51A-4B56-8EA3-6AB56A7E9D91}.Release|ARM64.ActiveCfg = Release|Any CPU
		{7A1E5FBF-B51A-4B56-8EA3-6AB56A7E9D91}.Release|ARM64.Build.0 = Release|Any CPU
		{7A1E5FBF-B51A-4B56-8EA3-6AB56A7E9D91}.Release|x64.ActiveCfg = Release|Any CPU
		{7A1E5FBF-B51A-4B56-8EA3-6AB56A7E9D91}.Release|x64.Build.0 = Release|Any CPU
		{7A1E5FBF-B51A-4B56-8EA3-6AB56A7E9D91}.Release|x86.ActiveCfg = Release|Any CPU
		{7A1E5FBF-B51A-4B56-8EA3-6AB56A7E9D91}.Release|x86.Build.0 = Release|Any CPU
		{D4E28185-46A7-4743-AB32-F890878E75C3}.Debug|Any CPU.ActiveCfg = Debug|x64
		{D4E28185-46A7-4743-AB32-F890878E75C3}.Debug|Any CPU.Build.0 = Debug|x64
		{D4E28185-46A7-4743-AB32-F890878E75C3}.Debug|Any CPU.Deploy.0 = Debug|x64
		{D4E28185-46A7-4743-AB32-F890878E75C3}.Debug|ARM.ActiveCfg = Debug|x64
		{D4E28185-46A7-4743-AB32-F890878E75C3}.Debug|ARM.Build.0 = Debug|x64
		{D4E28185-46A7-4743-AB32-F890878E75C3}.Debug|ARM.Deploy.0 = Debug|x64
		{D4E28185-46A7-4743-AB32-F890878E75C3}.Debug|ARM64.ActiveCfg = Debug|arm64
		{D4E28185-46A7-4743-AB32-F890878E75C3}.Debug|ARM64.Build.0 = Debug|arm64
		{D4E28185-46A7-4743-AB32-F890878E75C3}.Debug|ARM64.Deploy.0 = Debug|arm64
		{D4E28185-46A7-4743-AB32-F890878E75C3}.Debug|x64.ActiveCfg = Debug|x64
		{D4E28185-46A7-4743-AB32-F890878E75C3}.Debug|x64.Build.0 = Debug|x64
		{D4E28185-46A7-4743-AB32-F890878E75C3}.Debug|x64.Deploy.0 = Debug|x64
		{D4E28185-46A7-4743-AB32-F890878E75C3}.Debug|x86.ActiveCfg = Debug|x86
		{D4E28185-46A7-4743-AB32-F890878E75C3}.Debug|x86.Build.0 = Debug|x86
		{D4E28185-46A7-4743-AB32-F890878E75C3}.Debug|x86.Deploy.0 = Debug|x86
		{D4E28185-46A7-4743-AB32-F890878E75C3}.Release|Any CPU.ActiveCfg = Release|x64
		{D4E28185-46A7-4743-AB32-F890878E75C3}.Release|Any CPU.Build.0 = Release|x64
		{D4E28185-46A7-4743-AB32-F890878E75C3}.Release|Any CPU.Deploy.0 = Release|x64
		{D4E28185-46A7-4743-AB32-F890878E75C3}.Release|ARM.ActiveCfg = Release|x64
		{D4E28185-46A7-4743-AB32-F890878E75C3}.Release|ARM.Build.0 = Release|x64
		{D4E28185-46A7-4743-AB32-F890878E75C3}.Release|ARM.Deploy.0 = Release|x64
		{D4E28185-46A7-4743-AB32-F890878E75C3}.Release|ARM64.ActiveCfg = Release|arm64
		{D4E28185-46A7-4743-AB32-F890878E75C3}.Release|ARM64.Build.0 = Release|arm64
		{D4E28185-46A7-4743-AB32-F890878E75C3}.Release|ARM64.Deploy.0 = Release|arm64
		{D4E28185-46A7-4743-AB32-F890878E75C3}.Release|x64.ActiveCfg = Release|x64
		{D4E28185-46A7-4743-AB32-F890878E75C3}.Release|x64.Build.0 = Release|x64
		{D4E28185-46A7-4743-AB32-F890878E75C3}.Release|x64.Deploy.0 = Release|x64
		{D4E28185-46A7-4743-AB32-F890878E75C3}.Release|x86.ActiveCfg = Release|x86
		{D4E28185-46A7-4743-AB32-F890878E75C3}.Release|x86.Build.0 = Release|x86
		{D4E28185-46A7-4743-AB32-F890878E75C3}.Release|x86.Deploy.0 = Release|x86
		{D9131E4B-CBF9-4EB7-99FC-8D60F87DFAFF}.Debug|Any CPU.ActiveCfg = Debug|x64
		{D9131E4B-CBF9-4EB7-99FC-8D60F87DFAFF}.Debug|Any CPU.Build.0 = Debug|x64
		{D9131E4B-CBF9-4EB7-99FC-8D60F87DFAFF}.Debug|Any CPU.Deploy.0 = Debug|x64
		{D9131E4B-CBF9-4EB7-99FC-8D60F87DFAFF}.Debug|ARM.ActiveCfg = Debug|ARM
		{D9131E4B-CBF9-4EB7-99FC-8D60F87DFAFF}.Debug|ARM.Build.0 = Debug|ARM
		{D9131E4B-CBF9-4EB7-99FC-8D60F87DFAFF}.Debug|ARM.Deploy.0 = Debug|ARM
		{D9131E4B-CBF9-4EB7-99FC-8D60F87DFAFF}.Debug|ARM64.ActiveCfg = Debug|ARM64
		{D9131E4B-CBF9-4EB7-99FC-8D60F87DFAFF}.Debug|ARM64.Build.0 = Debug|ARM64
		{D9131E4B-CBF9-4EB7-99FC-8D60F87DFAFF}.Debug|ARM64.Deploy.0 = Debug|ARM64
		{D9131E4B-CBF9-4EB7-99FC-8D60F87DFAFF}.Debug|x64.ActiveCfg = Debug|x64
		{D9131E4B-CBF9-4EB7-99FC-8D60F87DFAFF}.Debug|x64.Build.0 = Debug|x64
		{D9131E4B-CBF9-4EB7-99FC-8D60F87DFAFF}.Debug|x64.Deploy.0 = Debug|x64
		{D9131E4B-CBF9-4EB7-99FC-8D60F87DFAFF}.Debug|x86.ActiveCfg = Debug|x86
		{D9131E4B-CBF9-4EB7-99FC-8D60F87DFAFF}.Debug|x86.Build.0 = Debug|x86
		{D9131E4B-CBF9-4EB7-99FC-8D60F87DFAFF}.Debug|x86.Deploy.0 = Debug|x86
		{D9131E4B-CBF9-4EB7-99FC-8D60F87DFAFF}.Release|Any CPU.ActiveCfg = Release|x64
		{D9131E4B-CBF9-4EB7-99FC-8D60F87DFAFF}.Release|Any CPU.Build.0 = Release|x64
		{D9131E4B-CBF9-4EB7-99FC-8D60F87DFAFF}.Release|Any CPU.Deploy.0 = Release|x64
		{D9131E4B-CBF9-4EB7-99FC-8D60F87DFAFF}.Release|ARM.ActiveCfg = Release|ARM
		{D9131E4B-CBF9-4EB7-99FC-8D60F87DFAFF}.Release|ARM.Build.0 = Release|ARM
		{D9131E4B-CBF9-4EB7-99FC-8D60F87DFAFF}.Release|ARM.Deploy.0 = Release|ARM
		{D9131E4B-CBF9-4EB7-99FC-8D60F87DFAFF}.Release|ARM64.ActiveCfg = Release|ARM64
		{D9131E4B-CBF9-4EB7-99FC-8D60F87DFAFF}.Release|ARM64.Build.0 = Release|ARM64
		{D9131E4B-CBF9-4EB7-99FC-8D60F87DFAFF}.Release|ARM64.Deploy.0 = Release|ARM64
		{D9131E4B-CBF9-4EB7-99FC-8D60F87DFAFF}.Release|x64.ActiveCfg = Release|x64
		{D9131E4B-CBF9-4EB7-99FC-8D60F87DFAFF}.Release|x64.Build.0 = Release|x64
		{D9131E4B-CBF9-4EB7-99FC-8D60F87DFAFF}.Release|x64.Deploy.0 = Release|x64
		{D9131E4B-CBF9-4EB7-99FC-8D60F87DFAFF}.Release|x86.ActiveCfg = Release|x86
		{D9131E4B-CBF9-4EB7-99FC-8D60F87DFAFF}.Release|x86.Build.0 = Release|x86
		{D9131E4B-CBF9-4EB7-99FC-8D60F87DFAFF}.Release|x86.Deploy.0 = Release|x86
		{79F79471-9947-45F5-81FE-4EBE2B8D0B1D}.Debug|Any CPU.ActiveCfg = Debug|Any CPU
		{79F79471-9947-45F5-81FE-4EBE2B8D0B1D}.Debug|Any CPU.Build.0 = Debug|Any CPU
		{79F79471-9947-45F5-81FE-4EBE2B8D0B1D}.Debug|ARM.ActiveCfg = Debug|Any CPU
		{79F79471-9947-45F5-81FE-4EBE2B8D0B1D}.Debug|ARM.Build.0 = Debug|Any CPU
		{79F79471-9947-45F5-81FE-4EBE2B8D0B1D}.Debug|ARM64.ActiveCfg = Debug|Any CPU
		{79F79471-9947-45F5-81FE-4EBE2B8D0B1D}.Debug|ARM64.Build.0 = Debug|Any CPU
		{79F79471-9947-45F5-81FE-4EBE2B8D0B1D}.Debug|x64.ActiveCfg = Debug|Any CPU
		{79F79471-9947-45F5-81FE-4EBE2B8D0B1D}.Debug|x64.Build.0 = Debug|Any CPU
		{79F79471-9947-45F5-81FE-4EBE2B8D0B1D}.Debug|x86.ActiveCfg = Debug|Any CPU
		{79F79471-9947-45F5-81FE-4EBE2B8D0B1D}.Debug|x86.Build.0 = Debug|Any CPU
		{79F79471-9947-45F5-81FE-4EBE2B8D0B1D}.Release|Any CPU.ActiveCfg = Release|Any CPU
		{79F79471-9947-45F5-81FE-4EBE2B8D0B1D}.Release|Any CPU.Build.0 = Release|Any CPU
		{79F79471-9947-45F5-81FE-4EBE2B8D0B1D}.Release|ARM.ActiveCfg = Release|Any CPU
		{79F79471-9947-45F5-81FE-4EBE2B8D0B1D}.Release|ARM.Build.0 = Release|Any CPU
		{79F79471-9947-45F5-81FE-4EBE2B8D0B1D}.Release|ARM64.ActiveCfg = Release|Any CPU
		{79F79471-9947-45F5-81FE-4EBE2B8D0B1D}.Release|ARM64.Build.0 = Release|Any CPU
		{79F79471-9947-45F5-81FE-4EBE2B8D0B1D}.Release|x64.ActiveCfg = Release|Any CPU
		{79F79471-9947-45F5-81FE-4EBE2B8D0B1D}.Release|x64.Build.0 = Release|Any CPU
		{79F79471-9947-45F5-81FE-4EBE2B8D0B1D}.Release|x86.ActiveCfg = Release|Any CPU
		{79F79471-9947-45F5-81FE-4EBE2B8D0B1D}.Release|x86.Build.0 = Release|Any CPU
	EndGlobalSection
	GlobalSection(SolutionProperties) = preSolution
		HideSolutionNode = FALSE
	EndGlobalSection
	GlobalSection(NestedProjects) = preSolution
		{DB7B8A47-D637-4EB4-8E3D-2AE71863ADD1} = {D84E790E-0D66-46ED-B181-F519E7C9756B}
		{07D083CD-46D8-41E8-B8C6-23C49558873B} = {D84E790E-0D66-46ED-B181-F519E7C9756B}
		{2B097C51-E07C-4FBC-B45E-16642628FC05} = {D84E790E-0D66-46ED-B181-F519E7C9756B}
		{66E6DA8A-FEFC-4221-A476-4314A4D692F6} = {6305B217-46A1-4F6A-AEF7-A9405F7401CA}
		{7A1E5FBF-B51A-4B56-8EA3-6AB56A7E9D91} = {6305B217-46A1-4F6A-AEF7-A9405F7401CA}
		{D4E28185-46A7-4743-AB32-F890878E75C3} = {91961B42-698F-4B94-84F1-D742AEC88CA0}
		{D9131E4B-CBF9-4EB7-99FC-8D60F87DFAFF} = {91961B42-698F-4B94-84F1-D742AEC88CA0}
		{79F79471-9947-45F5-81FE-4EBE2B8D0B1D} = {6305B217-46A1-4F6A-AEF7-A9405F7401CA}
	EndGlobalSection
	GlobalSection(ExtensibilityGlobals) = postSolution
		SolutionGuid = {8D61C8CC-2B10-4484-8BA0-AD1D6D29C9DE}
	EndGlobalSection
	GlobalSection(SharedMSBuildProjectFiles) = preSolution
		tests\MyExperimentNameHere.Tests\MyExperimentNameHere.Tests.projitems*{7409bbd2-0255-4d59-bdc1-0923655b0346}*SharedItemsImports = 13
		tests\MyExperimentNameHere.Tests\MyExperimentNameHere.Tests.projitems*{d4e28185-46a7-4743-ab32-f890878e75c3}*SharedItemsImports = 5
		tests\MyExperimentNameHere.Tests\MyExperimentNameHere.Tests.projitems*{d9131e4b-cbf9-4eb7-99fc-8d60f87dfaff}*SharedItemsImports = 4
		..\..\common\CommunityToolkit.Labs.Shared\CommunityToolkit.Labs.Shared.projitems*{db7b8a47-d637-4eb4-8e3d-2ae71863add1}*SharedItemsImports = 4
	EndGlobalSection
EndGlobal
