
Microsoft Visual Studio Solution File, Format Version 12.00
# Visual Studio Version 17
VisualStudioVersion = 17.0.31919.166
MinimumVisualStudioVersion = 10.0.40219.1
Project("{9A19103F-16F7-4668-BE54-9A1E7A4F7556}") = "CommunityToolkit.Labs.WinUI.CanvasLayout", "src\CommunityToolkit.Labs.WinUI.CanvasLayout.csproj", "{1C029CC0-BB45-45FF-AD34-086EC4840DB0}"
EndProject
Project("{FAE04EC0-301F-11D3-BF4B-00C04F79EFBC}") = "CanvasLayout.Uwp", "Samples\CanvasLayout.Uwp\CanvasLayout.Uwp.csproj", "{3BAAC2DA-7124-460E-A9A9-13138843CD57}"
EndProject
Project("{9A19103F-16F7-4668-BE54-9A1E7A4F7556}") = "CanvasLayout.Wasm", "Samples\CanvasLayout.Wasm\CanvasLayout.Wasm.csproj", "{6DC6B31C-D03C-4E53-A1A5-CAF51227440B}"
EndProject
Project("{9A19103F-16F7-4668-BE54-9A1E7A4F7556}") = "CanvasLayout.Sample", "Samples\CanvasLayout.Sample\CanvasLayout.Sample.csproj", "{E648080E-263D-4920-9B3D-2F6BF541586C}"
EndProject
Project("{2150E333-8FDC-42A3-9474-1A3956D46DE8}") = "Platforms", "Platforms", "{E6AFDCD6-F59A-4EC4-BCA7-1E47A5A15751}"
EndProject
Project("{9A19103F-16F7-4668-BE54-9A1E7A4F7556}") = "CanvasLayout.WinAppSdk", "Samples\CanvasLayout.WinAppSdk\CanvasLayout.WinAppSdk.csproj", "{70DF1194-D158-473E-B350-F630231FB328}"
EndProject
Project("{2150E333-8FDC-42A3-9474-1A3956D46DE8}") = "Tests", "Tests", "{69AFC3EC-DC11-4031-8624-0E9F942D19C3}"
EndProject
Project("{D954291E-2A0B-460D-934E-DC6B0785DB48}") = "CanvasLayout.Tests", "Tests\CanvasLayout.Tests\CanvasLayout.Tests.shproj", "{2C7A065B-9349-4071-AF95-E88F320A09A9}"
EndProject
Project("{9A19103F-16F7-4668-BE54-9A1E7A4F7556}") = "CanvasLayout.UnitTests.WinAppSdk", "Tests\CanvasLayout.UnitTests.WinAppSdk\CanvasLayout.UnitTests.WinAppSdk.csproj", "{DD3E4652-114A-4614-8904-1DBCE62589CC}"
EndProject
Project("{FAE04EC0-301F-11D3-BF4B-00C04F79EFBC}") = "CanvasLayout.UnitTests.Uwp", "Tests\CanvasLayout.UnitTests.Uwp\CanvasLayout.UnitTests.Uwp.csproj", "{F17EE40D-CEE8-402F-AA43-45A7F87ACBF3}"
EndProject
Project("{2150E333-8FDC-42A3-9474-1A3956D46DE8}") = "Labs Dependencies", "Labs Dependencies", "{EC5804D7-C94B-4CF8-8344-132F2A58F88E}"
EndProject
Project("{9A19103F-16F7-4668-BE54-9A1E7A4F7556}") = "CommunityToolkit.Labs.Core", "..\..\Common\CommunityToolkit.Labs.Core\CommunityToolkit.Labs.Core.csproj", "{1CF5C62C-BA30-49F9-81DF-94EA8338AA6E}"
EndProject
Global
	GlobalSection(SharedMSBuildProjectFiles) = preSolution
		Tests\CanvasLayout.Tests\CanvasLayout.Tests.projitems*{2c7a065b-9349-4071-af95-e88f320a09a9}*SharedItemsImports = 13
		..\..\Common\CommunityToolkit.Labs.Shared\CommunityToolkit.Labs.Shared.projitems*{3baac2da-7124-460e-a9a9-13138843cd57}*SharedItemsImports = 4
		Tests\CanvasLayout.Tests\CanvasLayout.Tests.projitems*{dd3e4652-114a-4614-8904-1dbce62589cc}*SharedItemsImports = 5
		Tests\CanvasLayout.Tests\CanvasLayout.Tests.projitems*{f17ee40d-cee8-402f-aa43-45a7f87acbf3}*SharedItemsImports = 4
	EndGlobalSection
	GlobalSection(SolutionConfigurationPlatforms) = preSolution
		Debug|Any CPU = Debug|Any CPU
		Debug|ARM = Debug|ARM
		Debug|ARM64 = Debug|ARM64
		Debug|x64 = Debug|x64
		Debug|x86 = Debug|x86
		Release|Any CPU = Release|Any CPU
		Release|ARM = Release|ARM
		Release|ARM64 = Release|ARM64
		Release|x64 = Release|x64
		Release|x86 = Release|x86
	EndGlobalSection
	GlobalSection(ProjectConfigurationPlatforms) = postSolution
		{1C029CC0-BB45-45FF-AD34-086EC4840DB0}.Debug|Any CPU.ActiveCfg = Debug|Any CPU
		{1C029CC0-BB45-45FF-AD34-086EC4840DB0}.Debug|Any CPU.Build.0 = Debug|Any CPU
		{1C029CC0-BB45-45FF-AD34-086EC4840DB0}.Debug|ARM.ActiveCfg = Debug|Any CPU
		{1C029CC0-BB45-45FF-AD34-086EC4840DB0}.Debug|ARM.Build.0 = Debug|Any CPU
		{1C029CC0-BB45-45FF-AD34-086EC4840DB0}.Debug|ARM64.ActiveCfg = Debug|Any CPU
		{1C029CC0-BB45-45FF-AD34-086EC4840DB0}.Debug|ARM64.Build.0 = Debug|Any CPU
		{1C029CC0-BB45-45FF-AD34-086EC4840DB0}.Debug|x64.ActiveCfg = Debug|Any CPU
		{1C029CC0-BB45-45FF-AD34-086EC4840DB0}.Debug|x64.Build.0 = Debug|Any CPU
		{1C029CC0-BB45-45FF-AD34-086EC4840DB0}.Debug|x86.ActiveCfg = Debug|Any CPU
		{1C029CC0-BB45-45FF-AD34-086EC4840DB0}.Debug|x86.Build.0 = Debug|Any CPU
		{1C029CC0-BB45-45FF-AD34-086EC4840DB0}.Release|Any CPU.ActiveCfg = Release|Any CPU
		{1C029CC0-BB45-45FF-AD34-086EC4840DB0}.Release|Any CPU.Build.0 = Release|Any CPU
		{1C029CC0-BB45-45FF-AD34-086EC4840DB0}.Release|ARM.ActiveCfg = Release|Any CPU
		{1C029CC0-BB45-45FF-AD34-086EC4840DB0}.Release|ARM.Build.0 = Release|Any CPU
		{1C029CC0-BB45-45FF-AD34-086EC4840DB0}.Release|ARM64.ActiveCfg = Release|Any CPU
		{1C029CC0-BB45-45FF-AD34-086EC4840DB0}.Release|ARM64.Build.0 = Release|Any CPU
		{1C029CC0-BB45-45FF-AD34-086EC4840DB0}.Release|x64.ActiveCfg = Release|Any CPU
		{1C029CC0-BB45-45FF-AD34-086EC4840DB0}.Release|x64.Build.0 = Release|Any CPU
		{1C029CC0-BB45-45FF-AD34-086EC4840DB0}.Release|x86.ActiveCfg = Release|Any CPU
		{1C029CC0-BB45-45FF-AD34-086EC4840DB0}.Release|x86.Build.0 = Release|Any CPU
		{3BAAC2DA-7124-460E-A9A9-13138843CD57}.Debug|Any CPU.ActiveCfg = Debug|x64
		{3BAAC2DA-7124-460E-A9A9-13138843CD57}.Debug|Any CPU.Build.0 = Debug|x64
		{3BAAC2DA-7124-460E-A9A9-13138843CD57}.Debug|Any CPU.Deploy.0 = Debug|x64
		{3BAAC2DA-7124-460E-A9A9-13138843CD57}.Debug|ARM.ActiveCfg = Debug|ARM
		{3BAAC2DA-7124-460E-A9A9-13138843CD57}.Debug|ARM.Build.0 = Debug|ARM
		{3BAAC2DA-7124-460E-A9A9-13138843CD57}.Debug|ARM.Deploy.0 = Debug|ARM
		{3BAAC2DA-7124-460E-A9A9-13138843CD57}.Debug|ARM64.ActiveCfg = Debug|ARM64
		{3BAAC2DA-7124-460E-A9A9-13138843CD57}.Debug|ARM64.Build.0 = Debug|ARM64
		{3BAAC2DA-7124-460E-A9A9-13138843CD57}.Debug|ARM64.Deploy.0 = Debug|ARM64
		{3BAAC2DA-7124-460E-A9A9-13138843CD57}.Debug|x64.ActiveCfg = Debug|x64
		{3BAAC2DA-7124-460E-A9A9-13138843CD57}.Debug|x64.Build.0 = Debug|x64
		{3BAAC2DA-7124-460E-A9A9-13138843CD57}.Debug|x64.Deploy.0 = Debug|x64
		{3BAAC2DA-7124-460E-A9A9-13138843CD57}.Debug|x86.ActiveCfg = Debug|x86
		{3BAAC2DA-7124-460E-A9A9-13138843CD57}.Debug|x86.Build.0 = Debug|x86
		{3BAAC2DA-7124-460E-A9A9-13138843CD57}.Debug|x86.Deploy.0 = Debug|x86
		{3BAAC2DA-7124-460E-A9A9-13138843CD57}.Release|Any CPU.ActiveCfg = Release|x64
		{3BAAC2DA-7124-460E-A9A9-13138843CD57}.Release|Any CPU.Build.0 = Release|x64
		{3BAAC2DA-7124-460E-A9A9-13138843CD57}.Release|Any CPU.Deploy.0 = Release|x64
		{3BAAC2DA-7124-460E-A9A9-13138843CD57}.Release|ARM.ActiveCfg = Release|ARM
		{3BAAC2DA-7124-460E-A9A9-13138843CD57}.Release|ARM.Build.0 = Release|ARM
		{3BAAC2DA-7124-460E-A9A9-13138843CD57}.Release|ARM.Deploy.0 = Release|ARM
		{3BAAC2DA-7124-460E-A9A9-13138843CD57}.Release|ARM64.ActiveCfg = Release|ARM64
		{3BAAC2DA-7124-460E-A9A9-13138843CD57}.Release|ARM64.Build.0 = Release|ARM64
		{3BAAC2DA-7124-460E-A9A9-13138843CD57}.Release|ARM64.Deploy.0 = Release|ARM64
		{3BAAC2DA-7124-460E-A9A9-13138843CD57}.Release|x64.ActiveCfg = Release|x64
		{3BAAC2DA-7124-460E-A9A9-13138843CD57}.Release|x64.Build.0 = Release|x64
		{3BAAC2DA-7124-460E-A9A9-13138843CD57}.Release|x64.Deploy.0 = Release|x64
		{3BAAC2DA-7124-460E-A9A9-13138843CD57}.Release|x86.ActiveCfg = Release|x86
		{3BAAC2DA-7124-460E-A9A9-13138843CD57}.Release|x86.Build.0 = Release|x86
		{3BAAC2DA-7124-460E-A9A9-13138843CD57}.Release|x86.Deploy.0 = Release|x86
		{6DC6B31C-D03C-4E53-A1A5-CAF51227440B}.Debug|Any CPU.ActiveCfg = Debug|Any CPU
		{6DC6B31C-D03C-4E53-A1A5-CAF51227440B}.Debug|Any CPU.Build.0 = Debug|Any CPU
		{6DC6B31C-D03C-4E53-A1A5-CAF51227440B}.Debug|ARM.ActiveCfg = Debug|Any CPU
		{6DC6B31C-D03C-4E53-A1A5-CAF51227440B}.Debug|ARM.Build.0 = Debug|Any CPU
		{6DC6B31C-D03C-4E53-A1A5-CAF51227440B}.Debug|ARM64.ActiveCfg = Debug|Any CPU
		{6DC6B31C-D03C-4E53-A1A5-CAF51227440B}.Debug|ARM64.Build.0 = Debug|Any CPU
		{6DC6B31C-D03C-4E53-A1A5-CAF51227440B}.Debug|x64.ActiveCfg = Debug|Any CPU
		{6DC6B31C-D03C-4E53-A1A5-CAF51227440B}.Debug|x64.Build.0 = Debug|Any CPU
		{6DC6B31C-D03C-4E53-A1A5-CAF51227440B}.Debug|x86.ActiveCfg = Debug|Any CPU
		{6DC6B31C-D03C-4E53-A1A5-CAF51227440B}.Debug|x86.Build.0 = Debug|Any CPU
		{6DC6B31C-D03C-4E53-A1A5-CAF51227440B}.Release|Any CPU.ActiveCfg = Release|Any CPU
		{6DC6B31C-D03C-4E53-A1A5-CAF51227440B}.Release|Any CPU.Build.0 = Release|Any CPU
		{6DC6B31C-D03C-4E53-A1A5-CAF51227440B}.Release|ARM.ActiveCfg = Release|Any CPU
		{6DC6B31C-D03C-4E53-A1A5-CAF51227440B}.Release|ARM.Build.0 = Release|Any CPU
		{6DC6B31C-D03C-4E53-A1A5-CAF51227440B}.Release|ARM64.ActiveCfg = Release|Any CPU
		{6DC6B31C-D03C-4E53-A1A5-CAF51227440B}.Release|ARM64.Build.0 = Release|Any CPU
		{6DC6B31C-D03C-4E53-A1A5-CAF51227440B}.Release|x64.ActiveCfg = Release|Any CPU
		{6DC6B31C-D03C-4E53-A1A5-CAF51227440B}.Release|x64.Build.0 = Release|Any CPU
		{6DC6B31C-D03C-4E53-A1A5-CAF51227440B}.Release|x86.ActiveCfg = Release|Any CPU
		{6DC6B31C-D03C-4E53-A1A5-CAF51227440B}.Release|x86.Build.0 = Release|Any CPU
		{E648080E-263D-4920-9B3D-2F6BF541586C}.Debug|Any CPU.ActiveCfg = Debug|Any CPU
		{E648080E-263D-4920-9B3D-2F6BF541586C}.Debug|Any CPU.Build.0 = Debug|Any CPU
		{E648080E-263D-4920-9B3D-2F6BF541586C}.Debug|ARM.ActiveCfg = Debug|Any CPU
		{E648080E-263D-4920-9B3D-2F6BF541586C}.Debug|ARM.Build.0 = Debug|Any CPU
		{E648080E-263D-4920-9B3D-2F6BF541586C}.Debug|ARM64.ActiveCfg = Debug|Any CPU
		{E648080E-263D-4920-9B3D-2F6BF541586C}.Debug|ARM64.Build.0 = Debug|Any CPU
		{E648080E-263D-4920-9B3D-2F6BF541586C}.Debug|x64.ActiveCfg = Debug|Any CPU
		{E648080E-263D-4920-9B3D-2F6BF541586C}.Debug|x64.Build.0 = Debug|Any CPU
		{E648080E-263D-4920-9B3D-2F6BF541586C}.Debug|x86.ActiveCfg = Debug|Any CPU
		{E648080E-263D-4920-9B3D-2F6BF541586C}.Debug|x86.Build.0 = Debug|Any CPU
		{E648080E-263D-4920-9B3D-2F6BF541586C}.Release|Any CPU.ActiveCfg = Release|Any CPU
		{E648080E-263D-4920-9B3D-2F6BF541586C}.Release|Any CPU.Build.0 = Release|Any CPU
		{E648080E-263D-4920-9B3D-2F6BF541586C}.Release|ARM.ActiveCfg = Release|Any CPU
		{E648080E-263D-4920-9B3D-2F6BF541586C}.Release|ARM.Build.0 = Release|Any CPU
		{E648080E-263D-4920-9B3D-2F6BF541586C}.Release|ARM64.ActiveCfg = Release|Any CPU
		{E648080E-263D-4920-9B3D-2F6BF541586C}.Release|ARM64.Build.0 = Release|Any CPU
		{E648080E-263D-4920-9B3D-2F6BF541586C}.Release|x64.ActiveCfg = Release|Any CPU
		{E648080E-263D-4920-9B3D-2F6BF541586C}.Release|x64.Build.0 = Release|Any CPU
		{E648080E-263D-4920-9B3D-2F6BF541586C}.Release|x86.ActiveCfg = Release|Any CPU
		{E648080E-263D-4920-9B3D-2F6BF541586C}.Release|x86.Build.0 = Release|Any CPU
		{70DF1194-D158-473E-B350-F630231FB328}.Debug|Any CPU.ActiveCfg = Debug|x64
		{70DF1194-D158-473E-B350-F630231FB328}.Debug|Any CPU.Build.0 = Debug|x64
		{70DF1194-D158-473E-B350-F630231FB328}.Debug|Any CPU.Deploy.0 = Debug|x64
		{70DF1194-D158-473E-B350-F630231FB328}.Debug|ARM.ActiveCfg = Debug|x64
		{70DF1194-D158-473E-B350-F630231FB328}.Debug|ARM.Build.0 = Debug|x64
		{70DF1194-D158-473E-B350-F630231FB328}.Debug|ARM.Deploy.0 = Debug|x64
		{70DF1194-D158-473E-B350-F630231FB328}.Debug|ARM64.ActiveCfg = Debug|arm64
		{70DF1194-D158-473E-B350-F630231FB328}.Debug|ARM64.Build.0 = Debug|arm64
		{70DF1194-D158-473E-B350-F630231FB328}.Debug|ARM64.Deploy.0 = Debug|arm64
		{70DF1194-D158-473E-B350-F630231FB328}.Debug|x64.ActiveCfg = Debug|x64
		{70DF1194-D158-473E-B350-F630231FB328}.Debug|x64.Build.0 = Debug|x64
		{70DF1194-D158-473E-B350-F630231FB328}.Debug|x64.Deploy.0 = Debug|x64
		{70DF1194-D158-473E-B350-F630231FB328}.Debug|x86.ActiveCfg = Debug|x86
		{70DF1194-D158-473E-B350-F630231FB328}.Debug|x86.Build.0 = Debug|x86
		{70DF1194-D158-473E-B350-F630231FB328}.Debug|x86.Deploy.0 = Debug|x86
		{70DF1194-D158-473E-B350-F630231FB328}.Release|Any CPU.ActiveCfg = Release|x64
		{70DF1194-D158-473E-B350-F630231FB328}.Release|Any CPU.Build.0 = Release|x64
		{70DF1194-D158-473E-B350-F630231FB328}.Release|Any CPU.Deploy.0 = Release|x64
		{70DF1194-D158-473E-B350-F630231FB328}.Release|ARM.ActiveCfg = Release|x64
		{70DF1194-D158-473E-B350-F630231FB328}.Release|ARM.Build.0 = Release|x64
		{70DF1194-D158-473E-B350-F630231FB328}.Release|ARM.Deploy.0 = Release|x64
		{70DF1194-D158-473E-B350-F630231FB328}.Release|ARM64.ActiveCfg = Release|arm64
		{70DF1194-D158-473E-B350-F630231FB328}.Release|ARM64.Build.0 = Release|arm64
		{70DF1194-D158-473E-B350-F630231FB328}.Release|ARM64.Deploy.0 = Release|arm64
		{70DF1194-D158-473E-B350-F630231FB328}.Release|x64.ActiveCfg = Release|x64
		{70DF1194-D158-473E-B350-F630231FB328}.Release|x64.Build.0 = Release|x64
		{70DF1194-D158-473E-B350-F630231FB328}.Release|x64.Deploy.0 = Release|x64
		{70DF1194-D158-473E-B350-F630231FB328}.Release|x86.ActiveCfg = Release|x86
		{70DF1194-D158-473E-B350-F630231FB328}.Release|x86.Build.0 = Release|x86
		{70DF1194-D158-473E-B350-F630231FB328}.Release|x86.Deploy.0 = Release|x86
		{DD3E4652-114A-4614-8904-1DBCE62589CC}.Debug|Any CPU.ActiveCfg = Debug|x64
		{DD3E4652-114A-4614-8904-1DBCE62589CC}.Debug|Any CPU.Build.0 = Debug|x64
		{DD3E4652-114A-4614-8904-1DBCE62589CC}.Debug|Any CPU.Deploy.0 = Debug|x64
		{DD3E4652-114A-4614-8904-1DBCE62589CC}.Debug|ARM.ActiveCfg = Debug|x64
		{DD3E4652-114A-4614-8904-1DBCE62589CC}.Debug|ARM.Build.0 = Debug|x64
		{DD3E4652-114A-4614-8904-1DBCE62589CC}.Debug|ARM.Deploy.0 = Debug|x64
		{DD3E4652-114A-4614-8904-1DBCE62589CC}.Debug|ARM64.ActiveCfg = Debug|arm64
		{DD3E4652-114A-4614-8904-1DBCE62589CC}.Debug|ARM64.Build.0 = Debug|arm64
		{DD3E4652-114A-4614-8904-1DBCE62589CC}.Debug|ARM64.Deploy.0 = Debug|arm64
		{DD3E4652-114A-4614-8904-1DBCE62589CC}.Debug|x64.ActiveCfg = Debug|x64
		{DD3E4652-114A-4614-8904-1DBCE62589CC}.Debug|x64.Build.0 = Debug|x64
		{DD3E4652-114A-4614-8904-1DBCE62589CC}.Debug|x64.Deploy.0 = Debug|x64
		{DD3E4652-114A-4614-8904-1DBCE62589CC}.Debug|x86.ActiveCfg = Debug|x86
		{DD3E4652-114A-4614-8904-1DBCE62589CC}.Debug|x86.Build.0 = Debug|x86
		{DD3E4652-114A-4614-8904-1DBCE62589CC}.Debug|x86.Deploy.0 = Debug|x86
		{DD3E4652-114A-4614-8904-1DBCE62589CC}.Release|Any CPU.ActiveCfg = Release|x64
		{DD3E4652-114A-4614-8904-1DBCE62589CC}.Release|Any CPU.Build.0 = Release|x64
		{DD3E4652-114A-4614-8904-1DBCE62589CC}.Release|Any CPU.Deploy.0 = Release|x64
		{DD3E4652-114A-4614-8904-1DBCE62589CC}.Release|ARM.ActiveCfg = Release|x64
		{DD3E4652-114A-4614-8904-1DBCE62589CC}.Release|ARM.Build.0 = Release|x64
		{DD3E4652-114A-4614-8904-1DBCE62589CC}.Release|ARM.Deploy.0 = Release|x64
		{DD3E4652-114A-4614-8904-1DBCE62589CC}.Release|ARM64.ActiveCfg = Release|arm64
		{DD3E4652-114A-4614-8904-1DBCE62589CC}.Release|ARM64.Build.0 = Release|arm64
		{DD3E4652-114A-4614-8904-1DBCE62589CC}.Release|ARM64.Deploy.0 = Release|arm64
		{DD3E4652-114A-4614-8904-1DBCE62589CC}.Release|x64.ActiveCfg = Release|x64
		{DD3E4652-114A-4614-8904-1DBCE62589CC}.Release|x64.Build.0 = Release|x64
		{DD3E4652-114A-4614-8904-1DBCE62589CC}.Release|x64.Deploy.0 = Release|x64
		{DD3E4652-114A-4614-8904-1DBCE62589CC}.Release|x86.ActiveCfg = Release|x86
		{DD3E4652-114A-4614-8904-1DBCE62589CC}.Release|x86.Build.0 = Release|x86
		{DD3E4652-114A-4614-8904-1DBCE62589CC}.Release|x86.Deploy.0 = Release|x86
		{F17EE40D-CEE8-402F-AA43-45A7F87ACBF3}.Debug|Any CPU.ActiveCfg = Debug|x64
		{F17EE40D-CEE8-402F-AA43-45A7F87ACBF3}.Debug|Any CPU.Build.0 = Debug|x64
		{F17EE40D-CEE8-402F-AA43-45A7F87ACBF3}.Debug|Any CPU.Deploy.0 = Debug|x64
		{F17EE40D-CEE8-402F-AA43-45A7F87ACBF3}.Debug|ARM.ActiveCfg = Debug|ARM
		{F17EE40D-CEE8-402F-AA43-45A7F87ACBF3}.Debug|ARM.Build.0 = Debug|ARM
		{F17EE40D-CEE8-402F-AA43-45A7F87ACBF3}.Debug|ARM.Deploy.0 = Debug|ARM
		{F17EE40D-CEE8-402F-AA43-45A7F87ACBF3}.Debug|ARM64.ActiveCfg = Debug|ARM64
		{F17EE40D-CEE8-402F-AA43-45A7F87ACBF3}.Debug|ARM64.Build.0 = Debug|ARM64
		{F17EE40D-CEE8-402F-AA43-45A7F87ACBF3}.Debug|ARM64.Deploy.0 = Debug|ARM64
		{F17EE40D-CEE8-402F-AA43-45A7F87ACBF3}.Debug|x64.ActiveCfg = Debug|x64
		{F17EE40D-CEE8-402F-AA43-45A7F87ACBF3}.Debug|x64.Build.0 = Debug|x64
		{F17EE40D-CEE8-402F-AA43-45A7F87ACBF3}.Debug|x64.Deploy.0 = Debug|x64
		{F17EE40D-CEE8-402F-AA43-45A7F87ACBF3}.Debug|x86.ActiveCfg = Debug|x86
		{F17EE40D-CEE8-402F-AA43-45A7F87ACBF3}.Debug|x86.Build.0 = Debug|x86
		{F17EE40D-CEE8-402F-AA43-45A7F87ACBF3}.Debug|x86.Deploy.0 = Debug|x86
		{F17EE40D-CEE8-402F-AA43-45A7F87ACBF3}.Release|Any CPU.ActiveCfg = Release|x64
		{F17EE40D-CEE8-402F-AA43-45A7F87ACBF3}.Release|Any CPU.Build.0 = Release|x64
		{F17EE40D-CEE8-402F-AA43-45A7F87ACBF3}.Release|Any CPU.Deploy.0 = Release|x64
		{F17EE40D-CEE8-402F-AA43-45A7F87ACBF3}.Release|ARM.ActiveCfg = Release|ARM
		{F17EE40D-CEE8-402F-AA43-45A7F87ACBF3}.Release|ARM.Build.0 = Release|ARM
		{F17EE40D-CEE8-402F-AA43-45A7F87ACBF3}.Release|ARM.Deploy.0 = Release|ARM
		{F17EE40D-CEE8-402F-AA43-45A7F87ACBF3}.Release|ARM64.ActiveCfg = Release|ARM64
		{F17EE40D-CEE8-402F-AA43-45A7F87ACBF3}.Release|ARM64.Build.0 = Release|ARM64
		{F17EE40D-CEE8-402F-AA43-45A7F87ACBF3}.Release|ARM64.Deploy.0 = Release|ARM64
		{F17EE40D-CEE8-402F-AA43-45A7F87ACBF3}.Release|x64.ActiveCfg = Release|x64
		{F17EE40D-CEE8-402F-AA43-45A7F87ACBF3}.Release|x64.Build.0 = Release|x64
		{F17EE40D-CEE8-402F-AA43-45A7F87ACBF3}.Release|x64.Deploy.0 = Release|x64
		{F17EE40D-CEE8-402F-AA43-45A7F87ACBF3}.Release|x86.ActiveCfg = Release|x86
		{F17EE40D-CEE8-402F-AA43-45A7F87ACBF3}.Release|x86.Build.0 = Release|x86
		{F17EE40D-CEE8-402F-AA43-45A7F87ACBF3}.Release|x86.Deploy.0 = Release|x86
		{1CF5C62C-BA30-49F9-81DF-94EA8338AA6E}.Debug|Any CPU.ActiveCfg = Debug|Any CPU
		{1CF5C62C-BA30-49F9-81DF-94EA8338AA6E}.Debug|Any CPU.Build.0 = Debug|Any CPU
		{1CF5C62C-BA30-49F9-81DF-94EA8338AA6E}.Debug|ARM.ActiveCfg = Debug|Any CPU
		{1CF5C62C-BA30-49F9-81DF-94EA8338AA6E}.Debug|ARM.Build.0 = Debug|Any CPU
		{1CF5C62C-BA30-49F9-81DF-94EA8338AA6E}.Debug|ARM64.ActiveCfg = Debug|Any CPU
		{1CF5C62C-BA30-49F9-81DF-94EA8338AA6E}.Debug|ARM64.Build.0 = Debug|Any CPU
		{1CF5C62C-BA30-49F9-81DF-94EA8338AA6E}.Debug|x64.ActiveCfg = Debug|Any CPU
		{1CF5C62C-BA30-49F9-81DF-94EA8338AA6E}.Debug|x64.Build.0 = Debug|Any CPU
		{1CF5C62C-BA30-49F9-81DF-94EA8338AA6E}.Debug|x86.ActiveCfg = Debug|Any CPU
		{1CF5C62C-BA30-49F9-81DF-94EA8338AA6E}.Debug|x86.Build.0 = Debug|Any CPU
		{1CF5C62C-BA30-49F9-81DF-94EA8338AA6E}.Release|Any CPU.ActiveCfg = Release|Any CPU
		{1CF5C62C-BA30-49F9-81DF-94EA8338AA6E}.Release|Any CPU.Build.0 = Release|Any CPU
		{1CF5C62C-BA30-49F9-81DF-94EA8338AA6E}.Release|ARM.ActiveCfg = Release|Any CPU
		{1CF5C62C-BA30-49F9-81DF-94EA8338AA6E}.Release|ARM.Build.0 = Release|Any CPU
		{1CF5C62C-BA30-49F9-81DF-94EA8338AA6E}.Release|ARM64.ActiveCfg = Release|Any CPU
		{1CF5C62C-BA30-49F9-81DF-94EA8338AA6E}.Release|ARM64.Build.0 = Release|Any CPU
		{1CF5C62C-BA30-49F9-81DF-94EA8338AA6E}.Release|x64.ActiveCfg = Release|Any CPU
		{1CF5C62C-BA30-49F9-81DF-94EA8338AA6E}.Release|x64.Build.0 = Release|Any CPU
		{1CF5C62C-BA30-49F9-81DF-94EA8338AA6E}.Release|x86.ActiveCfg = Release|Any CPU
		{1CF5C62C-BA30-49F9-81DF-94EA8338AA6E}.Release|x86.Build.0 = Release|Any CPU
	EndGlobalSection
	GlobalSection(SolutionProperties) = preSolution
		HideSolutionNode = FALSE
	EndGlobalSection
	GlobalSection(NestedProjects) = preSolution
		{3BAAC2DA-7124-460E-A9A9-13138843CD57} = {E6AFDCD6-F59A-4EC4-BCA7-1E47A5A15751}
		{6DC6B31C-D03C-4E53-A1A5-CAF51227440B} = {E6AFDCD6-F59A-4EC4-BCA7-1E47A5A15751}
		{70DF1194-D158-473E-B350-F630231FB328} = {E6AFDCD6-F59A-4EC4-BCA7-1E47A5A15751}
		{2C7A065B-9349-4071-AF95-E88F320A09A9} = {69AFC3EC-DC11-4031-8624-0E9F942D19C3}
		{DD3E4652-114A-4614-8904-1DBCE62589CC} = {69AFC3EC-DC11-4031-8624-0E9F942D19C3}
		{F17EE40D-CEE8-402F-AA43-45A7F87ACBF3} = {69AFC3EC-DC11-4031-8624-0E9F942D19C3}
		{1CF5C62C-BA30-49F9-81DF-94EA8338AA6E} = {EC5804D7-C94B-4CF8-8344-132F2A58F88E}
	EndGlobalSection
	GlobalSection(ExtensibilityGlobals) = postSolution
		SolutionGuid = {6D11723C-7575-40DF-9BC9-300A09554B5D}
	EndGlobalSection
EndGlobal
