
Microsoft Visual Studio Solution File, Format Version 12.00
# Visual Studio Version 17
VisualStudioVersion = 17.0.31919.166
MinimumVisualStudioVersion = 10.0.40219.1
Project("{9A19103F-16F7-4668-BE54-9A1E7A4F7556}") = "CommunityToolkit.Labs.WinUI.CanvasLayout", "src\CommunityToolkit.Labs.WinUI.CanvasLayout.csproj", "{A2E17BD4-FC57-444A-A928-0CB4D499B2C6}"
EndProject
Project("{FAE04EC0-301F-11D3-BF4B-00C04F79EFBC}") = "CanvasLayout.Uwp", "samples\CanvasLayout.Uwp\CanvasLayout.Uwp.csproj", "{C3F460EC-A0A6-4B22-A91A-6CF98B30FD8A}"
EndProject
Project("{9A19103F-16F7-4668-BE54-9A1E7A4F7556}") = "CanvasLayout.Wasm", "samples\CanvasLayout.Wasm\CanvasLayout.Wasm.csproj", "{A8010EA8-DB9C-421C-A848-F3DADBDB35B2}"
EndProject
Project("{9A19103F-16F7-4668-BE54-9A1E7A4F7556}") = "CanvasLayout.Samples", "samples\CanvasLayout.Samples\CanvasLayout.Samples.csproj", "{04549439-81BA-4BAA-9FCB-C3EB9148278D}"
EndProject
Project("{2150E333-8FDC-42A3-9474-1A3956D46DE8}") = "Platforms", "Platforms", "{7EAC1ACE-A1F1-4BB5-85DB-2461D777E4B7}"
EndProject
Project("{9A19103F-16F7-4668-BE54-9A1E7A4F7556}") = "CanvasLayout.WinAppSdk", "samples\CanvasLayout.WinAppSdk\CanvasLayout.WinAppSdk.csproj", "{51047AA1-C01B-431B-8CD6-1D750DADFA96}"
EndProject
Project("{9A19103F-16F7-4668-BE54-9A1E7A4F7556}") = "CommunityToolkit.Labs.Core.SourceGenerators", "..\..\common\CommunityToolkit.Labs.Core.SourceGenerators\CommunityToolkit.Labs.Core.SourceGenerators.csproj", "{66E6DA8A-FEFC-4221-A476-4314A4D692F6}"
EndProject
Project("{9A19103F-16F7-4668-BE54-9A1E7A4F7556}") = "CommunityToolkit.Labs.Core.SourceGenerators.XamlNamedPropertyRelay", "..\..\common\CommunityToolkit.Labs.Core.SourceGenerators.XamlNamedPropertyRelay\CommunityToolkit.Labs.Core.SourceGenerators.XamlNamedPropertyRelay.csproj", "{7A1E5FBF-B51A-4B56-8EA3-6AB56A7E9D91}"
EndProject
Project("{2150E333-8FDC-42A3-9474-1A3956D46DE8}") = "Tests", "Tests", "{29419204-2B85-4F5B-962D-212C6F2914A7}"
EndProject
Project("{D954291E-2A0B-460D-934E-DC6B0785DB48}") = "CanvasLayout.Tests", "tests\CanvasLayout.Tests\CanvasLayout.Tests.shproj", "{A09DC4AC-4111-440E-A188-E787CAE8C0B1}"
EndProject
Project("{9A19103F-16F7-4668-BE54-9A1E7A4F7556}") = "CanvasLayout.Tests.WinAppSdk", "tests\CanvasLayout.Tests.WinAppSdk\CanvasLayout.Tests.WinAppSdk.csproj", "{B83B6FDE-4A24-4717-B613-0812B8A66920}"
EndProject
Project("{FAE04EC0-301F-11D3-BF4B-00C04F79EFBC}") = "CanvasLayout.Tests.Uwp", "tests\CanvasLayout.Tests.Uwp\CanvasLayout.Tests.Uwp.csproj", "{FE0158C9-FD90-4E7C-A385-FBC0CB4DBB98}"
EndProject
Project("{2150E333-8FDC-42A3-9474-1A3956D46DE8}") = "Labs Dependencies", "Labs Dependencies", "{3EE9B46B-E9C0-46A0-9E65-ED6BA58ECD9C}"
EndProject
Project("{9A19103F-16F7-4668-BE54-9A1E7A4F7556}") = "CommunityToolkit.Labs.Core.SourceGenerators.LabsUITestMethod", "..\..\common\CommunityToolkit.Labs.Core.SourceGenerators.LabsUITestMethod\CommunityToolkit.Labs.Core.SourceGenerators.LabsUITestMethod.csproj", "{79F79471-9947-45F5-81FE-4EBE2B8D0B1D}"
EndProject
Global
	GlobalSection(SharedMSBuildProjectFiles) = preSolution
		tests\CanvasLayout.Tests\CanvasLayout.Tests.projitems*{a09dc4ac-4111-440e-a188-e787cae8c0b1}*SharedItemsImports = 13
		tests\CanvasLayout.Tests\CanvasLayout.Tests.projitems*{fe0158c9-fd90-4e7c-a385-fbc0cb4dbb98}*SharedItemsImports = 4
		..\..\common\CommunityToolkit.Labs.Shared\CommunityToolkit.Labs.Shared.projitems*{c3f460ec-a0a6-4b22-a91a-6cf98b30fd8a}*SharedItemsImports = 4
		tests\CanvasLayout.Tests\CanvasLayout.Tests.projitems*{b83b6fde-4a24-4717-b613-0812b8a66920}*SharedItemsImports = 5
	EndGlobalSection
	GlobalSection(SolutionConfigurationPlatforms) = preSolution
		Debug|Any CPU = Debug|Any CPU
		Debug|ARM = Debug|ARM
		Debug|ARM64 = Debug|ARM64
		Debug|x64 = Debug|x64
		Debug|x86 = Debug|x86
		Release|Any CPU = Release|Any CPU
		Release|ARM = Release|ARM
		Release|ARM64 = Release|ARM64
		Release|x64 = Release|x64
		Release|x86 = Release|x86
	EndGlobalSection
	GlobalSection(ProjectConfigurationPlatforms) = postSolution
		{A2E17BD4-FC57-444A-A928-0CB4D499B2C6}.Debug|Any CPU.ActiveCfg = Debug|Any CPU
		{A2E17BD4-FC57-444A-A928-0CB4D499B2C6}.Debug|Any CPU.Build.0 = Debug|Any CPU
		{A2E17BD4-FC57-444A-A928-0CB4D499B2C6}.Debug|ARM.ActiveCfg = Debug|Any CPU
		{A2E17BD4-FC57-444A-A928-0CB4D499B2C6}.Debug|ARM.Build.0 = Debug|Any CPU
		{A2E17BD4-FC57-444A-A928-0CB4D499B2C6}.Debug|ARM64.ActiveCfg = Debug|Any CPU
		{A2E17BD4-FC57-444A-A928-0CB4D499B2C6}.Debug|ARM64.Build.0 = Debug|Any CPU
		{A2E17BD4-FC57-444A-A928-0CB4D499B2C6}.Debug|x64.ActiveCfg = Debug|Any CPU
		{A2E17BD4-FC57-444A-A928-0CB4D499B2C6}.Debug|x64.Build.0 = Debug|Any CPU
		{A2E17BD4-FC57-444A-A928-0CB4D499B2C6}.Debug|x86.ActiveCfg = Debug|Any CPU
		{A2E17BD4-FC57-444A-A928-0CB4D499B2C6}.Debug|x86.Build.0 = Debug|Any CPU
		{A2E17BD4-FC57-444A-A928-0CB4D499B2C6}.Release|Any CPU.ActiveCfg = Release|Any CPU
		{A2E17BD4-FC57-444A-A928-0CB4D499B2C6}.Release|Any CPU.Build.0 = Release|Any CPU
		{A2E17BD4-FC57-444A-A928-0CB4D499B2C6}.Release|ARM.ActiveCfg = Release|Any CPU
		{A2E17BD4-FC57-444A-A928-0CB4D499B2C6}.Release|ARM.Build.0 = Release|Any CPU
		{A2E17BD4-FC57-444A-A928-0CB4D499B2C6}.Release|ARM64.ActiveCfg = Release|Any CPU
		{A2E17BD4-FC57-444A-A928-0CB4D499B2C6}.Release|ARM64.Build.0 = Release|Any CPU
		{A2E17BD4-FC57-444A-A928-0CB4D499B2C6}.Release|x64.ActiveCfg = Release|Any CPU
		{A2E17BD4-FC57-444A-A928-0CB4D499B2C6}.Release|x64.Build.0 = Release|Any CPU
		{A2E17BD4-FC57-444A-A928-0CB4D499B2C6}.Release|x86.ActiveCfg = Release|Any CPU
		{A2E17BD4-FC57-444A-A928-0CB4D499B2C6}.Release|x86.Build.0 = Release|Any CPU
		{C3F460EC-A0A6-4B22-A91A-6CF98B30FD8A}.Debug|Any CPU.ActiveCfg = Debug|x64
		{C3F460EC-A0A6-4B22-A91A-6CF98B30FD8A}.Debug|Any CPU.Build.0 = Debug|x64
		{C3F460EC-A0A6-4B22-A91A-6CF98B30FD8A}.Debug|Any CPU.Deploy.0 = Debug|x64
		{C3F460EC-A0A6-4B22-A91A-6CF98B30FD8A}.Debug|ARM.ActiveCfg = Debug|ARM
		{C3F460EC-A0A6-4B22-A91A-6CF98B30FD8A}.Debug|ARM.Build.0 = Debug|ARM
		{C3F460EC-A0A6-4B22-A91A-6CF98B30FD8A}.Debug|ARM.Deploy.0 = Debug|ARM
		{C3F460EC-A0A6-4B22-A91A-6CF98B30FD8A}.Debug|ARM64.ActiveCfg = Debug|ARM64
		{C3F460EC-A0A6-4B22-A91A-6CF98B30FD8A}.Debug|ARM64.Build.0 = Debug|ARM64
		{C3F460EC-A0A6-4B22-A91A-6CF98B30FD8A}.Debug|ARM64.Deploy.0 = Debug|ARM64
		{C3F460EC-A0A6-4B22-A91A-6CF98B30FD8A}.Debug|x64.ActiveCfg = Debug|x64
		{C3F460EC-A0A6-4B22-A91A-6CF98B30FD8A}.Debug|x64.Build.0 = Debug|x64
		{C3F460EC-A0A6-4B22-A91A-6CF98B30FD8A}.Debug|x64.Deploy.0 = Debug|x64
		{C3F460EC-A0A6-4B22-A91A-6CF98B30FD8A}.Debug|x86.ActiveCfg = Debug|x86
		{C3F460EC-A0A6-4B22-A91A-6CF98B30FD8A}.Debug|x86.Build.0 = Debug|x86
		{C3F460EC-A0A6-4B22-A91A-6CF98B30FD8A}.Debug|x86.Deploy.0 = Debug|x86
		{C3F460EC-A0A6-4B22-A91A-6CF98B30FD8A}.Release|Any CPU.ActiveCfg = Release|x64
		{C3F460EC-A0A6-4B22-A91A-6CF98B30FD8A}.Release|Any CPU.Build.0 = Release|x64
		{C3F460EC-A0A6-4B22-A91A-6CF98B30FD8A}.Release|Any CPU.Deploy.0 = Release|x64
		{C3F460EC-A0A6-4B22-A91A-6CF98B30FD8A}.Release|ARM.ActiveCfg = Release|ARM
		{C3F460EC-A0A6-4B22-A91A-6CF98B30FD8A}.Release|ARM.Build.0 = Release|ARM
		{C3F460EC-A0A6-4B22-A91A-6CF98B30FD8A}.Release|ARM.Deploy.0 = Release|ARM
		{C3F460EC-A0A6-4B22-A91A-6CF98B30FD8A}.Release|ARM64.ActiveCfg = Release|ARM64
		{C3F460EC-A0A6-4B22-A91A-6CF98B30FD8A}.Release|ARM64.Build.0 = Release|ARM64
		{C3F460EC-A0A6-4B22-A91A-6CF98B30FD8A}.Release|ARM64.Deploy.0 = Release|ARM64
		{C3F460EC-A0A6-4B22-A91A-6CF98B30FD8A}.Release|x64.ActiveCfg = Release|x64
		{C3F460EC-A0A6-4B22-A91A-6CF98B30FD8A}.Release|x64.Build.0 = Release|x64
		{C3F460EC-A0A6-4B22-A91A-6CF98B30FD8A}.Release|x64.Deploy.0 = Release|x64
		{C3F460EC-A0A6-4B22-A91A-6CF98B30FD8A}.Release|x86.ActiveCfg = Release|x86
		{C3F460EC-A0A6-4B22-A91A-6CF98B30FD8A}.Release|x86.Build.0 = Release|x86
		{C3F460EC-A0A6-4B22-A91A-6CF98B30FD8A}.Release|x86.Deploy.0 = Release|x86
		{A8010EA8-DB9C-421C-A848-F3DADBDB35B2}.Debug|Any CPU.ActiveCfg = Debug|Any CPU
		{A8010EA8-DB9C-421C-A848-F3DADBDB35B2}.Debug|Any CPU.Build.0 = Debug|Any CPU
		{A8010EA8-DB9C-421C-A848-F3DADBDB35B2}.Debug|ARM.ActiveCfg = Debug|Any CPU
		{A8010EA8-DB9C-421C-A848-F3DADBDB35B2}.Debug|ARM.Build.0 = Debug|Any CPU
		{A8010EA8-DB9C-421C-A848-F3DADBDB35B2}.Debug|ARM64.ActiveCfg = Debug|Any CPU
		{A8010EA8-DB9C-421C-A848-F3DADBDB35B2}.Debug|ARM64.Build.0 = Debug|Any CPU
		{A8010EA8-DB9C-421C-A848-F3DADBDB35B2}.Debug|x64.ActiveCfg = Debug|Any CPU
		{A8010EA8-DB9C-421C-A848-F3DADBDB35B2}.Debug|x64.Build.0 = Debug|Any CPU
		{A8010EA8-DB9C-421C-A848-F3DADBDB35B2}.Debug|x86.ActiveCfg = Debug|Any CPU
		{A8010EA8-DB9C-421C-A848-F3DADBDB35B2}.Debug|x86.Build.0 = Debug|Any CPU
		{A8010EA8-DB9C-421C-A848-F3DADBDB35B2}.Release|Any CPU.ActiveCfg = Release|Any CPU
		{A8010EA8-DB9C-421C-A848-F3DADBDB35B2}.Release|Any CPU.Build.0 = Release|Any CPU
		{A8010EA8-DB9C-421C-A848-F3DADBDB35B2}.Release|ARM.ActiveCfg = Release|Any CPU
		{A8010EA8-DB9C-421C-A848-F3DADBDB35B2}.Release|ARM.Build.0 = Release|Any CPU
		{A8010EA8-DB9C-421C-A848-F3DADBDB35B2}.Release|ARM64.ActiveCfg = Release|Any CPU
		{A8010EA8-DB9C-421C-A848-F3DADBDB35B2}.Release|ARM64.Build.0 = Release|Any CPU
		{A8010EA8-DB9C-421C-A848-F3DADBDB35B2}.Release|x64.ActiveCfg = Release|Any CPU
		{A8010EA8-DB9C-421C-A848-F3DADBDB35B2}.Release|x64.Build.0 = Release|Any CPU
		{A8010EA8-DB9C-421C-A848-F3DADBDB35B2}.Release|x86.ActiveCfg = Release|Any CPU
		{A8010EA8-DB9C-421C-A848-F3DADBDB35B2}.Release|x86.Build.0 = Release|Any CPU
		{04549439-81BA-4BAA-9FCB-C3EB9148278D}.Debug|Any CPU.ActiveCfg = Debug|Any CPU
		{04549439-81BA-4BAA-9FCB-C3EB9148278D}.Debug|Any CPU.Build.0 = Debug|Any CPU
		{04549439-81BA-4BAA-9FCB-C3EB9148278D}.Debug|ARM.ActiveCfg = Debug|Any CPU
		{04549439-81BA-4BAA-9FCB-C3EB9148278D}.Debug|ARM.Build.0 = Debug|Any CPU
		{04549439-81BA-4BAA-9FCB-C3EB9148278D}.Debug|ARM64.ActiveCfg = Debug|Any CPU
		{04549439-81BA-4BAA-9FCB-C3EB9148278D}.Debug|ARM64.Build.0 = Debug|Any CPU
		{04549439-81BA-4BAA-9FCB-C3EB9148278D}.Debug|x64.ActiveCfg = Debug|Any CPU
		{04549439-81BA-4BAA-9FCB-C3EB9148278D}.Debug|x64.Build.0 = Debug|Any CPU
		{04549439-81BA-4BAA-9FCB-C3EB9148278D}.Debug|x86.ActiveCfg = Debug|Any CPU
		{04549439-81BA-4BAA-9FCB-C3EB9148278D}.Debug|x86.Build.0 = Debug|Any CPU
		{04549439-81BA-4BAA-9FCB-C3EB9148278D}.Release|Any CPU.ActiveCfg = Release|Any CPU
		{04549439-81BA-4BAA-9FCB-C3EB9148278D}.Release|Any CPU.Build.0 = Release|Any CPU
		{04549439-81BA-4BAA-9FCB-C3EB9148278D}.Release|ARM.ActiveCfg = Release|Any CPU
		{04549439-81BA-4BAA-9FCB-C3EB9148278D}.Release|ARM.Build.0 = Release|Any CPU
		{04549439-81BA-4BAA-9FCB-C3EB9148278D}.Release|ARM64.ActiveCfg = Release|Any CPU
		{04549439-81BA-4BAA-9FCB-C3EB9148278D}.Release|ARM64.Build.0 = Release|Any CPU
		{04549439-81BA-4BAA-9FCB-C3EB9148278D}.Release|x64.ActiveCfg = Release|Any CPU
		{04549439-81BA-4BAA-9FCB-C3EB9148278D}.Release|x64.Build.0 = Release|Any CPU
		{04549439-81BA-4BAA-9FCB-C3EB9148278D}.Release|x86.ActiveCfg = Release|Any CPU
		{04549439-81BA-4BAA-9FCB-C3EB9148278D}.Release|x86.Build.0 = Release|Any CPU
		{51047AA1-C01B-431B-8CD6-1D750DADFA96}.Debug|Any CPU.ActiveCfg = Debug|x64
		{51047AA1-C01B-431B-8CD6-1D750DADFA96}.Debug|Any CPU.Build.0 = Debug|x64
		{51047AA1-C01B-431B-8CD6-1D750DADFA96}.Debug|Any CPU.Deploy.0 = Debug|x64
		{51047AA1-C01B-431B-8CD6-1D750DADFA96}.Debug|ARM.ActiveCfg = Debug|x64
		{51047AA1-C01B-431B-8CD6-1D750DADFA96}.Debug|ARM.Build.0 = Debug|x64
		{51047AA1-C01B-431B-8CD6-1D750DADFA96}.Debug|ARM.Deploy.0 = Debug|x64
		{51047AA1-C01B-431B-8CD6-1D750DADFA96}.Debug|ARM64.ActiveCfg = Debug|arm64
		{51047AA1-C01B-431B-8CD6-1D750DADFA96}.Debug|ARM64.Build.0 = Debug|arm64
		{51047AA1-C01B-431B-8CD6-1D750DADFA96}.Debug|ARM64.Deploy.0 = Debug|arm64
		{51047AA1-C01B-431B-8CD6-1D750DADFA96}.Debug|x64.ActiveCfg = Debug|x64
		{51047AA1-C01B-431B-8CD6-1D750DADFA96}.Debug|x64.Build.0 = Debug|x64
		{51047AA1-C01B-431B-8CD6-1D750DADFA96}.Debug|x64.Deploy.0 = Debug|x64
		{51047AA1-C01B-431B-8CD6-1D750DADFA96}.Debug|x86.ActiveCfg = Debug|x86
		{51047AA1-C01B-431B-8CD6-1D750DADFA96}.Debug|x86.Build.0 = Debug|x86
		{51047AA1-C01B-431B-8CD6-1D750DADFA96}.Debug|x86.Deploy.0 = Debug|x86
		{51047AA1-C01B-431B-8CD6-1D750DADFA96}.Release|Any CPU.ActiveCfg = Release|x64
		{51047AA1-C01B-431B-8CD6-1D750DADFA96}.Release|Any CPU.Build.0 = Release|x64
		{51047AA1-C01B-431B-8CD6-1D750DADFA96}.Release|Any CPU.Deploy.0 = Release|x64
		{51047AA1-C01B-431B-8CD6-1D750DADFA96}.Release|ARM.ActiveCfg = Release|x64
		{51047AA1-C01B-431B-8CD6-1D750DADFA96}.Release|ARM.Build.0 = Release|x64
		{51047AA1-C01B-431B-8CD6-1D750DADFA96}.Release|ARM.Deploy.0 = Release|x64
		{51047AA1-C01B-431B-8CD6-1D750DADFA96}.Release|ARM64.ActiveCfg = Release|arm64
		{51047AA1-C01B-431B-8CD6-1D750DADFA96}.Release|ARM64.Build.0 = Release|arm64
		{51047AA1-C01B-431B-8CD6-1D750DADFA96}.Release|ARM64.Deploy.0 = Release|arm64
		{51047AA1-C01B-431B-8CD6-1D750DADFA96}.Release|x64.ActiveCfg = Release|x64
		{51047AA1-C01B-431B-8CD6-1D750DADFA96}.Release|x64.Build.0 = Release|x64
		{51047AA1-C01B-431B-8CD6-1D750DADFA96}.Release|x64.Deploy.0 = Release|x64
		{51047AA1-C01B-431B-8CD6-1D750DADFA96}.Release|x86.ActiveCfg = Release|x86
		{51047AA1-C01B-431B-8CD6-1D750DADFA96}.Release|x86.Build.0 = Release|x86
		{51047AA1-C01B-431B-8CD6-1D750DADFA96}.Release|x86.Deploy.0 = Release|x86
		{66E6DA8A-FEFC-4221-A476-4314A4D692F6}.Debug|Any CPU.ActiveCfg = Debug|Any CPU
		{66E6DA8A-FEFC-4221-A476-4314A4D692F6}.Debug|Any CPU.Build.0 = Debug|Any CPU
		{66E6DA8A-FEFC-4221-A476-4314A4D692F6}.Debug|ARM.ActiveCfg = Debug|Any CPU
		{66E6DA8A-FEFC-4221-A476-4314A4D692F6}.Debug|ARM.Build.0 = Debug|Any CPU
		{66E6DA8A-FEFC-4221-A476-4314A4D692F6}.Debug|ARM64.ActiveCfg = Debug|Any CPU
		{66E6DA8A-FEFC-4221-A476-4314A4D692F6}.Debug|ARM64.Build.0 = Debug|Any CPU
		{66E6DA8A-FEFC-4221-A476-4314A4D692F6}.Debug|x64.ActiveCfg = Debug|Any CPU
		{66E6DA8A-FEFC-4221-A476-4314A4D692F6}.Debug|x64.Build.0 = Debug|Any CPU
		{66E6DA8A-FEFC-4221-A476-4314A4D692F6}.Debug|x86.ActiveCfg = Debug|Any CPU
		{66E6DA8A-FEFC-4221-A476-4314A4D692F6}.Debug|x86.Build.0 = Debug|Any CPU
		{66E6DA8A-FEFC-4221-A476-4314A4D692F6}.Release|Any CPU.ActiveCfg = Release|Any CPU
		{66E6DA8A-FEFC-4221-A476-4314A4D692F6}.Release|Any CPU.Build.0 = Release|Any CPU
		{66E6DA8A-FEFC-4221-A476-4314A4D692F6}.Release|ARM.ActiveCfg = Release|Any CPU
		{66E6DA8A-FEFC-4221-A476-4314A4D692F6}.Release|ARM.Build.0 = Release|Any CPU
		{66E6DA8A-FEFC-4221-A476-4314A4D692F6}.Release|ARM64.ActiveCfg = Release|Any CPU
		{66E6DA8A-FEFC-4221-A476-4314A4D692F6}.Release|ARM64.Build.0 = Release|Any CPU
		{66E6DA8A-FEFC-4221-A476-4314A4D692F6}.Release|x64.ActiveCfg = Release|Any CPU
		{66E6DA8A-FEFC-4221-A476-4314A4D692F6}.Release|x64.Build.0 = Release|Any CPU
		{66E6DA8A-FEFC-4221-A476-4314A4D692F6}.Release|x86.ActiveCfg = Release|Any CPU
		{66E6DA8A-FEFC-4221-A476-4314A4D692F6}.Release|x86.Build.0 = Release|Any CPU
		{7A1E5FBF-B51A-4B56-8EA3-6AB56A7E9D91}.Debug|Any CPU.ActiveCfg = Debug|Any CPU
		{7A1E5FBF-B51A-4B56-8EA3-6AB56A7E9D91}.Debug|Any CPU.Build.0 = Debug|Any CPU
		{7A1E5FBF-B51A-4B56-8EA3-6AB56A7E9D91}.Debug|ARM.ActiveCfg = Debug|Any CPU
		{7A1E5FBF-B51A-4B56-8EA3-6AB56A7E9D91}.Debug|ARM.Build.0 = Debug|Any CPU
		{7A1E5FBF-B51A-4B56-8EA3-6AB56A7E9D91}.Debug|ARM64.ActiveCfg = Debug|Any CPU
		{7A1E5FBF-B51A-4B56-8EA3-6AB56A7E9D91}.Debug|ARM64.Build.0 = Debug|Any CPU
		{7A1E5FBF-B51A-4B56-8EA3-6AB56A7E9D91}.Debug|x64.ActiveCfg = Debug|Any CPU
		{7A1E5FBF-B51A-4B56-8EA3-6AB56A7E9D91}.Debug|x64.Build.0 = Debug|Any CPU
		{7A1E5FBF-B51A-4B56-8EA3-6AB56A7E9D91}.Debug|x86.ActiveCfg = Debug|Any CPU
		{7A1E5FBF-B51A-4B56-8EA3-6AB56A7E9D91}.Debug|x86.Build.0 = Debug|Any CPU
		{7A1E5FBF-B51A-4B56-8EA3-6AB56A7E9D91}.Release|Any CPU.ActiveCfg = Release|Any CPU
		{7A1E5FBF-B51A-4B56-8EA3-6AB56A7E9D91}.Release|Any CPU.Build.0 = Release|Any CPU
		{7A1E5FBF-B51A-4B56-8EA3-6AB56A7E9D91}.Release|ARM.ActiveCfg = Release|Any CPU
		{7A1E5FBF-B51A-4B56-8EA3-6AB56A7E9D91}.Release|ARM.Build.0 = Release|Any CPU
		{7A1E5FBF-B51A-4B56-8EA3-6AB56A7E9D91}.Release|ARM64.ActiveCfg = Release|Any CPU
		{7A1E5FBF-B51A-4B56-8EA3-6AB56A7E9D91}.Release|ARM64.Build.0 = Release|Any CPU
		{7A1E5FBF-B51A-4B56-8EA3-6AB56A7E9D91}.Release|x64.ActiveCfg = Release|Any CPU
		{7A1E5FBF-B51A-4B56-8EA3-6AB56A7E9D91}.Release|x64.Build.0 = Release|Any CPU
		{7A1E5FBF-B51A-4B56-8EA3-6AB56A7E9D91}.Release|x86.ActiveCfg = Release|Any CPU
		{7A1E5FBF-B51A-4B56-8EA3-6AB56A7E9D91}.Release|x86.Build.0 = Release|Any CPU
		{B83B6FDE-4A24-4717-B613-0812B8A66920}.Debug|Any CPU.ActiveCfg = Debug|x64
		{B83B6FDE-4A24-4717-B613-0812B8A66920}.Debug|Any CPU.Build.0 = Debug|x64
		{B83B6FDE-4A24-4717-B613-0812B8A66920}.Debug|Any CPU.Deploy.0 = Debug|x64
		{B83B6FDE-4A24-4717-B613-0812B8A66920}.Debug|ARM.ActiveCfg = Debug|x64
		{B83B6FDE-4A24-4717-B613-0812B8A66920}.Debug|ARM.Build.0 = Debug|x64
		{B83B6FDE-4A24-4717-B613-0812B8A66920}.Debug|ARM.Deploy.0 = Debug|x64
		{B83B6FDE-4A24-4717-B613-0812B8A66920}.Debug|ARM64.ActiveCfg = Debug|arm64
		{B83B6FDE-4A24-4717-B613-0812B8A66920}.Debug|ARM64.Build.0 = Debug|arm64
		{B83B6FDE-4A24-4717-B613-0812B8A66920}.Debug|ARM64.Deploy.0 = Debug|arm64
		{B83B6FDE-4A24-4717-B613-0812B8A66920}.Debug|x64.ActiveCfg = Debug|x64
		{B83B6FDE-4A24-4717-B613-0812B8A66920}.Debug|x64.Build.0 = Debug|x64
		{B83B6FDE-4A24-4717-B613-0812B8A66920}.Debug|x64.Deploy.0 = Debug|x64
		{B83B6FDE-4A24-4717-B613-0812B8A66920}.Debug|x86.ActiveCfg = Debug|x86
		{B83B6FDE-4A24-4717-B613-0812B8A66920}.Debug|x86.Build.0 = Debug|x86
		{B83B6FDE-4A24-4717-B613-0812B8A66920}.Debug|x86.Deploy.0 = Debug|x86
		{B83B6FDE-4A24-4717-B613-0812B8A66920}.Release|Any CPU.ActiveCfg = Release|x64
		{B83B6FDE-4A24-4717-B613-0812B8A66920}.Release|Any CPU.Build.0 = Release|x64
		{B83B6FDE-4A24-4717-B613-0812B8A66920}.Release|Any CPU.Deploy.0 = Release|x64
		{B83B6FDE-4A24-4717-B613-0812B8A66920}.Release|ARM.ActiveCfg = Release|x64
		{B83B6FDE-4A24-4717-B613-0812B8A66920}.Release|ARM.Build.0 = Release|x64
		{B83B6FDE-4A24-4717-B613-0812B8A66920}.Release|ARM.Deploy.0 = Release|x64
		{B83B6FDE-4A24-4717-B613-0812B8A66920}.Release|ARM64.ActiveCfg = Release|arm64
		{B83B6FDE-4A24-4717-B613-0812B8A66920}.Release|ARM64.Build.0 = Release|arm64
		{B83B6FDE-4A24-4717-B613-0812B8A66920}.Release|ARM64.Deploy.0 = Release|arm64
		{B83B6FDE-4A24-4717-B613-0812B8A66920}.Release|x64.ActiveCfg = Release|x64
		{B83B6FDE-4A24-4717-B613-0812B8A66920}.Release|x64.Build.0 = Release|x64
		{B83B6FDE-4A24-4717-B613-0812B8A66920}.Release|x64.Deploy.0 = Release|x64
		{B83B6FDE-4A24-4717-B613-0812B8A66920}.Release|x86.ActiveCfg = Release|x86
		{B83B6FDE-4A24-4717-B613-0812B8A66920}.Release|x86.Build.0 = Release|x86
		{B83B6FDE-4A24-4717-B613-0812B8A66920}.Release|x86.Deploy.0 = Release|x86
		{FE0158C9-FD90-4E7C-A385-FBC0CB4DBB98}.Debug|Any CPU.ActiveCfg = Debug|x64
		{FE0158C9-FD90-4E7C-A385-FBC0CB4DBB98}.Debug|Any CPU.Build.0 = Debug|x64
		{FE0158C9-FD90-4E7C-A385-FBC0CB4DBB98}.Debug|Any CPU.Deploy.0 = Debug|x64
		{FE0158C9-FD90-4E7C-A385-FBC0CB4DBB98}.Debug|ARM.ActiveCfg = Debug|ARM
		{FE0158C9-FD90-4E7C-A385-FBC0CB4DBB98}.Debug|ARM.Build.0 = Debug|ARM
		{FE0158C9-FD90-4E7C-A385-FBC0CB4DBB98}.Debug|ARM.Deploy.0 = Debug|ARM
		{FE0158C9-FD90-4E7C-A385-FBC0CB4DBB98}.Debug|ARM64.ActiveCfg = Debug|ARM64
		{FE0158C9-FD90-4E7C-A385-FBC0CB4DBB98}.Debug|ARM64.Build.0 = Debug|ARM64
		{FE0158C9-FD90-4E7C-A385-FBC0CB4DBB98}.Debug|ARM64.Deploy.0 = Debug|ARM64
		{FE0158C9-FD90-4E7C-A385-FBC0CB4DBB98}.Debug|x64.ActiveCfg = Debug|x64
		{FE0158C9-FD90-4E7C-A385-FBC0CB4DBB98}.Debug|x64.Build.0 = Debug|x64
		{FE0158C9-FD90-4E7C-A385-FBC0CB4DBB98}.Debug|x64.Deploy.0 = Debug|x64
		{FE0158C9-FD90-4E7C-A385-FBC0CB4DBB98}.Debug|x86.ActiveCfg = Debug|x86
		{FE0158C9-FD90-4E7C-A385-FBC0CB4DBB98}.Debug|x86.Build.0 = Debug|x86
		{FE0158C9-FD90-4E7C-A385-FBC0CB4DBB98}.Debug|x86.Deploy.0 = Debug|x86
		{FE0158C9-FD90-4E7C-A385-FBC0CB4DBB98}.Release|Any CPU.ActiveCfg = Release|x64
		{FE0158C9-FD90-4E7C-A385-FBC0CB4DBB98}.Release|Any CPU.Build.0 = Release|x64
		{FE0158C9-FD90-4E7C-A385-FBC0CB4DBB98}.Release|Any CPU.Deploy.0 = Release|x64
		{FE0158C9-FD90-4E7C-A385-FBC0CB4DBB98}.Release|ARM.ActiveCfg = Release|ARM
		{FE0158C9-FD90-4E7C-A385-FBC0CB4DBB98}.Release|ARM.Build.0 = Release|ARM
		{FE0158C9-FD90-4E7C-A385-FBC0CB4DBB98}.Release|ARM.Deploy.0 = Release|ARM
		{FE0158C9-FD90-4E7C-A385-FBC0CB4DBB98}.Release|ARM64.ActiveCfg = Release|ARM64
		{FE0158C9-FD90-4E7C-A385-FBC0CB4DBB98}.Release|ARM64.Build.0 = Release|ARM64
		{FE0158C9-FD90-4E7C-A385-FBC0CB4DBB98}.Release|ARM64.Deploy.0 = Release|ARM64
		{FE0158C9-FD90-4E7C-A385-FBC0CB4DBB98}.Release|x64.ActiveCfg = Release|x64
		{FE0158C9-FD90-4E7C-A385-FBC0CB4DBB98}.Release|x64.Build.0 = Release|x64
		{FE0158C9-FD90-4E7C-A385-FBC0CB4DBB98}.Release|x64.Deploy.0 = Release|x64
		{FE0158C9-FD90-4E7C-A385-FBC0CB4DBB98}.Release|x86.ActiveCfg = Release|x86
		{FE0158C9-FD90-4E7C-A385-FBC0CB4DBB98}.Release|x86.Build.0 = Release|x86
		{FE0158C9-FD90-4E7C-A385-FBC0CB4DBB98}.Release|x86.Deploy.0 = Release|x86
		{79F79471-9947-45F5-81FE-4EBE2B8D0B1D}.Debug|Any CPU.ActiveCfg = Debug|Any CPU
		{79F79471-9947-45F5-81FE-4EBE2B8D0B1D}.Debug|Any CPU.Build.0 = Debug|Any CPU
		{79F79471-9947-45F5-81FE-4EBE2B8D0B1D}.Debug|ARM.ActiveCfg = Debug|Any CPU
		{79F79471-9947-45F5-81FE-4EBE2B8D0B1D}.Debug|ARM.Build.0 = Debug|Any CPU
		{79F79471-9947-45F5-81FE-4EBE2B8D0B1D}.Debug|ARM64.ActiveCfg = Debug|Any CPU
		{79F79471-9947-45F5-81FE-4EBE2B8D0B1D}.Debug|ARM64.Build.0 = Debug|Any CPU
		{79F79471-9947-45F5-81FE-4EBE2B8D0B1D}.Debug|x64.ActiveCfg = Debug|Any CPU
		{79F79471-9947-45F5-81FE-4EBE2B8D0B1D}.Debug|x64.Build.0 = Debug|Any CPU
		{79F79471-9947-45F5-81FE-4EBE2B8D0B1D}.Debug|x86.ActiveCfg = Debug|Any CPU
		{79F79471-9947-45F5-81FE-4EBE2B8D0B1D}.Debug|x86.Build.0 = Debug|Any CPU
		{79F79471-9947-45F5-81FE-4EBE2B8D0B1D}.Release|Any CPU.ActiveCfg = Release|Any CPU
		{79F79471-9947-45F5-81FE-4EBE2B8D0B1D}.Release|Any CPU.Build.0 = Release|Any CPU
		{79F79471-9947-45F5-81FE-4EBE2B8D0B1D}.Release|ARM.ActiveCfg = Release|Any CPU
		{79F79471-9947-45F5-81FE-4EBE2B8D0B1D}.Release|ARM.Build.0 = Release|Any CPU
		{79F79471-9947-45F5-81FE-4EBE2B8D0B1D}.Release|ARM64.ActiveCfg = Release|Any CPU
		{79F79471-9947-45F5-81FE-4EBE2B8D0B1D}.Release|ARM64.Build.0 = Release|Any CPU
		{79F79471-9947-45F5-81FE-4EBE2B8D0B1D}.Release|x64.ActiveCfg = Release|Any CPU
		{79F79471-9947-45F5-81FE-4EBE2B8D0B1D}.Release|x64.Build.0 = Release|Any CPU
		{79F79471-9947-45F5-81FE-4EBE2B8D0B1D}.Release|x86.ActiveCfg = Release|Any CPU
		{79F79471-9947-45F5-81FE-4EBE2B8D0B1D}.Release|x86.Build.0 = Release|Any CPU
	EndGlobalSection
	GlobalSection(SolutionProperties) = preSolution
		HideSolutionNode = FALSE
	EndGlobalSection
	GlobalSection(NestedProjects) = preSolution
		{C3F460EC-A0A6-4B22-A91A-6CF98B30FD8A} = {7EAC1ACE-A1F1-4BB5-85DB-2461D777E4B7}
		{A8010EA8-DB9C-421C-A848-F3DADBDB35B2} = {7EAC1ACE-A1F1-4BB5-85DB-2461D777E4B7}
		{51047AA1-C01B-431B-8CD6-1D750DADFA96} = {7EAC1ACE-A1F1-4BB5-85DB-2461D777E4B7}
		{66E6DA8A-FEFC-4221-A476-4314A4D692F6} = {3EE9B46B-E9C0-46A0-9E65-ED6BA58ECD9C}
		{7A1E5FBF-B51A-4B56-8EA3-6AB56A7E9D91} = {3EE9B46B-E9C0-46A0-9E65-ED6BA58ECD9C}
		{B83B6FDE-4A24-4717-B613-0812B8A66920} = {29419204-2B85-4F5B-962D-212C6F2914A7}
		{FE0158C9-FD90-4E7C-A385-FBC0CB4DBB98} = {29419204-2B85-4F5B-962D-212C6F2914A7}
		{79F79471-9947-45F5-81FE-4EBE2B8D0B1D} = {3EE9B46B-E9C0-46A0-9E65-ED6BA58ECD9C}
	EndGlobalSection
	GlobalSection(ExtensibilityGlobals) = postSolution
		SolutionGuid = {986BE813-23F5-4F8E-A59E-836914849900}
	EndGlobalSection
EndGlobal
