
Microsoft Visual Studio Solution File, Format Version 12.00
# Visual Studio Version 17
VisualStudioVersion = 17.0.31919.166
MinimumVisualStudioVersion = 10.0.40219.1
Project("{9A19103F-16F7-4668-BE54-9A1E7A4F7556}") = "CommunityToolkit.Labs.WinUI.TokenView", "src\CommunityToolkit.Labs.WinUI.TokenView.csproj", "{6979EB34-C581-4EAC-9A06-C0475E240EE1}"
EndProject
Project("{FAE04EC0-301F-11D3-BF4B-00C04F79EFBC}") = "TokenView.Uwp", "samples\TokenView.Uwp\TokenView.Uwp.csproj", "{94A99E08-8C09-48C9-8FBB-9E7C4642AA44}"
EndProject
Project("{9A19103F-16F7-4668-BE54-9A1E7A4F7556}") = "TokenView.Wasm", "samples\TokenView.Wasm\TokenView.Wasm.csproj", "{D21E2771-1DAA-4749-A58F-C3F9A3A86400}"
EndProject
Project("{9A19103F-16F7-4668-BE54-9A1E7A4F7556}") = "TokenView.Samples", "samples\TokenView.Samples\TokenView.Samples.csproj", "{3A59B60B-1B87-4DCC-BE17-C7A4ECB399BE}"
EndProject
Project("{2150E333-8FDC-42A3-9474-1A3956D46DE8}") = "Platforms", "Platforms", "{1D8BAC02-CE5E-4D29-AC31-8F7D379FC544}"
EndProject
Project("{9A19103F-16F7-4668-BE54-9A1E7A4F7556}") = "TokenView.WinAppSdk", "samples\TokenView.WinAppSdk\TokenView.WinAppSdk.csproj", "{1D9A7DA4-4513-42D0-BC39-1F18DC4E0E88}"
EndProject
Project("{9A19103F-16F7-4668-BE54-9A1E7A4F7556}") = "CommunityToolkit.Labs.Core.SourceGenerators", "..\..\common\CommunityToolkit.Labs.Core.SourceGenerators\CommunityToolkit.Labs.Core.SourceGenerators.csproj", "{66E6DA8A-FEFC-4221-A476-4314A4D692F6}"
EndProject
Project("{9A19103F-16F7-4668-BE54-9A1E7A4F7556}") = "CommunityToolkit.Labs.Core.SourceGenerators.XamlNamedPropertyRelay", "..\..\common\CommunityToolkit.Labs.Core.SourceGenerators.XamlNamedPropertyRelay\CommunityToolkit.Labs.Core.SourceGenerators.XamlNamedPropertyRelay.csproj", "{7A1E5FBF-B51A-4B56-8EA3-6AB56A7E9D91}"
EndProject
Project("{2150E333-8FDC-42A3-9474-1A3956D46DE8}") = "Tests", "Tests", "{5E4FCCC1-723E-4D69-9605-0F8EA5AE5ECF}"
EndProject
Project("{D954291E-2A0B-460D-934E-DC6B0785DB48}") = "TokenView.Tests", "tests\TokenView.Tests\TokenView.Tests.shproj", "{7E8E1DC7-8A48-4270-A926-1A8C4D17DBD0}"
EndProject
Project("{9A19103F-16F7-4668-BE54-9A1E7A4F7556}") = "TokenView.Tests.WinAppSdk", "tests\TokenView.Tests.WinAppSdk\TokenView.Tests.WinAppSdk.csproj", "{7181092E-1CF2-4512-8FB4-26D5C0C3F8FD}"
EndProject
Project("{FAE04EC0-301F-11D3-BF4B-00C04F79EFBC}") = "TokenView.Tests.Uwp", "tests\TokenView.Tests.Uwp\TokenView.Tests.Uwp.csproj", "{C8A003EB-A2BE-48DE-A7DC-0814C04FF242}"
EndProject
Project("{2150E333-8FDC-42A3-9474-1A3956D46DE8}") = "Labs Dependencies", "Labs Dependencies", "{D86D810E-1FA7-43AE-83C6-A94699487DB6}"
EndProject
Project("{9A19103F-16F7-4668-BE54-9A1E7A4F7556}") = "CommunityToolkit.Labs.Core.SourceGenerators.LabsUITestMethod", "..\..\common\CommunityToolkit.Labs.Core.SourceGenerators.LabsUITestMethod\CommunityToolkit.Labs.Core.SourceGenerators.LabsUITestMethod.csproj", "{79F79471-9947-45F5-81FE-4EBE2B8D0B1D}"
EndProject
Global
	GlobalSection(SharedMSBuildProjectFiles) = preSolution
		tests\TokenView.Tests\TokenView.Tests.projitems*{7e8e1dc7-8a48-4270-a926-1a8c4d17dbd0}*SharedItemsImports = 13
		tests\TokenView.Tests\TokenView.Tests.projitems*{c8a003eb-a2be-48de-a7dc-0814c04ff242}*SharedItemsImports = 4
		..\..\common\CommunityToolkit.Labs.Shared\CommunityToolkit.Labs.Shared.projitems*{94a99e08-8c09-48c9-8fbb-9e7c4642aa44}*SharedItemsImports = 4
		tests\TokenView.Tests\TokenView.Tests.projitems*{7181092e-1cf2-4512-8fb4-26d5c0c3f8fd}*SharedItemsImports = 5
	EndGlobalSection
	GlobalSection(SolutionConfigurationPlatforms) = preSolution
		Debug|Any CPU = Debug|Any CPU
		Debug|ARM = Debug|ARM
		Debug|ARM64 = Debug|ARM64
		Debug|x64 = Debug|x64
		Debug|x86 = Debug|x86
		Release|Any CPU = Release|Any CPU
		Release|ARM = Release|ARM
		Release|ARM64 = Release|ARM64
		Release|x64 = Release|x64
		Release|x86 = Release|x86
	EndGlobalSection
	GlobalSection(ProjectConfigurationPlatforms) = postSolution
		{6979EB34-C581-4EAC-9A06-C0475E240EE1}.Debug|Any CPU.ActiveCfg = Debug|Any CPU
		{6979EB34-C581-4EAC-9A06-C0475E240EE1}.Debug|Any CPU.Build.0 = Debug|Any CPU
		{6979EB34-C581-4EAC-9A06-C0475E240EE1}.Debug|ARM.ActiveCfg = Debug|Any CPU
		{6979EB34-C581-4EAC-9A06-C0475E240EE1}.Debug|ARM.Build.0 = Debug|Any CPU
		{6979EB34-C581-4EAC-9A06-C0475E240EE1}.Debug|ARM64.ActiveCfg = Debug|Any CPU
		{6979EB34-C581-4EAC-9A06-C0475E240EE1}.Debug|ARM64.Build.0 = Debug|Any CPU
		{6979EB34-C581-4EAC-9A06-C0475E240EE1}.Debug|x64.ActiveCfg = Debug|Any CPU
		{6979EB34-C581-4EAC-9A06-C0475E240EE1}.Debug|x64.Build.0 = Debug|Any CPU
		{6979EB34-C581-4EAC-9A06-C0475E240EE1}.Debug|x86.ActiveCfg = Debug|Any CPU
		{6979EB34-C581-4EAC-9A06-C0475E240EE1}.Debug|x86.Build.0 = Debug|Any CPU
		{6979EB34-C581-4EAC-9A06-C0475E240EE1}.Release|Any CPU.ActiveCfg = Release|Any CPU
		{6979EB34-C581-4EAC-9A06-C0475E240EE1}.Release|Any CPU.Build.0 = Release|Any CPU
		{6979EB34-C581-4EAC-9A06-C0475E240EE1}.Release|ARM.ActiveCfg = Release|Any CPU
		{6979EB34-C581-4EAC-9A06-C0475E240EE1}.Release|ARM.Build.0 = Release|Any CPU
		{6979EB34-C581-4EAC-9A06-C0475E240EE1}.Release|ARM64.ActiveCfg = Release|Any CPU
		{6979EB34-C581-4EAC-9A06-C0475E240EE1}.Release|ARM64.Build.0 = Release|Any CPU
		{6979EB34-C581-4EAC-9A06-C0475E240EE1}.Release|x64.ActiveCfg = Release|Any CPU
		{6979EB34-C581-4EAC-9A06-C0475E240EE1}.Release|x64.Build.0 = Release|Any CPU
		{6979EB34-C581-4EAC-9A06-C0475E240EE1}.Release|x86.ActiveCfg = Release|Any CPU
		{6979EB34-C581-4EAC-9A06-C0475E240EE1}.Release|x86.Build.0 = Release|Any CPU
		{94A99E08-8C09-48C9-8FBB-9E7C4642AA44}.Debug|Any CPU.ActiveCfg = Debug|x64
		{94A99E08-8C09-48C9-8FBB-9E7C4642AA44}.Debug|Any CPU.Build.0 = Debug|x64
		{94A99E08-8C09-48C9-8FBB-9E7C4642AA44}.Debug|Any CPU.Deploy.0 = Debug|x64
		{94A99E08-8C09-48C9-8FBB-9E7C4642AA44}.Debug|ARM.ActiveCfg = Debug|ARM
		{94A99E08-8C09-48C9-8FBB-9E7C4642AA44}.Debug|ARM.Build.0 = Debug|ARM
		{94A99E08-8C09-48C9-8FBB-9E7C4642AA44}.Debug|ARM.Deploy.0 = Debug|ARM
		{94A99E08-8C09-48C9-8FBB-9E7C4642AA44}.Debug|ARM64.ActiveCfg = Debug|ARM64
		{94A99E08-8C09-48C9-8FBB-9E7C4642AA44}.Debug|ARM64.Build.0 = Debug|ARM64
		{94A99E08-8C09-48C9-8FBB-9E7C4642AA44}.Debug|ARM64.Deploy.0 = Debug|ARM64
		{94A99E08-8C09-48C9-8FBB-9E7C4642AA44}.Debug|x64.ActiveCfg = Debug|x64
		{94A99E08-8C09-48C9-8FBB-9E7C4642AA44}.Debug|x64.Build.0 = Debug|x64
		{94A99E08-8C09-48C9-8FBB-9E7C4642AA44}.Debug|x64.Deploy.0 = Debug|x64
		{94A99E08-8C09-48C9-8FBB-9E7C4642AA44}.Debug|x86.ActiveCfg = Debug|x86
		{94A99E08-8C09-48C9-8FBB-9E7C4642AA44}.Debug|x86.Build.0 = Debug|x86
		{94A99E08-8C09-48C9-8FBB-9E7C4642AA44}.Debug|x86.Deploy.0 = Debug|x86
		{94A99E08-8C09-48C9-8FBB-9E7C4642AA44}.Release|Any CPU.ActiveCfg = Release|x64
		{94A99E08-8C09-48C9-8FBB-9E7C4642AA44}.Release|Any CPU.Build.0 = Release|x64
		{94A99E08-8C09-48C9-8FBB-9E7C4642AA44}.Release|Any CPU.Deploy.0 = Release|x64
		{94A99E08-8C09-48C9-8FBB-9E7C4642AA44}.Release|ARM.ActiveCfg = Release|ARM
		{94A99E08-8C09-48C9-8FBB-9E7C4642AA44}.Release|ARM.Build.0 = Release|ARM
		{94A99E08-8C09-48C9-8FBB-9E7C4642AA44}.Release|ARM.Deploy.0 = Release|ARM
		{94A99E08-8C09-48C9-8FBB-9E7C4642AA44}.Release|ARM64.ActiveCfg = Release|ARM64
		{94A99E08-8C09-48C9-8FBB-9E7C4642AA44}.Release|ARM64.Build.0 = Release|ARM64
		{94A99E08-8C09-48C9-8FBB-9E7C4642AA44}.Release|ARM64.Deploy.0 = Release|ARM64
		{94A99E08-8C09-48C9-8FBB-9E7C4642AA44}.Release|x64.ActiveCfg = Release|x64
		{94A99E08-8C09-48C9-8FBB-9E7C4642AA44}.Release|x64.Build.0 = Release|x64
		{94A99E08-8C09-48C9-8FBB-9E7C4642AA44}.Release|x64.Deploy.0 = Release|x64
		{94A99E08-8C09-48C9-8FBB-9E7C4642AA44}.Release|x86.ActiveCfg = Release|x86
		{94A99E08-8C09-48C9-8FBB-9E7C4642AA44}.Release|x86.Build.0 = Release|x86
		{94A99E08-8C09-48C9-8FBB-9E7C4642AA44}.Release|x86.Deploy.0 = Release|x86
		{D21E2771-1DAA-4749-A58F-C3F9A3A86400}.Debug|Any CPU.ActiveCfg = Debug|Any CPU
		{D21E2771-1DAA-4749-A58F-C3F9A3A86400}.Debug|Any CPU.Build.0 = Debug|Any CPU
		{D21E2771-1DAA-4749-A58F-C3F9A3A86400}.Debug|ARM.ActiveCfg = Debug|Any CPU
		{D21E2771-1DAA-4749-A58F-C3F9A3A86400}.Debug|ARM.Build.0 = Debug|Any CPU
		{D21E2771-1DAA-4749-A58F-C3F9A3A86400}.Debug|ARM64.ActiveCfg = Debug|Any CPU
		{D21E2771-1DAA-4749-A58F-C3F9A3A86400}.Debug|ARM64.Build.0 = Debug|Any CPU
		{D21E2771-1DAA-4749-A58F-C3F9A3A86400}.Debug|x64.ActiveCfg = Debug|Any CPU
		{D21E2771-1DAA-4749-A58F-C3F9A3A86400}.Debug|x64.Build.0 = Debug|Any CPU
		{D21E2771-1DAA-4749-A58F-C3F9A3A86400}.Debug|x86.ActiveCfg = Debug|Any CPU
		{D21E2771-1DAA-4749-A58F-C3F9A3A86400}.Debug|x86.Build.0 = Debug|Any CPU
		{D21E2771-1DAA-4749-A58F-C3F9A3A86400}.Release|Any CPU.ActiveCfg = Release|Any CPU
		{D21E2771-1DAA-4749-A58F-C3F9A3A86400}.Release|Any CPU.Build.0 = Release|Any CPU
		{D21E2771-1DAA-4749-A58F-C3F9A3A86400}.Release|ARM.ActiveCfg = Release|Any CPU
		{D21E2771-1DAA-4749-A58F-C3F9A3A86400}.Release|ARM.Build.0 = Release|Any CPU
		{D21E2771-1DAA-4749-A58F-C3F9A3A86400}.Release|ARM64.ActiveCfg = Release|Any CPU
		{D21E2771-1DAA-4749-A58F-C3F9A3A86400}.Release|ARM64.Build.0 = Release|Any CPU
		{D21E2771-1DAA-4749-A58F-C3F9A3A86400}.Release|x64.ActiveCfg = Release|Any CPU
		{D21E2771-1DAA-4749-A58F-C3F9A3A86400}.Release|x64.Build.0 = Release|Any CPU
		{D21E2771-1DAA-4749-A58F-C3F9A3A86400}.Release|x86.ActiveCfg = Release|Any CPU
		{D21E2771-1DAA-4749-A58F-C3F9A3A86400}.Release|x86.Build.0 = Release|Any CPU
		{3A59B60B-1B87-4DCC-BE17-C7A4ECB399BE}.Debug|Any CPU.ActiveCfg = Debug|Any CPU
		{3A59B60B-1B87-4DCC-BE17-C7A4ECB399BE}.Debug|Any CPU.Build.0 = Debug|Any CPU
		{3A59B60B-1B87-4DCC-BE17-C7A4ECB399BE}.Debug|ARM.ActiveCfg = Debug|Any CPU
		{3A59B60B-1B87-4DCC-BE17-C7A4ECB399BE}.Debug|ARM.Build.0 = Debug|Any CPU
		{3A59B60B-1B87-4DCC-BE17-C7A4ECB399BE}.Debug|ARM64.ActiveCfg = Debug|Any CPU
		{3A59B60B-1B87-4DCC-BE17-C7A4ECB399BE}.Debug|ARM64.Build.0 = Debug|Any CPU
		{3A59B60B-1B87-4DCC-BE17-C7A4ECB399BE}.Debug|x64.ActiveCfg = Debug|Any CPU
		{3A59B60B-1B87-4DCC-BE17-C7A4ECB399BE}.Debug|x64.Build.0 = Debug|Any CPU
		{3A59B60B-1B87-4DCC-BE17-C7A4ECB399BE}.Debug|x86.ActiveCfg = Debug|Any CPU
		{3A59B60B-1B87-4DCC-BE17-C7A4ECB399BE}.Debug|x86.Build.0 = Debug|Any CPU
		{3A59B60B-1B87-4DCC-BE17-C7A4ECB399BE}.Release|Any CPU.ActiveCfg = Release|Any CPU
		{3A59B60B-1B87-4DCC-BE17-C7A4ECB399BE}.Release|Any CPU.Build.0 = Release|Any CPU
		{3A59B60B-1B87-4DCC-BE17-C7A4ECB399BE}.Release|ARM.ActiveCfg = Release|Any CPU
		{3A59B60B-1B87-4DCC-BE17-C7A4ECB399BE}.Release|ARM.Build.0 = Release|Any CPU
		{3A59B60B-1B87-4DCC-BE17-C7A4ECB399BE}.Release|ARM64.ActiveCfg = Release|Any CPU
		{3A59B60B-1B87-4DCC-BE17-C7A4ECB399BE}.Release|ARM64.Build.0 = Release|Any CPU
		{3A59B60B-1B87-4DCC-BE17-C7A4ECB399BE}.Release|x64.ActiveCfg = Release|Any CPU
		{3A59B60B-1B87-4DCC-BE17-C7A4ECB399BE}.Release|x64.Build.0 = Release|Any CPU
		{3A59B60B-1B87-4DCC-BE17-C7A4ECB399BE}.Release|x86.ActiveCfg = Release|Any CPU
		{3A59B60B-1B87-4DCC-BE17-C7A4ECB399BE}.Release|x86.Build.0 = Release|Any CPU
		{1D9A7DA4-4513-42D0-BC39-1F18DC4E0E88}.Debug|Any CPU.ActiveCfg = Debug|x64
		{1D9A7DA4-4513-42D0-BC39-1F18DC4E0E88}.Debug|Any CPU.Build.0 = Debug|x64
		{1D9A7DA4-4513-42D0-BC39-1F18DC4E0E88}.Debug|Any CPU.Deploy.0 = Debug|x64
		{1D9A7DA4-4513-42D0-BC39-1F18DC4E0E88}.Debug|ARM.ActiveCfg = Debug|x64
		{1D9A7DA4-4513-42D0-BC39-1F18DC4E0E88}.Debug|ARM.Build.0 = Debug|x64
		{1D9A7DA4-4513-42D0-BC39-1F18DC4E0E88}.Debug|ARM.Deploy.0 = Debug|x64
		{1D9A7DA4-4513-42D0-BC39-1F18DC4E0E88}.Debug|ARM64.ActiveCfg = Debug|arm64
		{1D9A7DA4-4513-42D0-BC39-1F18DC4E0E88}.Debug|ARM64.Build.0 = Debug|arm64
		{1D9A7DA4-4513-42D0-BC39-1F18DC4E0E88}.Debug|ARM64.Deploy.0 = Debug|arm64
		{1D9A7DA4-4513-42D0-BC39-1F18DC4E0E88}.Debug|x64.ActiveCfg = Debug|x64
		{1D9A7DA4-4513-42D0-BC39-1F18DC4E0E88}.Debug|x64.Build.0 = Debug|x64
		{1D9A7DA4-4513-42D0-BC39-1F18DC4E0E88}.Debug|x64.Deploy.0 = Debug|x64
		{1D9A7DA4-4513-42D0-BC39-1F18DC4E0E88}.Debug|x86.ActiveCfg = Debug|x86
		{1D9A7DA4-4513-42D0-BC39-1F18DC4E0E88}.Debug|x86.Build.0 = Debug|x86
		{1D9A7DA4-4513-42D0-BC39-1F18DC4E0E88}.Debug|x86.Deploy.0 = Debug|x86
		{1D9A7DA4-4513-42D0-BC39-1F18DC4E0E88}.Release|Any CPU.ActiveCfg = Release|x64
		{1D9A7DA4-4513-42D0-BC39-1F18DC4E0E88}.Release|Any CPU.Build.0 = Release|x64
		{1D9A7DA4-4513-42D0-BC39-1F18DC4E0E88}.Release|Any CPU.Deploy.0 = Release|x64
		{1D9A7DA4-4513-42D0-BC39-1F18DC4E0E88}.Release|ARM.ActiveCfg = Release|x64
		{1D9A7DA4-4513-42D0-BC39-1F18DC4E0E88}.Release|ARM.Build.0 = Release|x64
		{1D9A7DA4-4513-42D0-BC39-1F18DC4E0E88}.Release|ARM.Deploy.0 = Release|x64
		{1D9A7DA4-4513-42D0-BC39-1F18DC4E0E88}.Release|ARM64.ActiveCfg = Release|arm64
		{1D9A7DA4-4513-42D0-BC39-1F18DC4E0E88}.Release|ARM64.Build.0 = Release|arm64
		{1D9A7DA4-4513-42D0-BC39-1F18DC4E0E88}.Release|ARM64.Deploy.0 = Release|arm64
		{1D9A7DA4-4513-42D0-BC39-1F18DC4E0E88}.Release|x64.ActiveCfg = Release|x64
		{1D9A7DA4-4513-42D0-BC39-1F18DC4E0E88}.Release|x64.Build.0 = Release|x64
		{1D9A7DA4-4513-42D0-BC39-1F18DC4E0E88}.Release|x64.Deploy.0 = Release|x64
		{1D9A7DA4-4513-42D0-BC39-1F18DC4E0E88}.Release|x86.ActiveCfg = Release|x86
		{1D9A7DA4-4513-42D0-BC39-1F18DC4E0E88}.Release|x86.Build.0 = Release|x86
		{1D9A7DA4-4513-42D0-BC39-1F18DC4E0E88}.Release|x86.Deploy.0 = Release|x86
		{66E6DA8A-FEFC-4221-A476-4314A4D692F6}.Debug|Any CPU.ActiveCfg = Debug|Any CPU
		{66E6DA8A-FEFC-4221-A476-4314A4D692F6}.Debug|Any CPU.Build.0 = Debug|Any CPU
		{66E6DA8A-FEFC-4221-A476-4314A4D692F6}.Debug|ARM.ActiveCfg = Debug|Any CPU
		{66E6DA8A-FEFC-4221-A476-4314A4D692F6}.Debug|ARM.Build.0 = Debug|Any CPU
		{66E6DA8A-FEFC-4221-A476-4314A4D692F6}.Debug|ARM64.ActiveCfg = Debug|Any CPU
		{66E6DA8A-FEFC-4221-A476-4314A4D692F6}.Debug|ARM64.Build.0 = Debug|Any CPU
		{66E6DA8A-FEFC-4221-A476-4314A4D692F6}.Debug|x64.ActiveCfg = Debug|Any CPU
		{66E6DA8A-FEFC-4221-A476-4314A4D692F6}.Debug|x64.Build.0 = Debug|Any CPU
		{66E6DA8A-FEFC-4221-A476-4314A4D692F6}.Debug|x86.ActiveCfg = Debug|Any CPU
		{66E6DA8A-FEFC-4221-A476-4314A4D692F6}.Debug|x86.Build.0 = Debug|Any CPU
		{66E6DA8A-FEFC-4221-A476-4314A4D692F6}.Release|Any CPU.ActiveCfg = Release|Any CPU
		{66E6DA8A-FEFC-4221-A476-4314A4D692F6}.Release|Any CPU.Build.0 = Release|Any CPU
		{66E6DA8A-FEFC-4221-A476-4314A4D692F6}.Release|ARM.ActiveCfg = Release|Any CPU
		{66E6DA8A-FEFC-4221-A476-4314A4D692F6}.Release|ARM.Build.0 = Release|Any CPU
		{66E6DA8A-FEFC-4221-A476-4314A4D692F6}.Release|ARM64.ActiveCfg = Release|Any CPU
		{66E6DA8A-FEFC-4221-A476-4314A4D692F6}.Release|ARM64.Build.0 = Release|Any CPU
		{66E6DA8A-FEFC-4221-A476-4314A4D692F6}.Release|x64.ActiveCfg = Release|Any CPU
		{66E6DA8A-FEFC-4221-A476-4314A4D692F6}.Release|x64.Build.0 = Release|Any CPU
		{66E6DA8A-FEFC-4221-A476-4314A4D692F6}.Release|x86.ActiveCfg = Release|Any CPU
		{66E6DA8A-FEFC-4221-A476-4314A4D692F6}.Release|x86.Build.0 = Release|Any CPU
		{7A1E5FBF-B51A-4B56-8EA3-6AB56A7E9D91}.Debug|Any CPU.ActiveCfg = Debug|Any CPU
		{7A1E5FBF-B51A-4B56-8EA3-6AB56A7E9D91}.Debug|Any CPU.Build.0 = Debug|Any CPU
		{7A1E5FBF-B51A-4B56-8EA3-6AB56A7E9D91}.Debug|ARM.ActiveCfg = Debug|Any CPU
		{7A1E5FBF-B51A-4B56-8EA3-6AB56A7E9D91}.Debug|ARM.Build.0 = Debug|Any CPU
		{7A1E5FBF-B51A-4B56-8EA3-6AB56A7E9D91}.Debug|ARM64.ActiveCfg = Debug|Any CPU
		{7A1E5FBF-B51A-4B56-8EA3-6AB56A7E9D91}.Debug|ARM64.Build.0 = Debug|Any CPU
		{7A1E5FBF-B51A-4B56-8EA3-6AB56A7E9D91}.Debug|x64.ActiveCfg = Debug|Any CPU
		{7A1E5FBF-B51A-4B56-8EA3-6AB56A7E9D91}.Debug|x64.Build.0 = Debug|Any CPU
		{7A1E5FBF-B51A-4B56-8EA3-6AB56A7E9D91}.Debug|x86.ActiveCfg = Debug|Any CPU
		{7A1E5FBF-B51A-4B56-8EA3-6AB56A7E9D91}.Debug|x86.Build.0 = Debug|Any CPU
		{7A1E5FBF-B51A-4B56-8EA3-6AB56A7E9D91}.Release|Any CPU.ActiveCfg = Release|Any CPU
		{7A1E5FBF-B51A-4B56-8EA3-6AB56A7E9D91}.Release|Any CPU.Build.0 = Release|Any CPU
		{7A1E5FBF-B51A-4B56-8EA3-6AB56A7E9D91}.Release|ARM.ActiveCfg = Release|Any CPU
		{7A1E5FBF-B51A-4B56-8EA3-6AB56A7E9D91}.Release|ARM.Build.0 = Release|Any CPU
		{7A1E5FBF-B51A-4B56-8EA3-6AB56A7E9D91}.Release|ARM64.ActiveCfg = Release|Any CPU
		{7A1E5FBF-B51A-4B56-8EA3-6AB56A7E9D91}.Release|ARM64.Build.0 = Release|Any CPU
		{7A1E5FBF-B51A-4B56-8EA3-6AB56A7E9D91}.Release|x64.ActiveCfg = Release|Any CPU
		{7A1E5FBF-B51A-4B56-8EA3-6AB56A7E9D91}.Release|x64.Build.0 = Release|Any CPU
		{7A1E5FBF-B51A-4B56-8EA3-6AB56A7E9D91}.Release|x86.ActiveCfg = Release|Any CPU
		{7A1E5FBF-B51A-4B56-8EA3-6AB56A7E9D91}.Release|x86.Build.0 = Release|Any CPU
		{7181092E-1CF2-4512-8FB4-26D5C0C3F8FD}.Debug|Any CPU.ActiveCfg = Debug|x64
		{7181092E-1CF2-4512-8FB4-26D5C0C3F8FD}.Debug|Any CPU.Build.0 = Debug|x64
		{7181092E-1CF2-4512-8FB4-26D5C0C3F8FD}.Debug|Any CPU.Deploy.0 = Debug|x64
		{7181092E-1CF2-4512-8FB4-26D5C0C3F8FD}.Debug|ARM.ActiveCfg = Debug|x64
		{7181092E-1CF2-4512-8FB4-26D5C0C3F8FD}.Debug|ARM.Build.0 = Debug|x64
		{7181092E-1CF2-4512-8FB4-26D5C0C3F8FD}.Debug|ARM.Deploy.0 = Debug|x64
		{7181092E-1CF2-4512-8FB4-26D5C0C3F8FD}.Debug|ARM64.ActiveCfg = Debug|arm64
		{7181092E-1CF2-4512-8FB4-26D5C0C3F8FD}.Debug|ARM64.Build.0 = Debug|arm64
		{7181092E-1CF2-4512-8FB4-26D5C0C3F8FD}.Debug|ARM64.Deploy.0 = Debug|arm64
		{7181092E-1CF2-4512-8FB4-26D5C0C3F8FD}.Debug|x64.ActiveCfg = Debug|x64
		{7181092E-1CF2-4512-8FB4-26D5C0C3F8FD}.Debug|x64.Build.0 = Debug|x64
		{7181092E-1CF2-4512-8FB4-26D5C0C3F8FD}.Debug|x64.Deploy.0 = Debug|x64
		{7181092E-1CF2-4512-8FB4-26D5C0C3F8FD}.Debug|x86.ActiveCfg = Debug|x86
		{7181092E-1CF2-4512-8FB4-26D5C0C3F8FD}.Debug|x86.Build.0 = Debug|x86
		{7181092E-1CF2-4512-8FB4-26D5C0C3F8FD}.Debug|x86.Deploy.0 = Debug|x86
		{7181092E-1CF2-4512-8FB4-26D5C0C3F8FD}.Release|Any CPU.ActiveCfg = Release|x64
		{7181092E-1CF2-4512-8FB4-26D5C0C3F8FD}.Release|Any CPU.Build.0 = Release|x64
		{7181092E-1CF2-4512-8FB4-26D5C0C3F8FD}.Release|Any CPU.Deploy.0 = Release|x64
		{7181092E-1CF2-4512-8FB4-26D5C0C3F8FD}.Release|ARM.ActiveCfg = Release|x64
		{7181092E-1CF2-4512-8FB4-26D5C0C3F8FD}.Release|ARM.Build.0 = Release|x64
		{7181092E-1CF2-4512-8FB4-26D5C0C3F8FD}.Release|ARM.Deploy.0 = Release|x64
		{7181092E-1CF2-4512-8FB4-26D5C0C3F8FD}.Release|ARM64.ActiveCfg = Release|arm64
		{7181092E-1CF2-4512-8FB4-26D5C0C3F8FD}.Release|ARM64.Build.0 = Release|arm64
		{7181092E-1CF2-4512-8FB4-26D5C0C3F8FD}.Release|ARM64.Deploy.0 = Release|arm64
		{7181092E-1CF2-4512-8FB4-26D5C0C3F8FD}.Release|x64.ActiveCfg = Release|x64
		{7181092E-1CF2-4512-8FB4-26D5C0C3F8FD}.Release|x64.Build.0 = Release|x64
		{7181092E-1CF2-4512-8FB4-26D5C0C3F8FD}.Release|x64.Deploy.0 = Release|x64
		{7181092E-1CF2-4512-8FB4-26D5C0C3F8FD}.Release|x86.ActiveCfg = Release|x86
		{7181092E-1CF2-4512-8FB4-26D5C0C3F8FD}.Release|x86.Build.0 = Release|x86
		{7181092E-1CF2-4512-8FB4-26D5C0C3F8FD}.Release|x86.Deploy.0 = Release|x86
		{C8A003EB-A2BE-48DE-A7DC-0814C04FF242}.Debug|Any CPU.ActiveCfg = Debug|x64
		{C8A003EB-A2BE-48DE-A7DC-0814C04FF242}.Debug|Any CPU.Build.0 = Debug|x64
		{C8A003EB-A2BE-48DE-A7DC-0814C04FF242}.Debug|Any CPU.Deploy.0 = Debug|x64
		{C8A003EB-A2BE-48DE-A7DC-0814C04FF242}.Debug|ARM.ActiveCfg = Debug|ARM
		{C8A003EB-A2BE-48DE-A7DC-0814C04FF242}.Debug|ARM.Build.0 = Debug|ARM
		{C8A003EB-A2BE-48DE-A7DC-0814C04FF242}.Debug|ARM.Deploy.0 = Debug|ARM
		{C8A003EB-A2BE-48DE-A7DC-0814C04FF242}.Debug|ARM64.ActiveCfg = Debug|ARM64
		{C8A003EB-A2BE-48DE-A7DC-0814C04FF242}.Debug|ARM64.Build.0 = Debug|ARM64
		{C8A003EB-A2BE-48DE-A7DC-0814C04FF242}.Debug|ARM64.Deploy.0 = Debug|ARM64
		{C8A003EB-A2BE-48DE-A7DC-0814C04FF242}.Debug|x64.ActiveCfg = Debug|x64
		{C8A003EB-A2BE-48DE-A7DC-0814C04FF242}.Debug|x64.Build.0 = Debug|x64
		{C8A003EB-A2BE-48DE-A7DC-0814C04FF242}.Debug|x64.Deploy.0 = Debug|x64
		{C8A003EB-A2BE-48DE-A7DC-0814C04FF242}.Debug|x86.ActiveCfg = Debug|x86
		{C8A003EB-A2BE-48DE-A7DC-0814C04FF242}.Debug|x86.Build.0 = Debug|x86
		{C8A003EB-A2BE-48DE-A7DC-0814C04FF242}.Debug|x86.Deploy.0 = Debug|x86
		{C8A003EB-A2BE-48DE-A7DC-0814C04FF242}.Release|Any CPU.ActiveCfg = Release|x64
		{C8A003EB-A2BE-48DE-A7DC-0814C04FF242}.Release|Any CPU.Build.0 = Release|x64
		{C8A003EB-A2BE-48DE-A7DC-0814C04FF242}.Release|Any CPU.Deploy.0 = Release|x64
		{C8A003EB-A2BE-48DE-A7DC-0814C04FF242}.Release|ARM.ActiveCfg = Release|ARM
		{C8A003EB-A2BE-48DE-A7DC-0814C04FF242}.Release|ARM.Build.0 = Release|ARM
		{C8A003EB-A2BE-48DE-A7DC-0814C04FF242}.Release|ARM.Deploy.0 = Release|ARM
		{C8A003EB-A2BE-48DE-A7DC-0814C04FF242}.Release|ARM64.ActiveCfg = Release|ARM64
		{C8A003EB-A2BE-48DE-A7DC-0814C04FF242}.Release|ARM64.Build.0 = Release|ARM64
		{C8A003EB-A2BE-48DE-A7DC-0814C04FF242}.Release|ARM64.Deploy.0 = Release|ARM64
		{C8A003EB-A2BE-48DE-A7DC-0814C04FF242}.Release|x64.ActiveCfg = Release|x64
		{C8A003EB-A2BE-48DE-A7DC-0814C04FF242}.Release|x64.Build.0 = Release|x64
		{C8A003EB-A2BE-48DE-A7DC-0814C04FF242}.Release|x64.Deploy.0 = Release|x64
		{C8A003EB-A2BE-48DE-A7DC-0814C04FF242}.Release|x86.ActiveCfg = Release|x86
		{C8A003EB-A2BE-48DE-A7DC-0814C04FF242}.Release|x86.Build.0 = Release|x86
		{C8A003EB-A2BE-48DE-A7DC-0814C04FF242}.Release|x86.Deploy.0 = Release|x86
		{79F79471-9947-45F5-81FE-4EBE2B8D0B1D}.Debug|Any CPU.ActiveCfg = Debug|Any CPU
		{79F79471-9947-45F5-81FE-4EBE2B8D0B1D}.Debug|Any CPU.Build.0 = Debug|Any CPU
		{79F79471-9947-45F5-81FE-4EBE2B8D0B1D}.Debug|ARM.ActiveCfg = Debug|Any CPU
		{79F79471-9947-45F5-81FE-4EBE2B8D0B1D}.Debug|ARM.Build.0 = Debug|Any CPU
		{79F79471-9947-45F5-81FE-4EBE2B8D0B1D}.Debug|ARM64.ActiveCfg = Debug|Any CPU
		{79F79471-9947-45F5-81FE-4EBE2B8D0B1D}.Debug|ARM64.Build.0 = Debug|Any CPU
		{79F79471-9947-45F5-81FE-4EBE2B8D0B1D}.Debug|x64.ActiveCfg = Debug|Any CPU
		{79F79471-9947-45F5-81FE-4EBE2B8D0B1D}.Debug|x64.Build.0 = Debug|Any CPU
		{79F79471-9947-45F5-81FE-4EBE2B8D0B1D}.Debug|x86.ActiveCfg = Debug|Any CPU
		{79F79471-9947-45F5-81FE-4EBE2B8D0B1D}.Debug|x86.Build.0 = Debug|Any CPU
		{79F79471-9947-45F5-81FE-4EBE2B8D0B1D}.Release|Any CPU.ActiveCfg = Release|Any CPU
		{79F79471-9947-45F5-81FE-4EBE2B8D0B1D}.Release|Any CPU.Build.0 = Release|Any CPU
		{79F79471-9947-45F5-81FE-4EBE2B8D0B1D}.Release|ARM.ActiveCfg = Release|Any CPU
		{79F79471-9947-45F5-81FE-4EBE2B8D0B1D}.Release|ARM.Build.0 = Release|Any CPU
		{79F79471-9947-45F5-81FE-4EBE2B8D0B1D}.Release|ARM64.ActiveCfg = Release|Any CPU
		{79F79471-9947-45F5-81FE-4EBE2B8D0B1D}.Release|ARM64.Build.0 = Release|Any CPU
		{79F79471-9947-45F5-81FE-4EBE2B8D0B1D}.Release|x64.ActiveCfg = Release|Any CPU
		{79F79471-9947-45F5-81FE-4EBE2B8D0B1D}.Release|x64.Build.0 = Release|Any CPU
		{79F79471-9947-45F5-81FE-4EBE2B8D0B1D}.Release|x86.ActiveCfg = Release|Any CPU
		{79F79471-9947-45F5-81FE-4EBE2B8D0B1D}.Release|x86.Build.0 = Release|Any CPU
	EndGlobalSection
	GlobalSection(SolutionProperties) = preSolution
		HideSolutionNode = FALSE
	EndGlobalSection
	GlobalSection(NestedProjects) = preSolution
		{94A99E08-8C09-48C9-8FBB-9E7C4642AA44} = {1D8BAC02-CE5E-4D29-AC31-8F7D379FC544}
		{D21E2771-1DAA-4749-A58F-C3F9A3A86400} = {1D8BAC02-CE5E-4D29-AC31-8F7D379FC544}
		{1D9A7DA4-4513-42D0-BC39-1F18DC4E0E88} = {1D8BAC02-CE5E-4D29-AC31-8F7D379FC544}
		{66E6DA8A-FEFC-4221-A476-4314A4D692F6} = {D86D810E-1FA7-43AE-83C6-A94699487DB6}
		{7A1E5FBF-B51A-4B56-8EA3-6AB56A7E9D91} = {D86D810E-1FA7-43AE-83C6-A94699487DB6}
		{7181092E-1CF2-4512-8FB4-26D5C0C3F8FD} = {5E4FCCC1-723E-4D69-9605-0F8EA5AE5ECF}
		{C8A003EB-A2BE-48DE-A7DC-0814C04FF242} = {5E4FCCC1-723E-4D69-9605-0F8EA5AE5ECF}
		{79F79471-9947-45F5-81FE-4EBE2B8D0B1D} = {D86D810E-1FA7-43AE-83C6-A94699487DB6}
	EndGlobalSection
	GlobalSection(ExtensibilityGlobals) = postSolution
		SolutionGuid = {4897C34D-017F-45BC-86C0-4A1F2C116480}
	EndGlobalSection
EndGlobal
